Microsoft Visual Studio Solution File, Format Version 12.00
# Visual Studio 15
VisualStudioVersion = 15.0.27130.2010
MinimumVisualStudioVersion = 10.0.40219.1
Project("{2150E333-8FDC-42A3-9474-1A3956D46DE8}") = "Deploy", "Deploy", "{BDFC9BA8-F528-43B5-92D0-497579E55065}"
EndProject
Project("{2150E333-8FDC-42A3-9474-1A3956D46DE8}") = "Debug", "Debug", "{F7C6CA93-1D02-443C-9C8B-A1988DE0306B}"
EndProject
Project("{9A19103F-16F7-4668-BE54-9A1E7A4F7556}") = "XSharp.Assembler", "..\XSharp\source\XSharp.Assembler\XSharp.Assembler.csproj", "{0CDB3F6E-7971-426B-81F8-38B966A54C2B}"
EndProject
Project("{9A19103F-16F7-4668-BE54-9A1E7A4F7556}") = "Cosmos.Build.Common", "..\Common\source\Cosmos.Build.Common\Cosmos.Build.Common.csproj", "{F74A4B2B-02DA-455A-89FB-803A442B5B2C}"
EndProject
Project("{9A19103F-16F7-4668-BE54-9A1E7A4F7556}") = "Cosmos.Debug.Common", "source\Cosmos.Debug.Common\Cosmos.Debug.Common.csproj", "{A97A1EF7-AEEC-43F3-8CB0-5C7269DC7E85}"
EndProject
Project("{9A19103F-16F7-4668-BE54-9A1E7A4F7556}") = "Cosmos.Debug.DebugConnectors", "source\Cosmos.Debug.DebugConnectors\Cosmos.Debug.DebugConnectors.csproj", "{BA661F30-9F3B-4356-B47B-D9C9375A473B}"
EndProject
Project("{9A19103F-16F7-4668-BE54-9A1E7A4F7556}") = "Cosmos.Core.DebugStub", "source\Cosmos.Core.DebugStub\Cosmos.Core.DebugStub.csproj", "{5049175E-F1EE-4D8F-8354-F547444B8F10}"
EndProject
Project("{9A19103F-16F7-4668-BE54-9A1E7A4F7556}") = "Cosmos.Debug.GDB", "source\Cosmos.Debug.GDB\Cosmos.Debug.GDB.csproj", "{3370FC04-B669-46A4-A4AA-A89540318F8D}"
EndProject
Project("{9A19103F-16F7-4668-BE54-9A1E7A4F7556}") = "Cosmos.Debug.Hosts", "source\Cosmos.Debug.Hosts\Cosmos.Debug.Hosts.csproj", "{C9826909-2E5E-4453-93FA-B6BE4503DF02}"
EndProject
Project("{9A19103F-16F7-4668-BE54-9A1E7A4F7556}") = "IL2CPU.Debug.Symbols", "..\IL2CPU\source\IL2CPU.Debug.Symbols\IL2CPU.Debug.Symbols.csproj", "{ECC4319F-A844-45B8-BF63-2FD04F05E56A}"
EndProject
Project("{9A19103F-16F7-4668-BE54-9A1E7A4F7556}") = "Cosmos.Deploy.Pixie", "source\Cosmos.Deploy.Pixie\Cosmos.Deploy.Pixie.csproj", "{D4BA64B3-D7F6-4A3A-AF1D-74E41B49D865}"
EndProject
Project("{9A19103F-16F7-4668-BE54-9A1E7A4F7556}") = "Cosmos.Deploy.USB", "source\Cosmos.Deploy.USB\Cosmos.Deploy.USB.csproj", "{3D84CF8B-C6DF-4D78-8DE1-708582B43711}"
EndProject
Project("{2150E333-8FDC-42A3-9474-1A3956D46DE8}") = "Visual Studio", "Visual Studio", "{F0B09CE5-6AF5-453F-BEBE-E257108C65DC}"
EndProject
Project("{2150E333-8FDC-42A3-9474-1A3956D46DE8}") = "XSharp", "XSharp", "{E9CD521E-C386-466D-B5F7-A5EB19A61625}"
EndProject
Project("{9A19103F-16F7-4668-BE54-9A1E7A4F7556}") = "XSharp", "..\XSharp\source\XSharp\XSharp.csproj", "{72EB557A-8A2D-4B0F-823E-C70A791831B5}"
EndProject
Project("{9A19103F-16F7-4668-BE54-9A1E7A4F7556}") = "Cosmos.VS.DebugEngine", "source\Cosmos.VS.DebugEngine\Cosmos.VS.DebugEngine.csproj", "{535A7E34-AC73-4781-B791-2C81A9066A2C}"
EndProject
Project("{9A19103F-16F7-4668-BE54-9A1E7A4F7556}") = "Cosmos.VS.Windows", "source\Cosmos.VS.Windows\Cosmos.VS.Windows.csproj", "{47E8F3DC-FF3F-4CC7-8643-1807260B0B18}"
EndProject
Project("{9A19103F-16F7-4668-BE54-9A1E7A4F7556}") = "XSharp.VS", "..\XSharp\source\XSharp.VS\XSharp.VS.csproj", "{FB71E8EF-E229-4D81-984A-B9170D752BF9}"
EndProject
Project("{9A19103F-16F7-4668-BE54-9A1E7A4F7556}") = "Cosmos.VS.ProjectSystem", "source\Cosmos.VS.ProjectSystem\Cosmos.VS.ProjectSystem.csproj", "{12C1623C-1B28-46DF-A4B5-6B767A01ECF6}"
EndProject
Project("{2150E333-8FDC-42A3-9474-1A3956D46DE8}") = "Common", "Common", "{AA3CAD10-7821-4B3A-85D3-13CB4F308CBF}"
EndProject
Project("{9A19103F-16F7-4668-BE54-9A1E7A4F7556}") = "XSharp.x86", "..\XSharp\source\XSharp.x86\XSharp.x86.csproj", "{7E338FAE-2E91-46FF-A88B-95C40A9AD1E6}"
EndProject
Project("{9A19103F-16F7-4668-BE54-9A1E7A4F7556}") = "Spruce", "..\XSharp\source\Spruce\Spruce.csproj", "{449E143F-3E7F-46DC-8E65-F1555FB55FAD}"
EndProject
Project("{9A19103F-16F7-4668-BE54-9A1E7A4F7556}") = "VSPropertyPages", "..\XSharp\source\VSPropertyPages\VSPropertyPages.csproj", "{45028B2F-66EA-4BA6-841E-F339CF54B8A3}"
EndProject
Project("{9A19103F-16F7-4668-BE54-9A1E7A4F7556}") = "Cosmos.Build.Tasks", "source\Cosmos.Build.Tasks\Cosmos.Build.Tasks.csproj", "{D761BA74-7CB9-4C7F-BD5F-5893A69743C9}"
EndProject
Global
	GlobalSection(SolutionConfigurationPlatforms) = preSolution
		Debug|Any CPU = Debug|Any CPU
		Debug|x86 = Debug|x86
		Release|Any CPU = Release|Any CPU
		Release|x86 = Release|x86
	EndGlobalSection
	GlobalSection(ProjectConfigurationPlatforms) = postSolution
		{0CDB3F6E-7971-426B-81F8-38B966A54C2B}.Debug|Any CPU.ActiveCfg = Debug|Any CPU
		{0CDB3F6E-7971-426B-81F8-38B966A54C2B}.Debug|Any CPU.Build.0 = Debug|Any CPU
		{0CDB3F6E-7971-426B-81F8-38B966A54C2B}.Debug|x86.ActiveCfg = Debug|Any CPU
		{0CDB3F6E-7971-426B-81F8-38B966A54C2B}.Debug|x86.Build.0 = Debug|Any CPU
		{0CDB3F6E-7971-426B-81F8-38B966A54C2B}.Release|Any CPU.ActiveCfg = Release|Any CPU
		{0CDB3F6E-7971-426B-81F8-38B966A54C2B}.Release|Any CPU.Build.0 = Release|Any CPU
		{0CDB3F6E-7971-426B-81F8-38B966A54C2B}.Release|x86.ActiveCfg = Release|Any CPU
		{0CDB3F6E-7971-426B-81F8-38B966A54C2B}.Release|x86.Build.0 = Release|Any CPU
		{F74A4B2B-02DA-455A-89FB-803A442B5B2C}.Debug|Any CPU.ActiveCfg = Debug|Any CPU
		{F74A4B2B-02DA-455A-89FB-803A442B5B2C}.Debug|Any CPU.Build.0 = Debug|Any CPU
		{F74A4B2B-02DA-455A-89FB-803A442B5B2C}.Debug|x86.ActiveCfg = Debug|Any CPU
		{F74A4B2B-02DA-455A-89FB-803A442B5B2C}.Debug|x86.Build.0 = Debug|Any CPU
		{F74A4B2B-02DA-455A-89FB-803A442B5B2C}.Release|Any CPU.ActiveCfg = Release|Any CPU
		{F74A4B2B-02DA-455A-89FB-803A442B5B2C}.Release|Any CPU.Build.0 = Release|Any CPU
		{F74A4B2B-02DA-455A-89FB-803A442B5B2C}.Release|x86.ActiveCfg = Release|Any CPU
		{F74A4B2B-02DA-455A-89FB-803A442B5B2C}.Release|x86.Build.0 = Release|Any CPU
		{A97A1EF7-AEEC-43F3-8CB0-5C7269DC7E85}.Debug|Any CPU.ActiveCfg = Debug|Any CPU
		{A97A1EF7-AEEC-43F3-8CB0-5C7269DC7E85}.Debug|Any CPU.Build.0 = Debug|Any CPU
		{A97A1EF7-AEEC-43F3-8CB0-5C7269DC7E85}.Debug|x86.ActiveCfg = Debug|Any CPU
		{A97A1EF7-AEEC-43F3-8CB0-5C7269DC7E85}.Debug|x86.Build.0 = Debug|Any CPU
		{A97A1EF7-AEEC-43F3-8CB0-5C7269DC7E85}.Release|Any CPU.ActiveCfg = Release|Any CPU
		{A97A1EF7-AEEC-43F3-8CB0-5C7269DC7E85}.Release|Any CPU.Build.0 = Release|Any CPU
		{A97A1EF7-AEEC-43F3-8CB0-5C7269DC7E85}.Release|x86.ActiveCfg = Release|Any CPU
		{A97A1EF7-AEEC-43F3-8CB0-5C7269DC7E85}.Release|x86.Build.0 = Release|Any CPU
		{BA661F30-9F3B-4356-B47B-D9C9375A473B}.Debug|Any CPU.ActiveCfg = Debug|Any CPU
		{BA661F30-9F3B-4356-B47B-D9C9375A473B}.Debug|Any CPU.Build.0 = Debug|Any CPU
		{BA661F30-9F3B-4356-B47B-D9C9375A473B}.Debug|x86.ActiveCfg = Debug|Any CPU
		{BA661F30-9F3B-4356-B47B-D9C9375A473B}.Debug|x86.Build.0 = Debug|Any CPU
		{BA661F30-9F3B-4356-B47B-D9C9375A473B}.Release|Any CPU.ActiveCfg = Release|Any CPU
		{BA661F30-9F3B-4356-B47B-D9C9375A473B}.Release|Any CPU.Build.0 = Release|Any CPU
		{BA661F30-9F3B-4356-B47B-D9C9375A473B}.Release|x86.ActiveCfg = Release|Any CPU
		{BA661F30-9F3B-4356-B47B-D9C9375A473B}.Release|x86.Build.0 = Release|Any CPU
		{5049175E-F1EE-4D8F-8354-F547444B8F10}.Debug|Any CPU.ActiveCfg = Debug|Any CPU
		{5049175E-F1EE-4D8F-8354-F547444B8F10}.Debug|Any CPU.Build.0 = Debug|Any CPU
		{5049175E-F1EE-4D8F-8354-F547444B8F10}.Debug|x86.ActiveCfg = Debug|Any CPU
		{5049175E-F1EE-4D8F-8354-F547444B8F10}.Debug|x86.Build.0 = Debug|Any CPU
		{5049175E-F1EE-4D8F-8354-F547444B8F10}.Release|Any CPU.ActiveCfg = Release|Any CPU
		{5049175E-F1EE-4D8F-8354-F547444B8F10}.Release|Any CPU.Build.0 = Release|Any CPU
		{5049175E-F1EE-4D8F-8354-F547444B8F10}.Release|x86.ActiveCfg = Release|Any CPU
		{5049175E-F1EE-4D8F-8354-F547444B8F10}.Release|x86.Build.0 = Release|Any CPU
		{3370FC04-B669-46A4-A4AA-A89540318F8D}.Debug|Any CPU.ActiveCfg = Debug|Any CPU
		{3370FC04-B669-46A4-A4AA-A89540318F8D}.Debug|Any CPU.Build.0 = Debug|Any CPU
		{3370FC04-B669-46A4-A4AA-A89540318F8D}.Debug|x86.ActiveCfg = Debug|Any CPU
		{3370FC04-B669-46A4-A4AA-A89540318F8D}.Debug|x86.Build.0 = Debug|Any CPU
		{3370FC04-B669-46A4-A4AA-A89540318F8D}.Release|Any CPU.ActiveCfg = Release|Any CPU
		{3370FC04-B669-46A4-A4AA-A89540318F8D}.Release|Any CPU.Build.0 = Release|Any CPU
		{3370FC04-B669-46A4-A4AA-A89540318F8D}.Release|x86.ActiveCfg = Release|Any CPU
		{3370FC04-B669-46A4-A4AA-A89540318F8D}.Release|x86.Build.0 = Release|Any CPU
		{C9826909-2E5E-4453-93FA-B6BE4503DF02}.Debug|Any CPU.ActiveCfg = Debug|Any CPU
		{C9826909-2E5E-4453-93FA-B6BE4503DF02}.Debug|Any CPU.Build.0 = Debug|Any CPU
		{C9826909-2E5E-4453-93FA-B6BE4503DF02}.Debug|x86.ActiveCfg = Debug|Any CPU
		{C9826909-2E5E-4453-93FA-B6BE4503DF02}.Debug|x86.Build.0 = Debug|Any CPU
		{C9826909-2E5E-4453-93FA-B6BE4503DF02}.Release|Any CPU.ActiveCfg = Release|Any CPU
		{C9826909-2E5E-4453-93FA-B6BE4503DF02}.Release|Any CPU.Build.0 = Release|Any CPU
		{C9826909-2E5E-4453-93FA-B6BE4503DF02}.Release|x86.ActiveCfg = Release|Any CPU
		{C9826909-2E5E-4453-93FA-B6BE4503DF02}.Release|x86.Build.0 = Release|Any CPU
		{ECC4319F-A844-45B8-BF63-2FD04F05E56A}.Debug|Any CPU.ActiveCfg = Debug|Any CPU
		{ECC4319F-A844-45B8-BF63-2FD04F05E56A}.Debug|Any CPU.Build.0 = Debug|Any CPU
		{ECC4319F-A844-45B8-BF63-2FD04F05E56A}.Debug|x86.ActiveCfg = Debug|Any CPU
		{ECC4319F-A844-45B8-BF63-2FD04F05E56A}.Debug|x86.Build.0 = Debug|Any CPU
		{ECC4319F-A844-45B8-BF63-2FD04F05E56A}.Release|Any CPU.ActiveCfg = Release|Any CPU
		{ECC4319F-A844-45B8-BF63-2FD04F05E56A}.Release|Any CPU.Build.0 = Release|Any CPU
		{ECC4319F-A844-45B8-BF63-2FD04F05E56A}.Release|x86.ActiveCfg = Release|Any CPU
		{ECC4319F-A844-45B8-BF63-2FD04F05E56A}.Release|x86.Build.0 = Release|Any CPU
		{D4BA64B3-D7F6-4A3A-AF1D-74E41B49D865}.Debug|Any CPU.ActiveCfg = Debug|Any CPU
		{D4BA64B3-D7F6-4A3A-AF1D-74E41B49D865}.Debug|Any CPU.Build.0 = Debug|Any CPU
		{D4BA64B3-D7F6-4A3A-AF1D-74E41B49D865}.Debug|x86.ActiveCfg = Debug|Any CPU
		{D4BA64B3-D7F6-4A3A-AF1D-74E41B49D865}.Debug|x86.Build.0 = Debug|Any CPU
		{D4BA64B3-D7F6-4A3A-AF1D-74E41B49D865}.Release|Any CPU.ActiveCfg = Release|Any CPU
		{D4BA64B3-D7F6-4A3A-AF1D-74E41B49D865}.Release|Any CPU.Build.0 = Release|Any CPU
		{D4BA64B3-D7F6-4A3A-AF1D-74E41B49D865}.Release|x86.ActiveCfg = Release|Any CPU
		{D4BA64B3-D7F6-4A3A-AF1D-74E41B49D865}.Release|x86.Build.0 = Release|Any CPU
		{3D84CF8B-C6DF-4D78-8DE1-708582B43711}.Debug|Any CPU.ActiveCfg = Debug|Any CPU
		{3D84CF8B-C6DF-4D78-8DE1-708582B43711}.Debug|Any CPU.Build.0 = Debug|Any CPU
		{3D84CF8B-C6DF-4D78-8DE1-708582B43711}.Debug|x86.ActiveCfg = Debug|Any CPU
		{3D84CF8B-C6DF-4D78-8DE1-708582B43711}.Debug|x86.Build.0 = Debug|Any CPU
		{3D84CF8B-C6DF-4D78-8DE1-708582B43711}.Release|Any CPU.ActiveCfg = Release|Any CPU
		{3D84CF8B-C6DF-4D78-8DE1-708582B43711}.Release|Any CPU.Build.0 = Release|Any CPU
		{3D84CF8B-C6DF-4D78-8DE1-708582B43711}.Release|x86.ActiveCfg = Release|Any CPU
		{3D84CF8B-C6DF-4D78-8DE1-708582B43711}.Release|x86.Build.0 = Release|Any CPU
		{72EB557A-8A2D-4B0F-823E-C70A791831B5}.Debug|Any CPU.ActiveCfg = Debug|Any CPU
		{72EB557A-8A2D-4B0F-823E-C70A791831B5}.Debug|Any CPU.Build.0 = Debug|Any CPU
		{72EB557A-8A2D-4B0F-823E-C70A791831B5}.Debug|x86.ActiveCfg = Debug|Any CPU
		{72EB557A-8A2D-4B0F-823E-C70A791831B5}.Debug|x86.Build.0 = Debug|Any CPU
		{72EB557A-8A2D-4B0F-823E-C70A791831B5}.Release|Any CPU.ActiveCfg = Release|Any CPU
		{72EB557A-8A2D-4B0F-823E-C70A791831B5}.Release|Any CPU.Build.0 = Release|Any CPU
		{72EB557A-8A2D-4B0F-823E-C70A791831B5}.Release|x86.ActiveCfg = Release|Any CPU
		{72EB557A-8A2D-4B0F-823E-C70A791831B5}.Release|x86.Build.0 = Release|Any CPU
		{535A7E34-AC73-4781-B791-2C81A9066A2C}.Debug|Any CPU.ActiveCfg = Debug|Any CPU
		{535A7E34-AC73-4781-B791-2C81A9066A2C}.Debug|Any CPU.Build.0 = Debug|Any CPU
		{535A7E34-AC73-4781-B791-2C81A9066A2C}.Debug|x86.ActiveCfg = Debug|Any CPU
		{535A7E34-AC73-4781-B791-2C81A9066A2C}.Debug|x86.Build.0 = Debug|Any CPU
		{535A7E34-AC73-4781-B791-2C81A9066A2C}.Release|Any CPU.ActiveCfg = Release|Any CPU
		{535A7E34-AC73-4781-B791-2C81A9066A2C}.Release|Any CPU.Build.0 = Release|Any CPU
		{535A7E34-AC73-4781-B791-2C81A9066A2C}.Release|x86.ActiveCfg = Release|Any CPU
		{535A7E34-AC73-4781-B791-2C81A9066A2C}.Release|x86.Build.0 = Release|Any CPU
		{47E8F3DC-FF3F-4CC7-8643-1807260B0B18}.Debug|Any CPU.ActiveCfg = Debug|Any CPU
		{47E8F3DC-FF3F-4CC7-8643-1807260B0B18}.Debug|Any CPU.Build.0 = Debug|Any CPU
		{47E8F3DC-FF3F-4CC7-8643-1807260B0B18}.Debug|x86.ActiveCfg = Debug|Any CPU
		{47E8F3DC-FF3F-4CC7-8643-1807260B0B18}.Debug|x86.Build.0 = Debug|Any CPU
		{47E8F3DC-FF3F-4CC7-8643-1807260B0B18}.Release|Any CPU.ActiveCfg = Release|Any CPU
		{47E8F3DC-FF3F-4CC7-8643-1807260B0B18}.Release|Any CPU.Build.0 = Release|Any CPU
		{47E8F3DC-FF3F-4CC7-8643-1807260B0B18}.Release|x86.ActiveCfg = Release|Any CPU
		{47E8F3DC-FF3F-4CC7-8643-1807260B0B18}.Release|x86.Build.0 = Release|Any CPU
		{FB71E8EF-E229-4D81-984A-B9170D752BF9}.Debug|Any CPU.ActiveCfg = Debug|Any CPU
		{FB71E8EF-E229-4D81-984A-B9170D752BF9}.Debug|Any CPU.Build.0 = Debug|Any CPU
		{FB71E8EF-E229-4D81-984A-B9170D752BF9}.Debug|x86.ActiveCfg = Debug|Any CPU
		{FB71E8EF-E229-4D81-984A-B9170D752BF9}.Debug|x86.Build.0 = Debug|Any CPU
		{FB71E8EF-E229-4D81-984A-B9170D752BF9}.Release|Any CPU.ActiveCfg = Release|Any CPU
		{FB71E8EF-E229-4D81-984A-B9170D752BF9}.Release|Any CPU.Build.0 = Release|Any CPU
		{FB71E8EF-E229-4D81-984A-B9170D752BF9}.Release|x86.ActiveCfg = Release|Any CPU
		{FB71E8EF-E229-4D81-984A-B9170D752BF9}.Release|x86.Build.0 = Release|Any CPU
		{12C1623C-1B28-46DF-A4B5-6B767A01ECF6}.Debug|Any CPU.ActiveCfg = Debug|Any CPU
		{12C1623C-1B28-46DF-A4B5-6B767A01ECF6}.Debug|Any CPU.Build.0 = Debug|Any CPU
		{12C1623C-1B28-46DF-A4B5-6B767A01ECF6}.Debug|x86.ActiveCfg = Debug|Any CPU
		{12C1623C-1B28-46DF-A4B5-6B767A01ECF6}.Debug|x86.Build.0 = Debug|Any CPU
		{12C1623C-1B28-46DF-A4B5-6B767A01ECF6}.Release|Any CPU.ActiveCfg = Release|Any CPU
		{12C1623C-1B28-46DF-A4B5-6B767A01ECF6}.Release|Any CPU.Build.0 = Release|Any CPU
		{12C1623C-1B28-46DF-A4B5-6B767A01ECF6}.Release|x86.ActiveCfg = Release|Any CPU
		{12C1623C-1B28-46DF-A4B5-6B767A01ECF6}.Release|x86.Build.0 = Release|Any CPU
		{7E338FAE-2E91-46FF-A88B-95C40A9AD1E6}.Debug|Any CPU.ActiveCfg = Debug|Any CPU
		{7E338FAE-2E91-46FF-A88B-95C40A9AD1E6}.Debug|Any CPU.Build.0 = Debug|Any CPU
		{7E338FAE-2E91-46FF-A88B-95C40A9AD1E6}.Debug|x86.ActiveCfg = Debug|Any CPU
		{7E338FAE-2E91-46FF-A88B-95C40A9AD1E6}.Debug|x86.Build.0 = Debug|Any CPU
		{7E338FAE-2E91-46FF-A88B-95C40A9AD1E6}.Release|Any CPU.ActiveCfg = Release|Any CPU
		{7E338FAE-2E91-46FF-A88B-95C40A9AD1E6}.Release|Any CPU.Build.0 = Release|Any CPU
		{7E338FAE-2E91-46FF-A88B-95C40A9AD1E6}.Release|x86.ActiveCfg = Release|Any CPU
		{7E338FAE-2E91-46FF-A88B-95C40A9AD1E6}.Release|x86.Build.0 = Release|Any CPU
		{449E143F-3E7F-46DC-8E65-F1555FB55FAD}.Debug|Any CPU.ActiveCfg = Debug|Any CPU
		{449E143F-3E7F-46DC-8E65-F1555FB55FAD}.Debug|Any CPU.Build.0 = Debug|Any CPU
		{449E143F-3E7F-46DC-8E65-F1555FB55FAD}.Debug|x86.ActiveCfg = Debug|Any CPU
		{449E143F-3E7F-46DC-8E65-F1555FB55FAD}.Debug|x86.Build.0 = Debug|Any CPU
		{449E143F-3E7F-46DC-8E65-F1555FB55FAD}.Release|Any CPU.ActiveCfg = Release|Any CPU
		{449E143F-3E7F-46DC-8E65-F1555FB55FAD}.Release|Any CPU.Build.0 = Release|Any CPU
		{449E143F-3E7F-46DC-8E65-F1555FB55FAD}.Release|x86.ActiveCfg = Release|Any CPU
		{449E143F-3E7F-46DC-8E65-F1555FB55FAD}.Release|x86.Build.0 = Release|Any CPU
		{45028B2F-66EA-4BA6-841E-F339CF54B8A3}.Debug|Any CPU.ActiveCfg = Debug|Any CPU
		{45028B2F-66EA-4BA6-841E-F339CF54B8A3}.Debug|Any CPU.Build.0 = Debug|Any CPU
		{45028B2F-66EA-4BA6-841E-F339CF54B8A3}.Debug|x86.ActiveCfg = Debug|Any CPU
		{45028B2F-66EA-4BA6-841E-F339CF54B8A3}.Debug|x86.Build.0 = Debug|Any CPU
		{45028B2F-66EA-4BA6-841E-F339CF54B8A3}.Release|Any CPU.ActiveCfg = Release|Any CPU
		{45028B2F-66EA-4BA6-841E-F339CF54B8A3}.Release|Any CPU.Build.0 = Release|Any CPU
		{45028B2F-66EA-4BA6-841E-F339CF54B8A3}.Release|x86.ActiveCfg = Release|Any CPU
		{45028B2F-66EA-4BA6-841E-F339CF54B8A3}.Release|x86.Build.0 = Release|Any CPU
		{D761BA74-7CB9-4C7F-BD5F-5893A69743C9}.Debug|Any CPU.ActiveCfg = Debug|Any CPU
		{D761BA74-7CB9-4C7F-BD5F-5893A69743C9}.Debug|Any CPU.Build.0 = Debug|Any CPU
		{D761BA74-7CB9-4C7F-BD5F-5893A69743C9}.Debug|x86.ActiveCfg = Debug|Any CPU
		{D761BA74-7CB9-4C7F-BD5F-5893A69743C9}.Debug|x86.Build.0 = Debug|Any CPU
		{D761BA74-7CB9-4C7F-BD5F-5893A69743C9}.Release|Any CPU.ActiveCfg = Release|Any CPU
		{D761BA74-7CB9-4C7F-BD5F-5893A69743C9}.Release|Any CPU.Build.0 = Release|Any CPU
		{D761BA74-7CB9-4C7F-BD5F-5893A69743C9}.Release|x86.ActiveCfg = Release|Any CPU
		{D761BA74-7CB9-4C7F-BD5F-5893A69743C9}.Release|x86.Build.0 = Release|Any CPU
	EndGlobalSection
	GlobalSection(SolutionProperties) = preSolution
		HideSolutionNode = FALSE
	EndGlobalSection
	GlobalSection(NestedProjects) = preSolution
		{0CDB3F6E-7971-426B-81F8-38B966A54C2B} = {AA3CAD10-7821-4B3A-85D3-13CB4F308CBF}
		{F74A4B2B-02DA-455A-89FB-803A442B5B2C} = {AA3CAD10-7821-4B3A-85D3-13CB4F308CBF}
		{A97A1EF7-AEEC-43F3-8CB0-5C7269DC7E85} = {F7C6CA93-1D02-443C-9C8B-A1988DE0306B}
		{BA661F30-9F3B-4356-B47B-D9C9375A473B} = {F7C6CA93-1D02-443C-9C8B-A1988DE0306B}
		{5049175E-F1EE-4D8F-8354-F547444B8F10} = {F7C6CA93-1D02-443C-9C8B-A1988DE0306B}
		{3370FC04-B669-46A4-A4AA-A89540318F8D} = {F7C6CA93-1D02-443C-9C8B-A1988DE0306B}
		{C9826909-2E5E-4453-93FA-B6BE4503DF02} = {F7C6CA93-1D02-443C-9C8B-A1988DE0306B}
		{ECC4319F-A844-45B8-BF63-2FD04F05E56A} = {F7C6CA93-1D02-443C-9C8B-A1988DE0306B}
		{D4BA64B3-D7F6-4A3A-AF1D-74E41B49D865} = {BDFC9BA8-F528-43B5-92D0-497579E55065}
		{3D84CF8B-C6DF-4D78-8DE1-708582B43711} = {BDFC9BA8-F528-43B5-92D0-497579E55065}
		{72EB557A-8A2D-4B0F-823E-C70A791831B5} = {E9CD521E-C386-466D-B5F7-A5EB19A61625}
		{535A7E34-AC73-4781-B791-2C81A9066A2C} = {F0B09CE5-6AF5-453F-BEBE-E257108C65DC}
		{47E8F3DC-FF3F-4CC7-8643-1807260B0B18} = {F0B09CE5-6AF5-453F-BEBE-E257108C65DC}
		{FB71E8EF-E229-4D81-984A-B9170D752BF9} = {E9CD521E-C386-466D-B5F7-A5EB19A61625}
		{12C1623C-1B28-46DF-A4B5-6B767A01ECF6} = {F0B09CE5-6AF5-453F-BEBE-E257108C65DC}
		{7E338FAE-2E91-46FF-A88B-95C40A9AD1E6} = {E9CD521E-C386-466D-B5F7-A5EB19A61625}
		{449E143F-3E7F-46DC-8E65-F1555FB55FAD} = {E9CD521E-C386-466D-B5F7-A5EB19A61625}
		{45028B2F-66EA-4BA6-841E-F339CF54B8A3} = {F0B09CE5-6AF5-453F-BEBE-E257108C65DC}
		{D761BA74-7CB9-4C7F-BD5F-5893A69743C9} = {AA3CAD10-7821-4B3A-85D3-13CB4F308CBF}
	EndGlobalSection
	GlobalSection(ExtensibilityGlobals) = postSolution
		SolutionGuid = {35645DF6-909B-4368-B6CC-188E096C7908}
	EndGlobalSection
EndGlobal
