Microsoft Visual Studio Solution File, Format Version 12.00
# Visual Studio 15
VisualStudioVersion = 15.0.26228.4
MinimumVisualStudioVersion = 10.0.40219.1
Project("{2150E333-8FDC-42A3-9474-1A3956D46DE8}") = "Assembler", "Assembler", "{BBB4022B-CC17-4A35-8881-65657260442F}"
EndProject
Project("{2150E333-8FDC-42A3-9474-1A3956D46DE8}") = "Compiler", "Compiler", "{C286932C-3F6D-47F0-BEEF-26843D1BB11B}"
EndProject
Project("{9A19103F-16F7-4668-BE54-9A1E7A4F7556}") = "Cosmos.Assembler", "source\Cosmos.Assembler\Cosmos.Assembler.csproj", "{0CDB3F6E-7971-426B-81F8-38B966A54C2B}"
EndProject
Project("{9A19103F-16F7-4668-BE54-9A1E7A4F7556}") = "Cosmos.IL2CPU", "source\Cosmos.IL2CPU\Cosmos.IL2CPU.csproj", "{4F903492-CCA6-4FD9-A1B6-5E4CC0CE7767}"
EndProject
Project("{9A19103F-16F7-4668-BE54-9A1E7A4F7556}") = "Cosmos.IL2CPU.API", "source\Cosmos.IL2CPU.API\Cosmos.IL2CPU.API.csproj", "{34AEEB7C-FD5D-4B15-A830-B429681844BD}"
EndProject
Project("{2150E333-8FDC-42A3-9474-1A3956D46DE8}") = "XSharp", "XSharp", "{E9CD521E-C386-466D-B5F7-A5EB19A61625}"
EndProject
Project("{9A19103F-16F7-4668-BE54-9A1E7A4F7556}") = "XSharp.Common", "source\XSharp.Common\XSharp.Common.csproj", "{72EB557A-8A2D-4B0F-823E-C70A791831B5}"
EndProject
Project("{9A19103F-16F7-4668-BE54-9A1E7A4F7556}") = "IL2CPU", "source\IL2CPU\IL2CPU.csproj", "{295AA95F-BEC6-4F9E-A2E1-8205FD06E951}"
EndProject
Project("{9A19103F-16F7-4668-BE54-9A1E7A4F7556}") = "XSharp.Compiler", "source\XSharp.Compiler\XSharp.Compiler.csproj", "{6EE75318-F00B-4295-A132-484CDB812801}"
EndProject
Project("{2150E333-8FDC-42A3-9474-1A3956D46DE8}") = "External", "External", "{D232F471-5A59-438F-87EA-E1809E3BEDB4}"
EndProject
Project("{9A19103F-16F7-4668-BE54-9A1E7A4F7556}") = "Cosmos.Build.Common", "source\Cosmos.Build.Common\Cosmos.Build.Common.csproj", "{8F02A68D-1C14-4665-A41E-076252F2055E}"
EndProject
Project("{9A19103F-16F7-4668-BE54-9A1E7A4F7556}") = "Cosmos.Debug.Symbols", "source\Cosmos.Debug.Symbols\Cosmos.Debug.Symbols.csproj", "{8037EF30-3CC2-4555-ACF0-8392250FAE2C}"
EndProject
Project("{2150E333-8FDC-42A3-9474-1A3956D46DE8}") = "Debug", "Debug", "{46490D36-261E-4D53-85BA-D4F71F09373C}"
EndProject
Project("{9A19103F-16F7-4668-BE54-9A1E7A4F7556}") = "Cosmos.Core.DebugStub", "source\Cosmos.Core.DebugStub\Cosmos.Core.DebugStub.csproj", "{D8E80776-2800-469B-AE31-D1C016D5E8D3}"
EndProject
Project("{9A19103F-16F7-4668-BE54-9A1E7A4F7556}") = "Cosmos.Debug.Kernel", "source\Cosmos.Debug.Kernel\Cosmos.Debug.Kernel.csproj", "{EDE13333-B2E6-4E04-B995-209B8BDFA9D4}"
EndProject
Global
	GlobalSection(SolutionConfigurationPlatforms) = preSolution
		Debug|Any CPU = Debug|Any CPU
		Debug|x86 = Debug|x86
		Release|Any CPU = Release|Any CPU
		Release|x86 = Release|x86
	EndGlobalSection
	GlobalSection(ProjectConfigurationPlatforms) = postSolution
		{0CDB3F6E-7971-426B-81F8-38B966A54C2B}.Debug|Any CPU.ActiveCfg = Debug|Any CPU
		{0CDB3F6E-7971-426B-81F8-38B966A54C2B}.Debug|Any CPU.Build.0 = Debug|Any CPU
		{0CDB3F6E-7971-426B-81F8-38B966A54C2B}.Debug|x86.ActiveCfg = Debug|Any CPU
		{0CDB3F6E-7971-426B-81F8-38B966A54C2B}.Debug|x86.Build.0 = Debug|Any CPU
		{0CDB3F6E-7971-426B-81F8-38B966A54C2B}.Release|Any CPU.ActiveCfg = Release|Any CPU
		{0CDB3F6E-7971-426B-81F8-38B966A54C2B}.Release|Any CPU.Build.0 = Release|Any CPU
		{0CDB3F6E-7971-426B-81F8-38B966A54C2B}.Release|x86.ActiveCfg = Release|Any CPU
		{0CDB3F6E-7971-426B-81F8-38B966A54C2B}.Release|x86.Build.0 = Release|Any CPU
		{4F903492-CCA6-4FD9-A1B6-5E4CC0CE7767}.Debug|Any CPU.ActiveCfg = Debug|Any CPU
		{4F903492-CCA6-4FD9-A1B6-5E4CC0CE7767}.Debug|Any CPU.Build.0 = Debug|Any CPU
		{4F903492-CCA6-4FD9-A1B6-5E4CC0CE7767}.Debug|x86.ActiveCfg = Debug|Any CPU
		{4F903492-CCA6-4FD9-A1B6-5E4CC0CE7767}.Debug|x86.Build.0 = Debug|Any CPU
		{4F903492-CCA6-4FD9-A1B6-5E4CC0CE7767}.Release|Any CPU.ActiveCfg = Release|Any CPU
		{4F903492-CCA6-4FD9-A1B6-5E4CC0CE7767}.Release|Any CPU.Build.0 = Release|Any CPU
		{4F903492-CCA6-4FD9-A1B6-5E4CC0CE7767}.Release|x86.ActiveCfg = Release|Any CPU
		{4F903492-CCA6-4FD9-A1B6-5E4CC0CE7767}.Release|x86.Build.0 = Release|Any CPU
		{34AEEB7C-FD5D-4B15-A830-B429681844BD}.Debug|Any CPU.ActiveCfg = Debug|Any CPU
		{34AEEB7C-FD5D-4B15-A830-B429681844BD}.Debug|Any CPU.Build.0 = Debug|Any CPU
		{34AEEB7C-FD5D-4B15-A830-B429681844BD}.Debug|x86.ActiveCfg = Debug|Any CPU
		{34AEEB7C-FD5D-4B15-A830-B429681844BD}.Debug|x86.Build.0 = Debug|Any CPU
		{34AEEB7C-FD5D-4B15-A830-B429681844BD}.Release|Any CPU.ActiveCfg = Release|Any CPU
		{34AEEB7C-FD5D-4B15-A830-B429681844BD}.Release|Any CPU.Build.0 = Release|Any CPU
		{34AEEB7C-FD5D-4B15-A830-B429681844BD}.Release|x86.ActiveCfg = Release|Any CPU
		{34AEEB7C-FD5D-4B15-A830-B429681844BD}.Release|x86.Build.0 = Release|Any CPU
		{72EB557A-8A2D-4B0F-823E-C70A791831B5}.Debug|Any CPU.ActiveCfg = Debug|Any CPU
		{72EB557A-8A2D-4B0F-823E-C70A791831B5}.Debug|Any CPU.Build.0 = Debug|Any CPU
		{72EB557A-8A2D-4B0F-823E-C70A791831B5}.Debug|x86.ActiveCfg = Debug|Any CPU
		{72EB557A-8A2D-4B0F-823E-C70A791831B5}.Debug|x86.Build.0 = Debug|Any CPU
		{72EB557A-8A2D-4B0F-823E-C70A791831B5}.Release|Any CPU.ActiveCfg = Release|Any CPU
		{72EB557A-8A2D-4B0F-823E-C70A791831B5}.Release|Any CPU.Build.0 = Release|Any CPU
		{72EB557A-8A2D-4B0F-823E-C70A791831B5}.Release|x86.ActiveCfg = Release|Any CPU
		{72EB557A-8A2D-4B0F-823E-C70A791831B5}.Release|x86.Build.0 = Release|Any CPU
		{295AA95F-BEC6-4F9E-A2E1-8205FD06E951}.Debug|Any CPU.ActiveCfg = Debug|Any CPU
		{295AA95F-BEC6-4F9E-A2E1-8205FD06E951}.Debug|Any CPU.Build.0 = Debug|Any CPU
		{295AA95F-BEC6-4F9E-A2E1-8205FD06E951}.Debug|x86.ActiveCfg = Debug|Any CPU
		{295AA95F-BEC6-4F9E-A2E1-8205FD06E951}.Debug|x86.Build.0 = Debug|Any CPU
		{295AA95F-BEC6-4F9E-A2E1-8205FD06E951}.Release|Any CPU.ActiveCfg = Release|Any CPU
		{295AA95F-BEC6-4F9E-A2E1-8205FD06E951}.Release|Any CPU.Build.0 = Release|Any CPU
		{295AA95F-BEC6-4F9E-A2E1-8205FD06E951}.Release|x86.ActiveCfg = Release|Any CPU
		{295AA95F-BEC6-4F9E-A2E1-8205FD06E951}.Release|x86.Build.0 = Release|Any CPU
		{6EE75318-F00B-4295-A132-484CDB812801}.Debug|Any CPU.ActiveCfg = Debug|Any CPU
		{6EE75318-F00B-4295-A132-484CDB812801}.Debug|Any CPU.Build.0 = Debug|Any CPU
		{6EE75318-F00B-4295-A132-484CDB812801}.Debug|x86.ActiveCfg = Debug|Any CPU
		{6EE75318-F00B-4295-A132-484CDB812801}.Debug|x86.Build.0 = Debug|Any CPU
		{6EE75318-F00B-4295-A132-484CDB812801}.Release|Any CPU.ActiveCfg = Release|Any CPU
		{6EE75318-F00B-4295-A132-484CDB812801}.Release|Any CPU.Build.0 = Release|Any CPU
		{6EE75318-F00B-4295-A132-484CDB812801}.Release|x86.ActiveCfg = Release|Any CPU
		{6EE75318-F00B-4295-A132-484CDB812801}.Release|x86.Build.0 = Release|Any CPU
		{8F02A68D-1C14-4665-A41E-076252F2055E}.Debug|Any CPU.ActiveCfg = Debug|Any CPU
		{8F02A68D-1C14-4665-A41E-076252F2055E}.Debug|Any CPU.Build.0 = Debug|Any CPU
		{8F02A68D-1C14-4665-A41E-076252F2055E}.Debug|x86.ActiveCfg = Debug|Any CPU
		{8F02A68D-1C14-4665-A41E-076252F2055E}.Debug|x86.Build.0 = Debug|Any CPU
		{8F02A68D-1C14-4665-A41E-076252F2055E}.Release|Any CPU.ActiveCfg = Release|Any CPU
		{8F02A68D-1C14-4665-A41E-076252F2055E}.Release|Any CPU.Build.0 = Release|Any CPU
		{8F02A68D-1C14-4665-A41E-076252F2055E}.Release|x86.ActiveCfg = Release|Any CPU
		{8F02A68D-1C14-4665-A41E-076252F2055E}.Release|x86.Build.0 = Release|Any CPU
		{8037EF30-3CC2-4555-ACF0-8392250FAE2C}.Debug|Any CPU.ActiveCfg = Debug|Any CPU
		{8037EF30-3CC2-4555-ACF0-8392250FAE2C}.Debug|Any CPU.Build.0 = Debug|Any CPU
		{8037EF30-3CC2-4555-ACF0-8392250FAE2C}.Debug|x86.ActiveCfg = Debug|Any CPU
		{8037EF30-3CC2-4555-ACF0-8392250FAE2C}.Debug|x86.Build.0 = Debug|Any CPU
		{8037EF30-3CC2-4555-ACF0-8392250FAE2C}.Release|Any CPU.ActiveCfg = Release|Any CPU
		{8037EF30-3CC2-4555-ACF0-8392250FAE2C}.Release|Any CPU.Build.0 = Release|Any CPU
		{8037EF30-3CC2-4555-ACF0-8392250FAE2C}.Release|x86.ActiveCfg = Release|Any CPU
		{8037EF30-3CC2-4555-ACF0-8392250FAE2C}.Release|x86.Build.0 = Release|Any CPU
		{D8E80776-2800-469B-AE31-D1C016D5E8D3}.Debug|Any CPU.ActiveCfg = Debug|Any CPU
		{D8E80776-2800-469B-AE31-D1C016D5E8D3}.Debug|Any CPU.Build.0 = Debug|Any CPU
		{D8E80776-2800-469B-AE31-D1C016D5E8D3}.Debug|x86.ActiveCfg = Debug|Any CPU
		{D8E80776-2800-469B-AE31-D1C016D5E8D3}.Debug|x86.Build.0 = Debug|Any CPU
		{D8E80776-2800-469B-AE31-D1C016D5E8D3}.Release|Any CPU.ActiveCfg = Release|Any CPU
		{D8E80776-2800-469B-AE31-D1C016D5E8D3}.Release|Any CPU.Build.0 = Release|Any CPU
		{D8E80776-2800-469B-AE31-D1C016D5E8D3}.Release|x86.ActiveCfg = Release|Any CPU
		{D8E80776-2800-469B-AE31-D1C016D5E8D3}.Release|x86.Build.0 = Release|Any CPU
		{EDE13333-B2E6-4E04-B995-209B8BDFA9D4}.Debug|Any CPU.ActiveCfg = Debug|Any CPU
		{EDE13333-B2E6-4E04-B995-209B8BDFA9D4}.Debug|Any CPU.Build.0 = Debug|Any CPU
		{EDE13333-B2E6-4E04-B995-209B8BDFA9D4}.Debug|x86.ActiveCfg = Debug|Any CPU
		{EDE13333-B2E6-4E04-B995-209B8BDFA9D4}.Debug|x86.Build.0 = Debug|Any CPU
		{EDE13333-B2E6-4E04-B995-209B8BDFA9D4}.Release|Any CPU.ActiveCfg = Release|Any CPU
		{EDE13333-B2E6-4E04-B995-209B8BDFA9D4}.Release|Any CPU.Build.0 = Release|Any CPU
		{EDE13333-B2E6-4E04-B995-209B8BDFA9D4}.Release|x86.ActiveCfg = Release|Any CPU
		{EDE13333-B2E6-4E04-B995-209B8BDFA9D4}.Release|x86.Build.0 = Release|Any CPU
	EndGlobalSection
	GlobalSection(SolutionProperties) = preSolution
		HideSolutionNode = FALSE
	EndGlobalSection
	GlobalSection(NestedProjects) = preSolution
		{0CDB3F6E-7971-426B-81F8-38B966A54C2B} = {BBB4022B-CC17-4A35-8881-65657260442F}
		{4F903492-CCA6-4FD9-A1B6-5E4CC0CE7767} = {C286932C-3F6D-47F0-BEEF-26843D1BB11B}
		{34AEEB7C-FD5D-4B15-A830-B429681844BD} = {C286932C-3F6D-47F0-BEEF-26843D1BB11B}
		{72EB557A-8A2D-4B0F-823E-C70A791831B5} = {E9CD521E-C386-466D-B5F7-A5EB19A61625}
		{295AA95F-BEC6-4F9E-A2E1-8205FD06E951} = {C286932C-3F6D-47F0-BEEF-26843D1BB11B}
		{6EE75318-F00B-4295-A132-484CDB812801} = {E9CD521E-C386-466D-B5F7-A5EB19A61625}
		{8F02A68D-1C14-4665-A41E-076252F2055E} = {D232F471-5A59-438F-87EA-E1809E3BEDB4}
		{8037EF30-3CC2-4555-ACF0-8392250FAE2C} = {46490D36-261E-4D53-85BA-D4F71F09373C}
		{D8E80776-2800-469B-AE31-D1C016D5E8D3} = {D232F471-5A59-438F-87EA-E1809E3BEDB4}
		{EDE13333-B2E6-4E04-B995-209B8BDFA9D4} = {46490D36-261E-4D53-85BA-D4F71F09373C}
	EndGlobalSection
EndGlobal
