Microsoft Visual Studio Solution File, Format Version 12.00
# Visual Studio 15
VisualStudioVersion = 15.0.27130.2010
MinimumVisualStudioVersion = 10.0.40219.1
Project("{2150E333-8FDC-42A3-9474-1A3956D46DE8}") = "Build", "Build", "{DAEF99B5-22F0-4885-B45B-9B600B857E1C}"
EndProject
Project("{2150E333-8FDC-42A3-9474-1A3956D46DE8}") = "Compiler", "Compiler", "{C286932C-3F6D-47F0-BEEF-26843D1BB11B}"
EndProject
Project("{2150E333-8FDC-42A3-9474-1A3956D46DE8}") = "Debug", "Debug", "{F7C6CA93-1D02-443C-9C8B-A1988DE0306B}"
EndProject
Project("{2150E333-8FDC-42A3-9474-1A3956D46DE8}") = "Kernel G2", "Kernel G2", "{9A923E6F-FF63-4F02-A4EA-C2D44F9323FD}"
EndProject
Project("{2150E333-8FDC-42A3-9474-1A3956D46DE8}") = "Tests", "Tests", "{1A46752C-98F3-4DE3-B1FB-EDCE22E8AF73}"
EndProject
Project("{9A19103F-16F7-4668-BE54-9A1E7A4F7556}") = "XSharp.Assembler", "..\XSharp\source\XSharp.Assembler\XSharp.Assembler.csproj", "{0CDB3F6E-7971-426B-81F8-38B966A54C2B}"
EndProject
Project("{9A19103F-16F7-4668-BE54-9A1E7A4F7556}") = "Cosmos.Build.Common", "..\Common\source\Cosmos.Build.Common\Cosmos.Build.Common.csproj", "{F74A4B2B-02DA-455A-89FB-803A442B5B2C}"
EndProject
Project("{9A19103F-16F7-4668-BE54-9A1E7A4F7556}") = "Cosmos.IL2CPU", "..\IL2CPU\source\Cosmos.IL2CPU\Cosmos.IL2CPU.csproj", "{4F903492-CCA6-4FD9-A1B6-5E4CC0CE7767}"
EndProject
Project("{9A19103F-16F7-4668-BE54-9A1E7A4F7556}") = "IL2CPU.API", "..\IL2CPU\source\IL2CPU.API\IL2CPU.API.csproj", "{34AEEB7C-FD5D-4B15-A830-B429681844BD}"
EndProject
Project("{9A19103F-16F7-4668-BE54-9A1E7A4F7556}") = "Cosmos.Debug.Common", "source\Cosmos.Debug.Common\Cosmos.Debug.Common.csproj", "{A97A1EF7-AEEC-43F3-8CB0-5C7269DC7E85}"
EndProject
Project("{9A19103F-16F7-4668-BE54-9A1E7A4F7556}") = "Cosmos.Debug.DebugConnectors", "source\Cosmos.Debug.DebugConnectors\Cosmos.Debug.DebugConnectors.csproj", "{BA661F30-9F3B-4356-B47B-D9C9375A473B}"
EndProject
Project("{9A19103F-16F7-4668-BE54-9A1E7A4F7556}") = "Cosmos.Core.DebugStub", "..\IL2CPU\source\Cosmos.Core.DebugStub\Cosmos.Core.DebugStub.csproj", "{5049175E-F1EE-4D8F-8354-F547444B8F10}"
EndProject
Project("{9A19103F-16F7-4668-BE54-9A1E7A4F7556}") = "Cosmos.Debug.Hosts", "source\Cosmos.Debug.Hosts\Cosmos.Debug.Hosts.csproj", "{C9826909-2E5E-4453-93FA-B6BE4503DF02}"
EndProject
Project("{9A19103F-16F7-4668-BE54-9A1E7A4F7556}") = "IL2CPU.Debug.Symbols", "..\IL2CPU\source\IL2CPU.Debug.Symbols\IL2CPU.Debug.Symbols.csproj", "{ECC4319F-A844-45B8-BF63-2FD04F05E56A}"
EndProject
Project("{9A19103F-16F7-4668-BE54-9A1E7A4F7556}") = "Cosmos.HAL2", "source\Cosmos.HAL2\Cosmos.HAL2.csproj", "{1425715D-1C93-44C7-8BB5-F124F195A41A}"
EndProject
Project("{9A19103F-16F7-4668-BE54-9A1E7A4F7556}") = "Cosmos.Debug.Kernel", "source\Cosmos.Debug.Kernel\Cosmos.Debug.Kernel.csproj", "{9F5F046A-1BB1-4208-ADBE-C9417F2A8A48}"
EndProject
Project("{9A19103F-16F7-4668-BE54-9A1E7A4F7556}") = "Cosmos.Common", "source\Cosmos.Common\Cosmos.Common.csproj", "{09099C80-8262-486A-94A5-492F51B08823}"
EndProject
Project("{9A19103F-16F7-4668-BE54-9A1E7A4F7556}") = "Cosmos.Core", "source\Cosmos.Core\Cosmos.Core.csproj", "{9AF5BD03-8A49-49DC-A56E-3AE8DA6B0FF4}"
EndProject
Project("{9A19103F-16F7-4668-BE54-9A1E7A4F7556}") = "Cosmos.System2", "source\Cosmos.System2\Cosmos.System2.csproj", "{4AC1AFCE-C8CE-484D-AE22-F9EE27008FAF}"
EndProject
Project("{2150E333-8FDC-42A3-9474-1A3956D46DE8}") = "Tools", "Tools", "{CFE37077-B9BD-4430-8DA0-F9F02DFD14C3}"
EndProject
Project("{2150E333-8FDC-42A3-9474-1A3956D46DE8}") = "XSharp", "XSharp", "{E9CD521E-C386-466D-B5F7-A5EB19A61625}"
EndProject
Project("{9A19103F-16F7-4668-BE54-9A1E7A4F7556}") = "XSharp", "..\XSharp\source\XSharp\XSharp.csproj", "{72EB557A-8A2D-4B0F-823E-C70A791831B5}"
EndProject
Project("{9A19103F-16F7-4668-BE54-9A1E7A4F7556}") = "Cosmos.Core_Plugs", "source\Cosmos.Core_Plugs\Cosmos.Core_Plugs.csproj", "{1132E689-18B0-4D87-94E8-934D4802C540}"
EndProject
Project("{9A19103F-16F7-4668-BE54-9A1E7A4F7556}") = "Cosmos.Debug.Kernel.Plugs.Asm", "source\Cosmos.Debug.Kernel.Plugs.Asm\Cosmos.Debug.Kernel.Plugs.Asm.csproj", "{7E450662-B34C-49B0-A826-F45AD3A18891}"
EndProject
Project("{9A19103F-16F7-4668-BE54-9A1E7A4F7556}") = "Cosmos.System2_Plugs", "source\Cosmos.System2_Plugs\Cosmos.System2_Plugs.csproj", "{9431FF1F-AD75-4A1E-B38A-46E0F109411D}"
EndProject
Project("{2150E333-8FDC-42A3-9474-1A3956D46DE8}") = "0 Core", "0 Core", "{04B18FFC-8EA0-4E9F-9E1B-478527B19AFA}"
EndProject
Project("{2150E333-8FDC-42A3-9474-1A3956D46DE8}") = "1 HAL", "1 HAL", "{D651C346-95CF-4AE9-B309-DB2A1A512811}"
EndProject
Project("{2150E333-8FDC-42A3-9474-1A3956D46DE8}") = "2 System", "2 System", "{0259702E-9575-4852-A641-5F9714A9C740}"
EndProject
Project("{2150E333-8FDC-42A3-9474-1A3956D46DE8}") = "Common", "Common", "{170A7DE2-E899-4E92-A12B-E68876C9B2A5}"
EndProject
Project("{2150E333-8FDC-42A3-9474-1A3956D46DE8}") = "Debug", "Debug", "{65532163-618F-41F2-B39C-6F6022483158}"
EndProject
Project("{9A19103F-16F7-4668-BE54-9A1E7A4F7556}") = "NASM", "Tools\NASM\NASM.csproj", "{A2E6978B-FE78-433C-8A17-624579B393DF}"
EndProject
Project("{9A19103F-16F7-4668-BE54-9A1E7A4F7556}") = "IL2CPU", "..\IL2CPU\source\IL2CPU\IL2CPU.csproj", "{295AA95F-BEC6-4F9E-A2E1-8205FD06E951}"
EndProject
Project("{2150E333-8FDC-42A3-9474-1A3956D46DE8}") = "Compiler", "Compiler", "{ECEA7778-E786-4317-90B9-A2D4427CB91C}"
EndProject
Project("{2150E333-8FDC-42A3-9474-1A3956D46DE8}") = "Kernel", "Kernel", "{29EEC029-6A2B-478A-B6E5-D63A91388ABA}"
EndProject
Project("{2150E333-8FDC-42A3-9474-1A3956D46DE8}") = "Test Runner", "Test Runner", "{0E67EFE8-5944-4F6C-8B47-C5E06D4C79F5}"
EndProject
Project("{2150E333-8FDC-42A3-9474-1A3956D46DE8}") = "Unit Tests", "Unit Tests", "{52D81759-C7CC-427F-8C96-89CA10C914B5}"
EndProject
Project("{9A19103F-16F7-4668-BE54-9A1E7A4F7556}") = "BoxingTests", "Tests\Kernels\BoxingTests\BoxingTests.csproj", "{39D2CC10-CD6B-4BC3-B42C-CA26004D38EB}"
EndProject
Project("{9A19103F-16F7-4668-BE54-9A1E7A4F7556}") = "Cosmos.TestRunner", "Tests\Cosmos.TestRunner\Cosmos.TestRunner.csproj", "{63C45839-60B2-41BC-973E-C2EF11F33E34}"
EndProject
Project("{9A19103F-16F7-4668-BE54-9A1E7A4F7556}") = "Cosmos.TestRunner.Core", "Tests\Cosmos.TestRunner.Core\Cosmos.TestRunner.Core.csproj", "{EDDF5700-D198-491B-B94C-D63916F8BA70}"
EndProject
Project("{9A19103F-16F7-4668-BE54-9A1E7A4F7556}") = "Cosmos.TestRunner.TestController", "Tests\Cosmos.TestRunner.TestController\Cosmos.TestRunner.TestController.csproj", "{3402C6D1-4F86-42C4-881E-DA69FD851CD9}"
EndProject
Project("{9A19103F-16F7-4668-BE54-9A1E7A4F7556}") = "Cosmos.Compiler.Tests.Bcl", "Tests\Kernels\Cosmos.Compiler.Tests.Bcl\Cosmos.Compiler.Tests.Bcl.csproj", "{8CB21203-0659-473A-8C7E-D5B178F00041}"
EndProject
Project("{9A19103F-16F7-4668-BE54-9A1E7A4F7556}") = "Cosmos.Compiler.Tests.Encryption", "Tests\Kernels\Cosmos.Compiler.Tests.Encryption\Cosmos.Compiler.Tests.Encryption.csproj", "{8F2B0616-46D1-4BC2-95EE-AB9533E676D0}"
EndProject
Project("{9A19103F-16F7-4668-BE54-9A1E7A4F7556}") = "Cosmos.Compiler.Tests.Interfaces", "Tests\Kernels\Cosmos.Compiler.Tests.Interfaces\Cosmos.Compiler.Tests.Interfaces.csproj", "{E78BE459-4E5F-4830-911A-9E23B9981410}"
EndProject
Project("{9A19103F-16F7-4668-BE54-9A1E7A4F7556}") = "Cosmos.Compiler.Tests.Exceptions", "Tests\Kernels\Cosmos.Compiler.Tests.Exceptions\Cosmos.Compiler.Tests.Exceptions.csproj", "{73BB6747-106D-44EE-BE78-21238A7510C1}"
EndProject
Project("{9A19103F-16F7-4668-BE54-9A1E7A4F7556}") = "Cosmos.Kernel.Tests.Fat", "Tests\Kernels\Cosmos.Kernel.Tests.Fat\Cosmos.Kernel.Tests.Fat.csproj", "{6575A354-AB4D-4BD1-989C-DAD9E725E5EB}"
EndProject
Project("{9A19103F-16F7-4668-BE54-9A1E7A4F7556}") = "SimpleStructsAndArraysTest", "Tests\Kernels\SimpleStructsAndArraysTest\SimpleStructsAndArraysTest.csproj", "{AD34EE2D-9665-402E-A349-554330D1A970}"
EndProject
Project("{9A19103F-16F7-4668-BE54-9A1E7A4F7556}") = "Cosmos.Compiler.Tests.MethodTests", "Tests\Kernels\Cosmos.Compiler.Tests.MethodTests\Cosmos.Compiler.Tests.MethodTests.csproj", "{D42E1F90-D9D5-4882-9103-758840382574}"
EndProject
Project("{9A19103F-16F7-4668-BE54-9A1E7A4F7556}") = "Cosmos.Kernel.Tests.IO", "Tests\Kernels\Cosmos.Kernel.Tests.IO\Cosmos.Kernel.Tests.IO.csproj", "{1B72C465-A0F6-4865-836B-2334E3F3376F}"
EndProject
Project("{9A19103F-16F7-4668-BE54-9A1E7A4F7556}") = "Cosmos.Compiler.Tests.SingleEchoTest", "Tests\Kernels\Cosmos.Compiler.Tests.SingleEchoTest\Cosmos.Compiler.Tests.SingleEchoTest.csproj", "{361F9108-91F2-4C9F-BE90-12732DF72B8D}"
EndProject
Project("{9A19103F-16F7-4668-BE54-9A1E7A4F7556}") = "Cosmos.TestRunner.UnitTest", "Tests\Cosmos.TestRunner.UnitTest\Cosmos.TestRunner.UnitTest.csproj", "{6D59FC7A-6F27-4140-BA41-F89126490C4C}"
EndProject
Project("{9A19103F-16F7-4668-BE54-9A1E7A4F7556}") = "GraphicTest", "Tests\Kernels\GraphicTest\GraphicTest.csproj", "{FB23BD72-AEC3-485E-B86C-8E7DB0B3BB9B}"
EndProject
Project("{9A19103F-16F7-4668-BE54-9A1E7A4F7556}") = "Cosmos.Core.Memory.Test", "Tests\Cosmos.Core.Memory.Test\Cosmos.Core.Memory.Test.csproj", "{408E5ACC-EA9A-41E8-AA95-514C5F47BD34}"
EndProject
Project("{9A19103F-16F7-4668-BE54-9A1E7A4F7556}") = "Cosmos.Core_Asm", "source\Cosmos.Core_Asm\Cosmos.Core_Asm.csproj", "{B7077A34-D7F0-4422-BE7C-65DF26C65489}"
EndProject
Project("{2150E333-8FDC-42A3-9474-1A3956D46DE8}") = "Kernel G3", "Kernel G3", "{99192440-2DD7-4E71-B730-D44A73F46533}"
EndProject
Project("{2150E333-8FDC-42A3-9474-1A3956D46DE8}") = "10 CPU", "10 CPU", "{29B893F7-6C0F-4710-A60E-7FB3498BCA63}"
EndProject
Project("{2150E333-8FDC-42A3-9474-1A3956D46DE8}") = "20 Platform", "20 Platform", "{B4CB7BF5-CADF-4056-9C09-EAAC50BC76C0}"
EndProject
Project("{2150E333-8FDC-42A3-9474-1A3956D46DE8}") = "30 HAL", "30 HAL", "{E4299234-8323-43F6-B684-350A1232746B}"
EndProject
Project("{2150E333-8FDC-42A3-9474-1A3956D46DE8}") = "40 System", "40 System", "{DE38917F-969B-486C-AF83-C59E5E52400A}"
EndProject
Project("{2150E333-8FDC-42A3-9474-1A3956D46DE8}") = "50 Application", "50 Application", "{02FF94AF-6BA3-49ED-A027-A63F591C310D}"
EndProject
Project("{2150E333-8FDC-42A3-9474-1A3956D46DE8}") = "91 Plug", "91 Plug", "{1FC213DE-5033-40E1-9C16-5F1A0CDC9693}"
EndProject
Project("{9A19103F-16F7-4668-BE54-9A1E7A4F7556}") = "Cosmos.CPU.x86", "source\Kernel-X86\10-CPU\Cosmos.CPU.x86\Cosmos.CPU.x86.csproj", "{4D219A6D-4528-4622-AF29-96F830C4D076}"
EndProject
Project("{9A19103F-16F7-4668-BE54-9A1E7A4F7556}") = "Cosmos.Platform.PC", "source\Kernel-X86\20-Platform\Cosmos.Platform.PC\Cosmos.Platform.PC.csproj", "{6CBABA8D-4207-4E1E-8122-63DB51D25F18}"
EndProject
Project("{9A19103F-16F7-4668-BE54-9A1E7A4F7556}") = "Cosmos.HAL", "source\Kernel-X86\30-HAL\Cosmos.HAL\Cosmos.HAL.csproj", "{16ECD6DE-6F65-4A5C-8B49-A29782D9D057}"
EndProject
Project("{9A19103F-16F7-4668-BE54-9A1E7A4F7556}") = "Cosmos.System", "source\Kernel-X86\40-System\Cosmos.System\Cosmos.System.csproj", "{F588033A-6B7D-4ABF-96C4-73D8B2271A6B}"
EndProject
Project("{9A19103F-16F7-4668-BE54-9A1E7A4F7556}") = "Cosmos.Plugs.TapRoot", "source\Kernel-X86\91-Plugs\Cosmos.Plugs.TapRoot\Cosmos.Plugs.TapRoot.csproj", "{756ECECD-B213-42F0-BF58-4A91B4C47FAA}"
EndProject
Project("{9A19103F-16F7-4668-BE54-9A1E7A4F7556}") = "Cosmos.CPU_Plugs", "source\Kernel-X86\10-CPU\Cosmos.CPU_Plugs\Cosmos.CPU_Plugs.csproj", "{C000BFB2-DFDE-4B1E-BDA6-988B30370C7A}"
EndProject
Project("{9A19103F-16F7-4668-BE54-9A1E7A4F7556}") = "Cosmos.CPU_Asm", "source\Kernel-X86\10-CPU\Cosmos.CPU_Asm\Cosmos.CPU_Asm.csproj", "{0C7C9F9D-6498-45E8-B77B-FF4D381C3297}"
EndProject
Project("{9A19103F-16F7-4668-BE54-9A1E7A4F7556}") = "TheRingMaster", "source\TheRingMaster\TheRingMaster.csproj", "{3DD192AF-2D72-449F-936C-ED8734225B18}"
EndProject
Project("{2150E333-8FDC-42A3-9474-1A3956D46DE8}") = "92 CpuPlug", "92 CpuPlug", "{929EE8ED-6AD3-4442-A0C1-EC70665F2DCF}"
EndProject
Project("{9A19103F-16F7-4668-BE54-9A1E7A4F7556}") = "Spruce", "..\XSharp\source\Spruce\Spruce.csproj", "{FF46829E-B612-4D36-80BE-ED04521AD91A}"
EndProject
Project("{9A19103F-16F7-4668-BE54-9A1E7A4F7556}") = "XSharp.x86", "..\XSharp\source\XSharp.x86\XSharp.x86.csproj", "{D0EABA08-88C9-4F7C-BCA9-361B58B20D67}"
EndProject
Project("{9A19103F-16F7-4668-BE54-9A1E7A4F7556}") = "Cosmos.Compiler.Tests.TypeSystem", "Tests\Kernels\Cosmos.Compiler.Tests.TypeSystem\Cosmos.Compiler.Tests.TypeSystem.csproj", "{D21A7C6C-A696-4EC3-84EB-70700C1E3B34}"
EndProject
Project("{9A19103F-16F7-4668-BE54-9A1E7A4F7556}") = "ConsoleTest", "Tests\Kernels\ConsoleTest\ConsoleTest.csproj", "{0DF97CAC-220B-4DAD-B397-42E394255763}"
EndProject
Project("{9A19103F-16F7-4668-BE54-9A1E7A4F7556}") = "Cosmos.TestRunner.UI", "Tests\Cosmos.TestRunner.UI\Cosmos.TestRunner.UI.csproj", "{2992AA07-E126-4EE0-B31C-D0B2ADE3393A}"
EndProject
Project("{9A19103F-16F7-4668-BE54-9A1E7A4F7556}") = "Cosmos.Debug.HyperVServer", "source\Cosmos.Debug.HyperVServer\Cosmos.Debug.HyperVServer.csproj", "{3421E19D-16C7-4593-9F6B-291ECB86A3EB}"
EndProject
Project("{9A19103F-16F7-4668-BE54-9A1E7A4F7556}") = "MemoryOperationsTest", "Tests\Kernels\MemoryOperationsTest\MemoryOperationsTest.csproj", "{FD509DE0-21DA-4C40-A5CE-767311C6F084}"
EndProject
Project("{9A19103F-16F7-4668-BE54-9A1E7A4F7556}") = "Cosmos.TestRunner.Full", "Tests\Cosmos.TestRunner.Full\Cosmos.TestRunner.Full.csproj", "{65EE0B97-D3F0-400D-B432-85FF5553C44E}"
EndProject
Project("{9A19103F-16F7-4668-BE54-9A1E7A4F7556}") = "Cosmos.TestRunner.TestAdapter", "Tests\Cosmos.TestRunner.TestAdapter\Cosmos.TestRunner.TestAdapter.csproj", "{8574E797-7C48-4F12-B537-4F927BCBA93B}"
EndProject
Project("{9A19103F-16F7-4668-BE54-9A1E7A4F7556}") = "Cosmos.Common.Tests", "Tests\Cosmos.Common.Tests\Cosmos.Common.Tests.csproj", "{6FD558D2-532B-45EF-AC5D-9163B33C919F}"
EndProject
Project("{9A19103F-16F7-4668-BE54-9A1E7A4F7556}") = "Cosmos.Core.Tests", "Tests\Cosmos.Core.Tests\Cosmos.Core.Tests.csproj", "{99E24E61-0743-47FF-AB0A-55A36C5E184C}"
EndProject
Project("{9A19103F-16F7-4668-BE54-9A1E7A4F7556}") = "Cosmos.System.Tests", "Tests\Cosmos.System.Tests\Cosmos.System.Tests.csproj", "{970C5E07-5D09-4882-949C-A8E876B22732}"
EndProject
Project("{9A19103F-16F7-4668-BE54-9A1E7A4F7556}") = "Cosmos.Kernel.Tests.DiskManager", "Tests\Kernels\Cosmos.Kernel.Tests.DiskManager\Cosmos.Kernel.Tests.DiskManager.csproj", "{BB6A5306-4C7A-4973-A48E-9FE3E683EAEC}"
EndProject
Project("{2150E333-8FDC-42A3-9474-1A3956D46DE8}") = "Solution Items", "Solution Items", "{BECB26F1-8FE4-4C62-B74A-F2292B26CA70}"
	ProjectSection(SolutionItems) = preProject
		Build\Cosmos.ruleset = Build\Cosmos.ruleset
	EndProjectSection
EndProject
Global
	GlobalSection(SolutionConfigurationPlatforms) = preSolution
		Debug|Any CPU = Debug|Any CPU
		Debug|x86 = Debug|x86
		Release|Any CPU = Release|Any CPU
		Release|x86 = Release|x86
	EndGlobalSection
	GlobalSection(ProjectConfigurationPlatforms) = postSolution
		{0CDB3F6E-7971-426B-81F8-38B966A54C2B}.Debug|Any CPU.ActiveCfg = Debug|Any CPU
		{0CDB3F6E-7971-426B-81F8-38B966A54C2B}.Debug|Any CPU.Build.0 = Debug|Any CPU
		{0CDB3F6E-7971-426B-81F8-38B966A54C2B}.Debug|x86.ActiveCfg = Debug|Any CPU
		{0CDB3F6E-7971-426B-81F8-38B966A54C2B}.Debug|x86.Build.0 = Debug|Any CPU
		{0CDB3F6E-7971-426B-81F8-38B966A54C2B}.Release|Any CPU.ActiveCfg = Release|Any CPU
		{0CDB3F6E-7971-426B-81F8-38B966A54C2B}.Release|Any CPU.Build.0 = Release|Any CPU
		{0CDB3F6E-7971-426B-81F8-38B966A54C2B}.Release|x86.ActiveCfg = Release|Any CPU
		{0CDB3F6E-7971-426B-81F8-38B966A54C2B}.Release|x86.Build.0 = Release|Any CPU
		{F74A4B2B-02DA-455A-89FB-803A442B5B2C}.Debug|Any CPU.ActiveCfg = Debug|Any CPU
		{F74A4B2B-02DA-455A-89FB-803A442B5B2C}.Debug|Any CPU.Build.0 = Debug|Any CPU
		{F74A4B2B-02DA-455A-89FB-803A442B5B2C}.Debug|x86.ActiveCfg = Debug|Any CPU
		{F74A4B2B-02DA-455A-89FB-803A442B5B2C}.Debug|x86.Build.0 = Debug|Any CPU
		{F74A4B2B-02DA-455A-89FB-803A442B5B2C}.Release|Any CPU.ActiveCfg = Release|Any CPU
		{F74A4B2B-02DA-455A-89FB-803A442B5B2C}.Release|Any CPU.Build.0 = Release|Any CPU
		{F74A4B2B-02DA-455A-89FB-803A442B5B2C}.Release|x86.ActiveCfg = Release|Any CPU
		{F74A4B2B-02DA-455A-89FB-803A442B5B2C}.Release|x86.Build.0 = Release|Any CPU
		{4F903492-CCA6-4FD9-A1B6-5E4CC0CE7767}.Debug|Any CPU.ActiveCfg = Debug|Any CPU
		{4F903492-CCA6-4FD9-A1B6-5E4CC0CE7767}.Debug|Any CPU.Build.0 = Debug|Any CPU
		{4F903492-CCA6-4FD9-A1B6-5E4CC0CE7767}.Debug|x86.ActiveCfg = Debug|Any CPU
		{4F903492-CCA6-4FD9-A1B6-5E4CC0CE7767}.Debug|x86.Build.0 = Debug|Any CPU
		{4F903492-CCA6-4FD9-A1B6-5E4CC0CE7767}.Release|Any CPU.ActiveCfg = Release|Any CPU
		{4F903492-CCA6-4FD9-A1B6-5E4CC0CE7767}.Release|Any CPU.Build.0 = Release|Any CPU
		{4F903492-CCA6-4FD9-A1B6-5E4CC0CE7767}.Release|x86.ActiveCfg = Release|Any CPU
		{4F903492-CCA6-4FD9-A1B6-5E4CC0CE7767}.Release|x86.Build.0 = Release|Any CPU
		{34AEEB7C-FD5D-4B15-A830-B429681844BD}.Debug|Any CPU.ActiveCfg = Debug|Any CPU
		{34AEEB7C-FD5D-4B15-A830-B429681844BD}.Debug|Any CPU.Build.0 = Debug|Any CPU
		{34AEEB7C-FD5D-4B15-A830-B429681844BD}.Debug|x86.ActiveCfg = Debug|Any CPU
		{34AEEB7C-FD5D-4B15-A830-B429681844BD}.Debug|x86.Build.0 = Debug|Any CPU
		{34AEEB7C-FD5D-4B15-A830-B429681844BD}.Release|Any CPU.ActiveCfg = Release|Any CPU
		{34AEEB7C-FD5D-4B15-A830-B429681844BD}.Release|Any CPU.Build.0 = Release|Any CPU
		{34AEEB7C-FD5D-4B15-A830-B429681844BD}.Release|x86.ActiveCfg = Release|Any CPU
		{34AEEB7C-FD5D-4B15-A830-B429681844BD}.Release|x86.Build.0 = Release|Any CPU
		{A97A1EF7-AEEC-43F3-8CB0-5C7269DC7E85}.Debug|Any CPU.ActiveCfg = Debug|Any CPU
		{A97A1EF7-AEEC-43F3-8CB0-5C7269DC7E85}.Debug|Any CPU.Build.0 = Debug|Any CPU
		{A97A1EF7-AEEC-43F3-8CB0-5C7269DC7E85}.Debug|x86.ActiveCfg = Debug|Any CPU
		{A97A1EF7-AEEC-43F3-8CB0-5C7269DC7E85}.Debug|x86.Build.0 = Debug|Any CPU
		{A97A1EF7-AEEC-43F3-8CB0-5C7269DC7E85}.Release|Any CPU.ActiveCfg = Release|Any CPU
		{A97A1EF7-AEEC-43F3-8CB0-5C7269DC7E85}.Release|Any CPU.Build.0 = Release|Any CPU
		{A97A1EF7-AEEC-43F3-8CB0-5C7269DC7E85}.Release|x86.ActiveCfg = Release|Any CPU
		{A97A1EF7-AEEC-43F3-8CB0-5C7269DC7E85}.Release|x86.Build.0 = Release|Any CPU
		{BA661F30-9F3B-4356-B47B-D9C9375A473B}.Debug|Any CPU.ActiveCfg = Debug|Any CPU
		{BA661F30-9F3B-4356-B47B-D9C9375A473B}.Debug|Any CPU.Build.0 = Debug|Any CPU
		{BA661F30-9F3B-4356-B47B-D9C9375A473B}.Debug|x86.ActiveCfg = Debug|Any CPU
		{BA661F30-9F3B-4356-B47B-D9C9375A473B}.Debug|x86.Build.0 = Debug|Any CPU
		{BA661F30-9F3B-4356-B47B-D9C9375A473B}.Release|Any CPU.ActiveCfg = Release|Any CPU
		{BA661F30-9F3B-4356-B47B-D9C9375A473B}.Release|Any CPU.Build.0 = Release|Any CPU
		{BA661F30-9F3B-4356-B47B-D9C9375A473B}.Release|x86.ActiveCfg = Release|Any CPU
		{BA661F30-9F3B-4356-B47B-D9C9375A473B}.Release|x86.Build.0 = Release|Any CPU
		{5049175E-F1EE-4D8F-8354-F547444B8F10}.Debug|Any CPU.ActiveCfg = Debug|Any CPU
		{5049175E-F1EE-4D8F-8354-F547444B8F10}.Debug|Any CPU.Build.0 = Debug|Any CPU
		{5049175E-F1EE-4D8F-8354-F547444B8F10}.Debug|x86.ActiveCfg = Debug|Any CPU
		{5049175E-F1EE-4D8F-8354-F547444B8F10}.Debug|x86.Build.0 = Debug|Any CPU
		{5049175E-F1EE-4D8F-8354-F547444B8F10}.Release|Any CPU.ActiveCfg = Release|Any CPU
		{5049175E-F1EE-4D8F-8354-F547444B8F10}.Release|Any CPU.Build.0 = Release|Any CPU
		{5049175E-F1EE-4D8F-8354-F547444B8F10}.Release|x86.ActiveCfg = Release|Any CPU
		{5049175E-F1EE-4D8F-8354-F547444B8F10}.Release|x86.Build.0 = Release|Any CPU
		{C9826909-2E5E-4453-93FA-B6BE4503DF02}.Debug|Any CPU.ActiveCfg = Debug|Any CPU
		{C9826909-2E5E-4453-93FA-B6BE4503DF02}.Debug|Any CPU.Build.0 = Debug|Any CPU
		{C9826909-2E5E-4453-93FA-B6BE4503DF02}.Debug|x86.ActiveCfg = Debug|Any CPU
		{C9826909-2E5E-4453-93FA-B6BE4503DF02}.Debug|x86.Build.0 = Debug|Any CPU
		{C9826909-2E5E-4453-93FA-B6BE4503DF02}.Release|Any CPU.ActiveCfg = Release|Any CPU
		{C9826909-2E5E-4453-93FA-B6BE4503DF02}.Release|Any CPU.Build.0 = Release|Any CPU
		{C9826909-2E5E-4453-93FA-B6BE4503DF02}.Release|x86.ActiveCfg = Release|Any CPU
		{C9826909-2E5E-4453-93FA-B6BE4503DF02}.Release|x86.Build.0 = Release|Any CPU
		{ECC4319F-A844-45B8-BF63-2FD04F05E56A}.Debug|Any CPU.ActiveCfg = Debug|Any CPU
		{ECC4319F-A844-45B8-BF63-2FD04F05E56A}.Debug|Any CPU.Build.0 = Debug|Any CPU
		{ECC4319F-A844-45B8-BF63-2FD04F05E56A}.Debug|x86.ActiveCfg = Debug|Any CPU
		{ECC4319F-A844-45B8-BF63-2FD04F05E56A}.Debug|x86.Build.0 = Debug|Any CPU
		{ECC4319F-A844-45B8-BF63-2FD04F05E56A}.Release|Any CPU.ActiveCfg = Release|Any CPU
		{ECC4319F-A844-45B8-BF63-2FD04F05E56A}.Release|Any CPU.Build.0 = Release|Any CPU
		{ECC4319F-A844-45B8-BF63-2FD04F05E56A}.Release|x86.ActiveCfg = Release|Any CPU
		{ECC4319F-A844-45B8-BF63-2FD04F05E56A}.Release|x86.Build.0 = Release|Any CPU
		{1425715D-1C93-44C7-8BB5-F124F195A41A}.Debug|Any CPU.ActiveCfg = Debug|Any CPU
		{1425715D-1C93-44C7-8BB5-F124F195A41A}.Debug|Any CPU.Build.0 = Debug|Any CPU
		{1425715D-1C93-44C7-8BB5-F124F195A41A}.Debug|x86.ActiveCfg = Debug|Any CPU
		{1425715D-1C93-44C7-8BB5-F124F195A41A}.Debug|x86.Build.0 = Debug|Any CPU
		{1425715D-1C93-44C7-8BB5-F124F195A41A}.Release|Any CPU.ActiveCfg = Release|Any CPU
		{1425715D-1C93-44C7-8BB5-F124F195A41A}.Release|Any CPU.Build.0 = Release|Any CPU
		{1425715D-1C93-44C7-8BB5-F124F195A41A}.Release|x86.ActiveCfg = Release|Any CPU
		{1425715D-1C93-44C7-8BB5-F124F195A41A}.Release|x86.Build.0 = Release|Any CPU
		{9F5F046A-1BB1-4208-ADBE-C9417F2A8A48}.Debug|Any CPU.ActiveCfg = Debug|Any CPU
		{9F5F046A-1BB1-4208-ADBE-C9417F2A8A48}.Debug|Any CPU.Build.0 = Debug|Any CPU
		{9F5F046A-1BB1-4208-ADBE-C9417F2A8A48}.Debug|x86.ActiveCfg = Debug|Any CPU
		{9F5F046A-1BB1-4208-ADBE-C9417F2A8A48}.Debug|x86.Build.0 = Debug|Any CPU
		{9F5F046A-1BB1-4208-ADBE-C9417F2A8A48}.Release|Any CPU.ActiveCfg = Release|Any CPU
		{9F5F046A-1BB1-4208-ADBE-C9417F2A8A48}.Release|Any CPU.Build.0 = Release|Any CPU
		{9F5F046A-1BB1-4208-ADBE-C9417F2A8A48}.Release|x86.ActiveCfg = Release|Any CPU
		{9F5F046A-1BB1-4208-ADBE-C9417F2A8A48}.Release|x86.Build.0 = Release|Any CPU
		{09099C80-8262-486A-94A5-492F51B08823}.Debug|Any CPU.ActiveCfg = Debug|Any CPU
		{09099C80-8262-486A-94A5-492F51B08823}.Debug|Any CPU.Build.0 = Debug|Any CPU
		{09099C80-8262-486A-94A5-492F51B08823}.Debug|Any CPU.Deploy.0 = Debug|Any CPU
		{09099C80-8262-486A-94A5-492F51B08823}.Debug|x86.ActiveCfg = Debug|Any CPU
		{09099C80-8262-486A-94A5-492F51B08823}.Debug|x86.Build.0 = Debug|Any CPU
		{09099C80-8262-486A-94A5-492F51B08823}.Release|Any CPU.ActiveCfg = Release|Any CPU
		{09099C80-8262-486A-94A5-492F51B08823}.Release|Any CPU.Build.0 = Release|Any CPU
		{09099C80-8262-486A-94A5-492F51B08823}.Release|x86.ActiveCfg = Release|Any CPU
		{09099C80-8262-486A-94A5-492F51B08823}.Release|x86.Build.0 = Release|Any CPU
		{9AF5BD03-8A49-49DC-A56E-3AE8DA6B0FF4}.Debug|Any CPU.ActiveCfg = Debug|Any CPU
		{9AF5BD03-8A49-49DC-A56E-3AE8DA6B0FF4}.Debug|Any CPU.Build.0 = Debug|Any CPU
		{9AF5BD03-8A49-49DC-A56E-3AE8DA6B0FF4}.Debug|x86.ActiveCfg = Debug|Any CPU
		{9AF5BD03-8A49-49DC-A56E-3AE8DA6B0FF4}.Debug|x86.Build.0 = Debug|Any CPU
		{9AF5BD03-8A49-49DC-A56E-3AE8DA6B0FF4}.Release|Any CPU.ActiveCfg = Release|Any CPU
		{9AF5BD03-8A49-49DC-A56E-3AE8DA6B0FF4}.Release|Any CPU.Build.0 = Release|Any CPU
		{9AF5BD03-8A49-49DC-A56E-3AE8DA6B0FF4}.Release|x86.ActiveCfg = Release|Any CPU
		{9AF5BD03-8A49-49DC-A56E-3AE8DA6B0FF4}.Release|x86.Build.0 = Release|Any CPU
		{4AC1AFCE-C8CE-484D-AE22-F9EE27008FAF}.Debug|Any CPU.ActiveCfg = Debug|Any CPU
		{4AC1AFCE-C8CE-484D-AE22-F9EE27008FAF}.Debug|Any CPU.Build.0 = Debug|Any CPU
		{4AC1AFCE-C8CE-484D-AE22-F9EE27008FAF}.Debug|x86.ActiveCfg = Debug|Any CPU
		{4AC1AFCE-C8CE-484D-AE22-F9EE27008FAF}.Debug|x86.Build.0 = Debug|Any CPU
		{4AC1AFCE-C8CE-484D-AE22-F9EE27008FAF}.Release|Any CPU.ActiveCfg = Release|Any CPU
		{4AC1AFCE-C8CE-484D-AE22-F9EE27008FAF}.Release|Any CPU.Build.0 = Release|Any CPU
		{4AC1AFCE-C8CE-484D-AE22-F9EE27008FAF}.Release|x86.ActiveCfg = Release|Any CPU
		{4AC1AFCE-C8CE-484D-AE22-F9EE27008FAF}.Release|x86.Build.0 = Release|Any CPU
		{72EB557A-8A2D-4B0F-823E-C70A791831B5}.Debug|Any CPU.ActiveCfg = Debug|Any CPU
		{72EB557A-8A2D-4B0F-823E-C70A791831B5}.Debug|Any CPU.Build.0 = Debug|Any CPU
		{72EB557A-8A2D-4B0F-823E-C70A791831B5}.Debug|x86.ActiveCfg = Debug|Any CPU
		{72EB557A-8A2D-4B0F-823E-C70A791831B5}.Debug|x86.Build.0 = Debug|Any CPU
		{72EB557A-8A2D-4B0F-823E-C70A791831B5}.Release|Any CPU.ActiveCfg = Release|Any CPU
		{72EB557A-8A2D-4B0F-823E-C70A791831B5}.Release|Any CPU.Build.0 = Release|Any CPU
		{72EB557A-8A2D-4B0F-823E-C70A791831B5}.Release|x86.ActiveCfg = Release|Any CPU
		{72EB557A-8A2D-4B0F-823E-C70A791831B5}.Release|x86.Build.0 = Release|Any CPU
		{1132E689-18B0-4D87-94E8-934D4802C540}.Debug|Any CPU.ActiveCfg = Debug|Any CPU
		{1132E689-18B0-4D87-94E8-934D4802C540}.Debug|Any CPU.Build.0 = Debug|Any CPU
		{1132E689-18B0-4D87-94E8-934D4802C540}.Debug|x86.ActiveCfg = Debug|Any CPU
		{1132E689-18B0-4D87-94E8-934D4802C540}.Debug|x86.Build.0 = Debug|Any CPU
		{1132E689-18B0-4D87-94E8-934D4802C540}.Release|Any CPU.ActiveCfg = Release|Any CPU
		{1132E689-18B0-4D87-94E8-934D4802C540}.Release|Any CPU.Build.0 = Release|Any CPU
		{1132E689-18B0-4D87-94E8-934D4802C540}.Release|x86.ActiveCfg = Release|Any CPU
		{1132E689-18B0-4D87-94E8-934D4802C540}.Release|x86.Build.0 = Release|Any CPU
		{7E450662-B34C-49B0-A826-F45AD3A18891}.Debug|Any CPU.ActiveCfg = Debug|Any CPU
		{7E450662-B34C-49B0-A826-F45AD3A18891}.Debug|Any CPU.Build.0 = Debug|Any CPU
		{7E450662-B34C-49B0-A826-F45AD3A18891}.Debug|x86.ActiveCfg = Debug|Any CPU
		{7E450662-B34C-49B0-A826-F45AD3A18891}.Debug|x86.Build.0 = Debug|Any CPU
		{7E450662-B34C-49B0-A826-F45AD3A18891}.Release|Any CPU.ActiveCfg = Release|Any CPU
		{7E450662-B34C-49B0-A826-F45AD3A18891}.Release|Any CPU.Build.0 = Release|Any CPU
		{7E450662-B34C-49B0-A826-F45AD3A18891}.Release|x86.ActiveCfg = Release|Any CPU
		{7E450662-B34C-49B0-A826-F45AD3A18891}.Release|x86.Build.0 = Release|Any CPU
		{9431FF1F-AD75-4A1E-B38A-46E0F109411D}.Debug|Any CPU.ActiveCfg = Debug|Any CPU
		{9431FF1F-AD75-4A1E-B38A-46E0F109411D}.Debug|Any CPU.Build.0 = Debug|Any CPU
		{9431FF1F-AD75-4A1E-B38A-46E0F109411D}.Debug|x86.ActiveCfg = Debug|Any CPU
		{9431FF1F-AD75-4A1E-B38A-46E0F109411D}.Debug|x86.Build.0 = Debug|Any CPU
		{9431FF1F-AD75-4A1E-B38A-46E0F109411D}.Release|Any CPU.ActiveCfg = Release|Any CPU
		{9431FF1F-AD75-4A1E-B38A-46E0F109411D}.Release|Any CPU.Build.0 = Release|Any CPU
		{9431FF1F-AD75-4A1E-B38A-46E0F109411D}.Release|x86.ActiveCfg = Release|Any CPU
		{9431FF1F-AD75-4A1E-B38A-46E0F109411D}.Release|x86.Build.0 = Release|Any CPU
		{A2E6978B-FE78-433C-8A17-624579B393DF}.Debug|Any CPU.ActiveCfg = Debug|Any CPU
		{A2E6978B-FE78-433C-8A17-624579B393DF}.Debug|Any CPU.Build.0 = Debug|Any CPU
		{A2E6978B-FE78-433C-8A17-624579B393DF}.Debug|x86.ActiveCfg = Debug|Any CPU
		{A2E6978B-FE78-433C-8A17-624579B393DF}.Debug|x86.Build.0 = Debug|Any CPU
		{A2E6978B-FE78-433C-8A17-624579B393DF}.Release|Any CPU.ActiveCfg = Release|Any CPU
		{A2E6978B-FE78-433C-8A17-624579B393DF}.Release|Any CPU.Build.0 = Release|Any CPU
		{A2E6978B-FE78-433C-8A17-624579B393DF}.Release|x86.ActiveCfg = Release|Any CPU
		{A2E6978B-FE78-433C-8A17-624579B393DF}.Release|x86.Build.0 = Release|Any CPU
		{295AA95F-BEC6-4F9E-A2E1-8205FD06E951}.Debug|Any CPU.ActiveCfg = Debug|Any CPU
		{295AA95F-BEC6-4F9E-A2E1-8205FD06E951}.Debug|Any CPU.Build.0 = Debug|Any CPU
		{295AA95F-BEC6-4F9E-A2E1-8205FD06E951}.Debug|x86.ActiveCfg = Debug|Any CPU
		{295AA95F-BEC6-4F9E-A2E1-8205FD06E951}.Debug|x86.Build.0 = Debug|Any CPU
		{295AA95F-BEC6-4F9E-A2E1-8205FD06E951}.Release|Any CPU.ActiveCfg = Release|Any CPU
		{295AA95F-BEC6-4F9E-A2E1-8205FD06E951}.Release|Any CPU.Build.0 = Release|Any CPU
		{295AA95F-BEC6-4F9E-A2E1-8205FD06E951}.Release|x86.ActiveCfg = Release|Any CPU
		{295AA95F-BEC6-4F9E-A2E1-8205FD06E951}.Release|x86.Build.0 = Release|Any CPU
		{39D2CC10-CD6B-4BC3-B42C-CA26004D38EB}.Debug|Any CPU.ActiveCfg = Debug|Any CPU
		{39D2CC10-CD6B-4BC3-B42C-CA26004D38EB}.Debug|Any CPU.Build.0 = Debug|Any CPU
		{39D2CC10-CD6B-4BC3-B42C-CA26004D38EB}.Debug|x86.ActiveCfg = Debug|Any CPU
		{39D2CC10-CD6B-4BC3-B42C-CA26004D38EB}.Debug|x86.Build.0 = Debug|Any CPU
		{39D2CC10-CD6B-4BC3-B42C-CA26004D38EB}.Release|Any CPU.ActiveCfg = Release|Any CPU
		{39D2CC10-CD6B-4BC3-B42C-CA26004D38EB}.Release|Any CPU.Build.0 = Release|Any CPU
		{39D2CC10-CD6B-4BC3-B42C-CA26004D38EB}.Release|x86.ActiveCfg = Release|Any CPU
		{39D2CC10-CD6B-4BC3-B42C-CA26004D38EB}.Release|x86.Build.0 = Release|Any CPU
		{63C45839-60B2-41BC-973E-C2EF11F33E34}.Debug|Any CPU.ActiveCfg = Debug|Any CPU
		{63C45839-60B2-41BC-973E-C2EF11F33E34}.Debug|Any CPU.Build.0 = Debug|Any CPU
		{63C45839-60B2-41BC-973E-C2EF11F33E34}.Debug|x86.ActiveCfg = Debug|Any CPU
		{63C45839-60B2-41BC-973E-C2EF11F33E34}.Debug|x86.Build.0 = Debug|Any CPU
		{63C45839-60B2-41BC-973E-C2EF11F33E34}.Release|Any CPU.ActiveCfg = Release|Any CPU
		{63C45839-60B2-41BC-973E-C2EF11F33E34}.Release|Any CPU.Build.0 = Release|Any CPU
		{63C45839-60B2-41BC-973E-C2EF11F33E34}.Release|x86.ActiveCfg = Release|Any CPU
		{63C45839-60B2-41BC-973E-C2EF11F33E34}.Release|x86.Build.0 = Release|Any CPU
		{EDDF5700-D198-491B-B94C-D63916F8BA70}.Debug|Any CPU.ActiveCfg = Debug|Any CPU
		{EDDF5700-D198-491B-B94C-D63916F8BA70}.Debug|Any CPU.Build.0 = Debug|Any CPU
		{EDDF5700-D198-491B-B94C-D63916F8BA70}.Debug|x86.ActiveCfg = Debug|Any CPU
		{EDDF5700-D198-491B-B94C-D63916F8BA70}.Debug|x86.Build.0 = Debug|Any CPU
		{EDDF5700-D198-491B-B94C-D63916F8BA70}.Release|Any CPU.ActiveCfg = Release|Any CPU
		{EDDF5700-D198-491B-B94C-D63916F8BA70}.Release|Any CPU.Build.0 = Release|Any CPU
		{EDDF5700-D198-491B-B94C-D63916F8BA70}.Release|x86.ActiveCfg = Release|Any CPU
		{EDDF5700-D198-491B-B94C-D63916F8BA70}.Release|x86.Build.0 = Release|Any CPU
		{3402C6D1-4F86-42C4-881E-DA69FD851CD9}.Debug|Any CPU.ActiveCfg = Debug|Any CPU
		{3402C6D1-4F86-42C4-881E-DA69FD851CD9}.Debug|Any CPU.Build.0 = Debug|Any CPU
		{3402C6D1-4F86-42C4-881E-DA69FD851CD9}.Debug|x86.ActiveCfg = Debug|Any CPU
		{3402C6D1-4F86-42C4-881E-DA69FD851CD9}.Debug|x86.Build.0 = Debug|Any CPU
		{3402C6D1-4F86-42C4-881E-DA69FD851CD9}.Release|Any CPU.ActiveCfg = Release|Any CPU
		{3402C6D1-4F86-42C4-881E-DA69FD851CD9}.Release|Any CPU.Build.0 = Release|Any CPU
		{3402C6D1-4F86-42C4-881E-DA69FD851CD9}.Release|x86.ActiveCfg = Release|Any CPU
		{3402C6D1-4F86-42C4-881E-DA69FD851CD9}.Release|x86.Build.0 = Release|Any CPU
		{8CB21203-0659-473A-8C7E-D5B178F00041}.Debug|Any CPU.ActiveCfg = Debug|Any CPU
		{8CB21203-0659-473A-8C7E-D5B178F00041}.Debug|Any CPU.Build.0 = Debug|Any CPU
		{8CB21203-0659-473A-8C7E-D5B178F00041}.Debug|x86.ActiveCfg = Debug|Any CPU
		{8CB21203-0659-473A-8C7E-D5B178F00041}.Debug|x86.Build.0 = Debug|Any CPU
		{8CB21203-0659-473A-8C7E-D5B178F00041}.Release|Any CPU.ActiveCfg = Release|Any CPU
		{8CB21203-0659-473A-8C7E-D5B178F00041}.Release|Any CPU.Build.0 = Release|Any CPU
		{8CB21203-0659-473A-8C7E-D5B178F00041}.Release|x86.ActiveCfg = Release|Any CPU
		{8CB21203-0659-473A-8C7E-D5B178F00041}.Release|x86.Build.0 = Release|Any CPU
		{8F2B0616-46D1-4BC2-95EE-AB9533E676D0}.Debug|Any CPU.ActiveCfg = Debug|Any CPU
		{8F2B0616-46D1-4BC2-95EE-AB9533E676D0}.Debug|Any CPU.Build.0 = Debug|Any CPU
		{8F2B0616-46D1-4BC2-95EE-AB9533E676D0}.Debug|x86.ActiveCfg = Debug|Any CPU
		{8F2B0616-46D1-4BC2-95EE-AB9533E676D0}.Debug|x86.Build.0 = Debug|Any CPU
		{8F2B0616-46D1-4BC2-95EE-AB9533E676D0}.Release|Any CPU.ActiveCfg = Release|Any CPU
		{8F2B0616-46D1-4BC2-95EE-AB9533E676D0}.Release|Any CPU.Build.0 = Release|Any CPU
		{8F2B0616-46D1-4BC2-95EE-AB9533E676D0}.Release|x86.ActiveCfg = Release|Any CPU
		{8F2B0616-46D1-4BC2-95EE-AB9533E676D0}.Release|x86.Build.0 = Release|Any CPU
		{E78BE459-4E5F-4830-911A-9E23B9981410}.Debug|Any CPU.ActiveCfg = Debug|Any CPU
		{E78BE459-4E5F-4830-911A-9E23B9981410}.Debug|Any CPU.Build.0 = Debug|Any CPU
		{E78BE459-4E5F-4830-911A-9E23B9981410}.Debug|x86.ActiveCfg = Debug|Any CPU
		{E78BE459-4E5F-4830-911A-9E23B9981410}.Debug|x86.Build.0 = Debug|Any CPU
		{E78BE459-4E5F-4830-911A-9E23B9981410}.Release|Any CPU.ActiveCfg = Release|Any CPU
		{E78BE459-4E5F-4830-911A-9E23B9981410}.Release|Any CPU.Build.0 = Release|Any CPU
		{E78BE459-4E5F-4830-911A-9E23B9981410}.Release|x86.ActiveCfg = Release|Any CPU
		{E78BE459-4E5F-4830-911A-9E23B9981410}.Release|x86.Build.0 = Release|Any CPU
		{73BB6747-106D-44EE-BE78-21238A7510C1}.Debug|Any CPU.ActiveCfg = Debug|Any CPU
		{73BB6747-106D-44EE-BE78-21238A7510C1}.Debug|Any CPU.Build.0 = Debug|Any CPU
		{73BB6747-106D-44EE-BE78-21238A7510C1}.Debug|x86.ActiveCfg = Debug|Any CPU
		{73BB6747-106D-44EE-BE78-21238A7510C1}.Debug|x86.Build.0 = Debug|Any CPU
		{73BB6747-106D-44EE-BE78-21238A7510C1}.Release|Any CPU.ActiveCfg = Release|Any CPU
		{73BB6747-106D-44EE-BE78-21238A7510C1}.Release|Any CPU.Build.0 = Release|Any CPU
		{73BB6747-106D-44EE-BE78-21238A7510C1}.Release|x86.ActiveCfg = Release|Any CPU
		{73BB6747-106D-44EE-BE78-21238A7510C1}.Release|x86.Build.0 = Release|Any CPU
		{6575A354-AB4D-4BD1-989C-DAD9E725E5EB}.Debug|Any CPU.ActiveCfg = Debug|Any CPU
		{6575A354-AB4D-4BD1-989C-DAD9E725E5EB}.Debug|Any CPU.Build.0 = Debug|Any CPU
		{6575A354-AB4D-4BD1-989C-DAD9E725E5EB}.Debug|x86.ActiveCfg = Debug|Any CPU
		{6575A354-AB4D-4BD1-989C-DAD9E725E5EB}.Debug|x86.Build.0 = Debug|Any CPU
		{6575A354-AB4D-4BD1-989C-DAD9E725E5EB}.Release|Any CPU.ActiveCfg = Release|Any CPU
		{6575A354-AB4D-4BD1-989C-DAD9E725E5EB}.Release|Any CPU.Build.0 = Release|Any CPU
		{6575A354-AB4D-4BD1-989C-DAD9E725E5EB}.Release|x86.ActiveCfg = Release|Any CPU
		{6575A354-AB4D-4BD1-989C-DAD9E725E5EB}.Release|x86.Build.0 = Release|Any CPU
		{AD34EE2D-9665-402E-A349-554330D1A970}.Debug|Any CPU.ActiveCfg = Debug|Any CPU
		{AD34EE2D-9665-402E-A349-554330D1A970}.Debug|Any CPU.Build.0 = Debug|Any CPU
		{AD34EE2D-9665-402E-A349-554330D1A970}.Debug|x86.ActiveCfg = Debug|Any CPU
		{AD34EE2D-9665-402E-A349-554330D1A970}.Debug|x86.Build.0 = Debug|Any CPU
		{AD34EE2D-9665-402E-A349-554330D1A970}.Release|Any CPU.ActiveCfg = Release|Any CPU
		{AD34EE2D-9665-402E-A349-554330D1A970}.Release|Any CPU.Build.0 = Release|Any CPU
		{AD34EE2D-9665-402E-A349-554330D1A970}.Release|x86.ActiveCfg = Release|Any CPU
		{AD34EE2D-9665-402E-A349-554330D1A970}.Release|x86.Build.0 = Release|Any CPU
		{D42E1F90-D9D5-4882-9103-758840382574}.Debug|Any CPU.ActiveCfg = Debug|Any CPU
		{D42E1F90-D9D5-4882-9103-758840382574}.Debug|Any CPU.Build.0 = Debug|Any CPU
		{D42E1F90-D9D5-4882-9103-758840382574}.Debug|x86.ActiveCfg = Debug|Any CPU
		{D42E1F90-D9D5-4882-9103-758840382574}.Debug|x86.Build.0 = Debug|Any CPU
		{D42E1F90-D9D5-4882-9103-758840382574}.Release|Any CPU.ActiveCfg = Release|Any CPU
		{D42E1F90-D9D5-4882-9103-758840382574}.Release|Any CPU.Build.0 = Release|Any CPU
		{D42E1F90-D9D5-4882-9103-758840382574}.Release|x86.ActiveCfg = Release|Any CPU
		{D42E1F90-D9D5-4882-9103-758840382574}.Release|x86.Build.0 = Release|Any CPU
		{1B72C465-A0F6-4865-836B-2334E3F3376F}.Debug|Any CPU.ActiveCfg = Debug|Any CPU
		{1B72C465-A0F6-4865-836B-2334E3F3376F}.Debug|Any CPU.Build.0 = Debug|Any CPU
		{1B72C465-A0F6-4865-836B-2334E3F3376F}.Debug|x86.ActiveCfg = Debug|Any CPU
		{1B72C465-A0F6-4865-836B-2334E3F3376F}.Debug|x86.Build.0 = Debug|Any CPU
		{1B72C465-A0F6-4865-836B-2334E3F3376F}.Release|Any CPU.ActiveCfg = Release|Any CPU
		{1B72C465-A0F6-4865-836B-2334E3F3376F}.Release|Any CPU.Build.0 = Release|Any CPU
		{1B72C465-A0F6-4865-836B-2334E3F3376F}.Release|x86.ActiveCfg = Release|Any CPU
		{1B72C465-A0F6-4865-836B-2334E3F3376F}.Release|x86.Build.0 = Release|Any CPU
		{361F9108-91F2-4C9F-BE90-12732DF72B8D}.Debug|Any CPU.ActiveCfg = Debug|Any CPU
		{361F9108-91F2-4C9F-BE90-12732DF72B8D}.Debug|Any CPU.Build.0 = Debug|Any CPU
		{361F9108-91F2-4C9F-BE90-12732DF72B8D}.Debug|x86.ActiveCfg = Debug|Any CPU
		{361F9108-91F2-4C9F-BE90-12732DF72B8D}.Debug|x86.Build.0 = Debug|Any CPU
		{361F9108-91F2-4C9F-BE90-12732DF72B8D}.Release|Any CPU.ActiveCfg = Release|Any CPU
		{361F9108-91F2-4C9F-BE90-12732DF72B8D}.Release|Any CPU.Build.0 = Release|Any CPU
		{361F9108-91F2-4C9F-BE90-12732DF72B8D}.Release|x86.ActiveCfg = Release|Any CPU
		{361F9108-91F2-4C9F-BE90-12732DF72B8D}.Release|x86.Build.0 = Release|Any CPU
		{6D59FC7A-6F27-4140-BA41-F89126490C4C}.Debug|Any CPU.ActiveCfg = Debug|Any CPU
		{6D59FC7A-6F27-4140-BA41-F89126490C4C}.Debug|Any CPU.Build.0 = Debug|Any CPU
		{6D59FC7A-6F27-4140-BA41-F89126490C4C}.Debug|x86.ActiveCfg = Debug|Any CPU
		{6D59FC7A-6F27-4140-BA41-F89126490C4C}.Debug|x86.Build.0 = Debug|Any CPU
		{6D59FC7A-6F27-4140-BA41-F89126490C4C}.Release|Any CPU.ActiveCfg = Release|Any CPU
		{6D59FC7A-6F27-4140-BA41-F89126490C4C}.Release|Any CPU.Build.0 = Release|Any CPU
		{6D59FC7A-6F27-4140-BA41-F89126490C4C}.Release|x86.ActiveCfg = Release|Any CPU
		{6D59FC7A-6F27-4140-BA41-F89126490C4C}.Release|x86.Build.0 = Release|Any CPU
		{FB23BD72-AEC3-485E-B86C-8E7DB0B3BB9B}.Debug|Any CPU.ActiveCfg = Debug|Any CPU
		{FB23BD72-AEC3-485E-B86C-8E7DB0B3BB9B}.Debug|Any CPU.Build.0 = Debug|Any CPU
		{FB23BD72-AEC3-485E-B86C-8E7DB0B3BB9B}.Debug|x86.ActiveCfg = Debug|Any CPU
		{FB23BD72-AEC3-485E-B86C-8E7DB0B3BB9B}.Debug|x86.Build.0 = Debug|Any CPU
		{FB23BD72-AEC3-485E-B86C-8E7DB0B3BB9B}.Release|Any CPU.ActiveCfg = Release|Any CPU
		{FB23BD72-AEC3-485E-B86C-8E7DB0B3BB9B}.Release|Any CPU.Build.0 = Release|Any CPU
		{FB23BD72-AEC3-485E-B86C-8E7DB0B3BB9B}.Release|x86.ActiveCfg = Release|Any CPU
		{FB23BD72-AEC3-485E-B86C-8E7DB0B3BB9B}.Release|x86.Build.0 = Release|Any CPU
		{408E5ACC-EA9A-41E8-AA95-514C5F47BD34}.Debug|Any CPU.ActiveCfg = Debug|Any CPU
		{408E5ACC-EA9A-41E8-AA95-514C5F47BD34}.Debug|Any CPU.Build.0 = Debug|Any CPU
		{408E5ACC-EA9A-41E8-AA95-514C5F47BD34}.Debug|x86.ActiveCfg = Debug|Any CPU
		{408E5ACC-EA9A-41E8-AA95-514C5F47BD34}.Debug|x86.Build.0 = Debug|Any CPU
		{408E5ACC-EA9A-41E8-AA95-514C5F47BD34}.Release|Any CPU.ActiveCfg = Release|Any CPU
		{408E5ACC-EA9A-41E8-AA95-514C5F47BD34}.Release|Any CPU.Build.0 = Release|Any CPU
		{408E5ACC-EA9A-41E8-AA95-514C5F47BD34}.Release|x86.ActiveCfg = Release|Any CPU
		{408E5ACC-EA9A-41E8-AA95-514C5F47BD34}.Release|x86.Build.0 = Release|Any CPU
		{B7077A34-D7F0-4422-BE7C-65DF26C65489}.Debug|Any CPU.ActiveCfg = Debug|Any CPU
		{B7077A34-D7F0-4422-BE7C-65DF26C65489}.Debug|Any CPU.Build.0 = Debug|Any CPU
		{B7077A34-D7F0-4422-BE7C-65DF26C65489}.Debug|x86.ActiveCfg = Debug|Any CPU
		{B7077A34-D7F0-4422-BE7C-65DF26C65489}.Debug|x86.Build.0 = Debug|Any CPU
		{B7077A34-D7F0-4422-BE7C-65DF26C65489}.Release|Any CPU.ActiveCfg = Release|Any CPU
		{B7077A34-D7F0-4422-BE7C-65DF26C65489}.Release|Any CPU.Build.0 = Release|Any CPU
		{B7077A34-D7F0-4422-BE7C-65DF26C65489}.Release|x86.ActiveCfg = Release|Any CPU
		{B7077A34-D7F0-4422-BE7C-65DF26C65489}.Release|x86.Build.0 = Release|Any CPU
		{4D219A6D-4528-4622-AF29-96F830C4D076}.Debug|Any CPU.ActiveCfg = Debug|Any CPU
		{4D219A6D-4528-4622-AF29-96F830C4D076}.Debug|Any CPU.Build.0 = Debug|Any CPU
		{4D219A6D-4528-4622-AF29-96F830C4D076}.Debug|x86.ActiveCfg = Debug|Any CPU
		{4D219A6D-4528-4622-AF29-96F830C4D076}.Debug|x86.Build.0 = Debug|Any CPU
		{4D219A6D-4528-4622-AF29-96F830C4D076}.Release|Any CPU.ActiveCfg = Release|Any CPU
		{4D219A6D-4528-4622-AF29-96F830C4D076}.Release|Any CPU.Build.0 = Release|Any CPU
		{4D219A6D-4528-4622-AF29-96F830C4D076}.Release|x86.ActiveCfg = Release|Any CPU
		{4D219A6D-4528-4622-AF29-96F830C4D076}.Release|x86.Build.0 = Release|Any CPU
		{6CBABA8D-4207-4E1E-8122-63DB51D25F18}.Debug|Any CPU.ActiveCfg = Debug|Any CPU
		{6CBABA8D-4207-4E1E-8122-63DB51D25F18}.Debug|Any CPU.Build.0 = Debug|Any CPU
		{6CBABA8D-4207-4E1E-8122-63DB51D25F18}.Debug|x86.ActiveCfg = Debug|Any CPU
		{6CBABA8D-4207-4E1E-8122-63DB51D25F18}.Debug|x86.Build.0 = Debug|Any CPU
		{6CBABA8D-4207-4E1E-8122-63DB51D25F18}.Release|Any CPU.ActiveCfg = Release|Any CPU
		{6CBABA8D-4207-4E1E-8122-63DB51D25F18}.Release|Any CPU.Build.0 = Release|Any CPU
		{6CBABA8D-4207-4E1E-8122-63DB51D25F18}.Release|x86.ActiveCfg = Release|Any CPU
		{6CBABA8D-4207-4E1E-8122-63DB51D25F18}.Release|x86.Build.0 = Release|Any CPU
		{16ECD6DE-6F65-4A5C-8B49-A29782D9D057}.Debug|Any CPU.ActiveCfg = Debug|Any CPU
		{16ECD6DE-6F65-4A5C-8B49-A29782D9D057}.Debug|Any CPU.Build.0 = Debug|Any CPU
		{16ECD6DE-6F65-4A5C-8B49-A29782D9D057}.Debug|x86.ActiveCfg = Debug|Any CPU
		{16ECD6DE-6F65-4A5C-8B49-A29782D9D057}.Debug|x86.Build.0 = Debug|Any CPU
		{16ECD6DE-6F65-4A5C-8B49-A29782D9D057}.Release|Any CPU.ActiveCfg = Release|Any CPU
		{16ECD6DE-6F65-4A5C-8B49-A29782D9D057}.Release|Any CPU.Build.0 = Release|Any CPU
		{16ECD6DE-6F65-4A5C-8B49-A29782D9D057}.Release|x86.ActiveCfg = Release|Any CPU
		{16ECD6DE-6F65-4A5C-8B49-A29782D9D057}.Release|x86.Build.0 = Release|Any CPU
		{F588033A-6B7D-4ABF-96C4-73D8B2271A6B}.Debug|Any CPU.ActiveCfg = Debug|Any CPU
		{F588033A-6B7D-4ABF-96C4-73D8B2271A6B}.Debug|Any CPU.Build.0 = Debug|Any CPU
		{F588033A-6B7D-4ABF-96C4-73D8B2271A6B}.Debug|x86.ActiveCfg = Debug|Any CPU
		{F588033A-6B7D-4ABF-96C4-73D8B2271A6B}.Debug|x86.Build.0 = Debug|Any CPU
		{F588033A-6B7D-4ABF-96C4-73D8B2271A6B}.Release|Any CPU.ActiveCfg = Release|Any CPU
		{F588033A-6B7D-4ABF-96C4-73D8B2271A6B}.Release|Any CPU.Build.0 = Release|Any CPU
		{F588033A-6B7D-4ABF-96C4-73D8B2271A6B}.Release|x86.ActiveCfg = Release|Any CPU
		{F588033A-6B7D-4ABF-96C4-73D8B2271A6B}.Release|x86.Build.0 = Release|Any CPU
		{756ECECD-B213-42F0-BF58-4A91B4C47FAA}.Debug|Any CPU.ActiveCfg = Debug|Any CPU
		{756ECECD-B213-42F0-BF58-4A91B4C47FAA}.Debug|Any CPU.Build.0 = Debug|Any CPU
		{756ECECD-B213-42F0-BF58-4A91B4C47FAA}.Debug|x86.ActiveCfg = Debug|Any CPU
		{756ECECD-B213-42F0-BF58-4A91B4C47FAA}.Debug|x86.Build.0 = Debug|Any CPU
		{756ECECD-B213-42F0-BF58-4A91B4C47FAA}.Release|Any CPU.ActiveCfg = Release|Any CPU
		{756ECECD-B213-42F0-BF58-4A91B4C47FAA}.Release|Any CPU.Build.0 = Release|Any CPU
		{756ECECD-B213-42F0-BF58-4A91B4C47FAA}.Release|x86.ActiveCfg = Release|Any CPU
		{756ECECD-B213-42F0-BF58-4A91B4C47FAA}.Release|x86.Build.0 = Release|Any CPU
		{C000BFB2-DFDE-4B1E-BDA6-988B30370C7A}.Debug|Any CPU.ActiveCfg = Debug|Any CPU
		{C000BFB2-DFDE-4B1E-BDA6-988B30370C7A}.Debug|Any CPU.Build.0 = Debug|Any CPU
		{C000BFB2-DFDE-4B1E-BDA6-988B30370C7A}.Debug|x86.ActiveCfg = Debug|Any CPU
		{C000BFB2-DFDE-4B1E-BDA6-988B30370C7A}.Debug|x86.Build.0 = Debug|Any CPU
		{C000BFB2-DFDE-4B1E-BDA6-988B30370C7A}.Release|Any CPU.ActiveCfg = Release|Any CPU
		{C000BFB2-DFDE-4B1E-BDA6-988B30370C7A}.Release|Any CPU.Build.0 = Release|Any CPU
		{C000BFB2-DFDE-4B1E-BDA6-988B30370C7A}.Release|x86.ActiveCfg = Release|Any CPU
		{C000BFB2-DFDE-4B1E-BDA6-988B30370C7A}.Release|x86.Build.0 = Release|Any CPU
		{0C7C9F9D-6498-45E8-B77B-FF4D381C3297}.Debug|Any CPU.ActiveCfg = Debug|Any CPU
		{0C7C9F9D-6498-45E8-B77B-FF4D381C3297}.Debug|Any CPU.Build.0 = Debug|Any CPU
		{0C7C9F9D-6498-45E8-B77B-FF4D381C3297}.Debug|x86.ActiveCfg = Debug|Any CPU
		{0C7C9F9D-6498-45E8-B77B-FF4D381C3297}.Debug|x86.Build.0 = Debug|Any CPU
		{0C7C9F9D-6498-45E8-B77B-FF4D381C3297}.Release|Any CPU.ActiveCfg = Release|Any CPU
		{0C7C9F9D-6498-45E8-B77B-FF4D381C3297}.Release|Any CPU.Build.0 = Release|Any CPU
		{0C7C9F9D-6498-45E8-B77B-FF4D381C3297}.Release|x86.ActiveCfg = Release|Any CPU
		{0C7C9F9D-6498-45E8-B77B-FF4D381C3297}.Release|x86.Build.0 = Release|Any CPU
		{3DD192AF-2D72-449F-936C-ED8734225B18}.Debug|Any CPU.ActiveCfg = Debug|Any CPU
		{3DD192AF-2D72-449F-936C-ED8734225B18}.Debug|Any CPU.Build.0 = Debug|Any CPU
		{3DD192AF-2D72-449F-936C-ED8734225B18}.Debug|x86.ActiveCfg = Debug|Any CPU
		{3DD192AF-2D72-449F-936C-ED8734225B18}.Debug|x86.Build.0 = Debug|Any CPU
		{3DD192AF-2D72-449F-936C-ED8734225B18}.Release|Any CPU.ActiveCfg = Release|Any CPU
		{3DD192AF-2D72-449F-936C-ED8734225B18}.Release|Any CPU.Build.0 = Release|Any CPU
		{3DD192AF-2D72-449F-936C-ED8734225B18}.Release|x86.ActiveCfg = Release|Any CPU
		{3DD192AF-2D72-449F-936C-ED8734225B18}.Release|x86.Build.0 = Release|Any CPU
		{FF46829E-B612-4D36-80BE-ED04521AD91A}.Debug|Any CPU.ActiveCfg = Debug|Any CPU
		{FF46829E-B612-4D36-80BE-ED04521AD91A}.Debug|Any CPU.Build.0 = Debug|Any CPU
		{FF46829E-B612-4D36-80BE-ED04521AD91A}.Debug|x86.ActiveCfg = Debug|Any CPU
		{FF46829E-B612-4D36-80BE-ED04521AD91A}.Debug|x86.Build.0 = Debug|Any CPU
		{FF46829E-B612-4D36-80BE-ED04521AD91A}.Release|Any CPU.ActiveCfg = Release|Any CPU
		{FF46829E-B612-4D36-80BE-ED04521AD91A}.Release|Any CPU.Build.0 = Release|Any CPU
		{FF46829E-B612-4D36-80BE-ED04521AD91A}.Release|x86.ActiveCfg = Release|Any CPU
		{FF46829E-B612-4D36-80BE-ED04521AD91A}.Release|x86.Build.0 = Release|Any CPU
		{D0EABA08-88C9-4F7C-BCA9-361B58B20D67}.Debug|Any CPU.ActiveCfg = Debug|Any CPU
		{D0EABA08-88C9-4F7C-BCA9-361B58B20D67}.Debug|Any CPU.Build.0 = Debug|Any CPU
		{D0EABA08-88C9-4F7C-BCA9-361B58B20D67}.Debug|x86.ActiveCfg = Debug|Any CPU
		{D0EABA08-88C9-4F7C-BCA9-361B58B20D67}.Debug|x86.Build.0 = Debug|Any CPU
		{D0EABA08-88C9-4F7C-BCA9-361B58B20D67}.Release|Any CPU.ActiveCfg = Release|Any CPU
		{D0EABA08-88C9-4F7C-BCA9-361B58B20D67}.Release|Any CPU.Build.0 = Release|Any CPU
		{D0EABA08-88C9-4F7C-BCA9-361B58B20D67}.Release|x86.ActiveCfg = Release|Any CPU
		{D0EABA08-88C9-4F7C-BCA9-361B58B20D67}.Release|x86.Build.0 = Release|Any CPU
		{D21A7C6C-A696-4EC3-84EB-70700C1E3B34}.Debug|Any CPU.ActiveCfg = Debug|Any CPU
		{D21A7C6C-A696-4EC3-84EB-70700C1E3B34}.Debug|Any CPU.Build.0 = Debug|Any CPU
		{D21A7C6C-A696-4EC3-84EB-70700C1E3B34}.Debug|x86.ActiveCfg = Debug|Any CPU
		{D21A7C6C-A696-4EC3-84EB-70700C1E3B34}.Debug|x86.Build.0 = Debug|Any CPU
		{D21A7C6C-A696-4EC3-84EB-70700C1E3B34}.Release|Any CPU.ActiveCfg = Release|Any CPU
		{D21A7C6C-A696-4EC3-84EB-70700C1E3B34}.Release|Any CPU.Build.0 = Release|Any CPU
		{D21A7C6C-A696-4EC3-84EB-70700C1E3B34}.Release|x86.ActiveCfg = Release|Any CPU
		{D21A7C6C-A696-4EC3-84EB-70700C1E3B34}.Release|x86.Build.0 = Release|Any CPU
		{0DF97CAC-220B-4DAD-B397-42E394255763}.Debug|Any CPU.ActiveCfg = Debug|Any CPU
		{0DF97CAC-220B-4DAD-B397-42E394255763}.Debug|Any CPU.Build.0 = Debug|Any CPU
		{0DF97CAC-220B-4DAD-B397-42E394255763}.Debug|x86.ActiveCfg = Debug|Any CPU
		{0DF97CAC-220B-4DAD-B397-42E394255763}.Debug|x86.Build.0 = Debug|Any CPU
		{0DF97CAC-220B-4DAD-B397-42E394255763}.Release|Any CPU.ActiveCfg = Release|Any CPU
		{0DF97CAC-220B-4DAD-B397-42E394255763}.Release|Any CPU.Build.0 = Release|Any CPU
		{0DF97CAC-220B-4DAD-B397-42E394255763}.Release|x86.ActiveCfg = Release|Any CPU
		{0DF97CAC-220B-4DAD-B397-42E394255763}.Release|x86.Build.0 = Release|Any CPU
		{2992AA07-E126-4EE0-B31C-D0B2ADE3393A}.Debug|Any CPU.ActiveCfg = Debug|Any CPU
		{2992AA07-E126-4EE0-B31C-D0B2ADE3393A}.Debug|Any CPU.Build.0 = Debug|Any CPU
		{2992AA07-E126-4EE0-B31C-D0B2ADE3393A}.Debug|x86.ActiveCfg = Debug|Any CPU
		{2992AA07-E126-4EE0-B31C-D0B2ADE3393A}.Debug|x86.Build.0 = Debug|Any CPU
		{2992AA07-E126-4EE0-B31C-D0B2ADE3393A}.Release|Any CPU.ActiveCfg = Release|Any CPU
		{2992AA07-E126-4EE0-B31C-D0B2ADE3393A}.Release|Any CPU.Build.0 = Release|Any CPU
		{2992AA07-E126-4EE0-B31C-D0B2ADE3393A}.Release|x86.ActiveCfg = Release|Any CPU
		{2992AA07-E126-4EE0-B31C-D0B2ADE3393A}.Release|x86.Build.0 = Release|Any CPU
		{3421E19D-16C7-4593-9F6B-291ECB86A3EB}.Debug|Any CPU.ActiveCfg = Debug|Any CPU
		{3421E19D-16C7-4593-9F6B-291ECB86A3EB}.Debug|Any CPU.Build.0 = Debug|Any CPU
		{3421E19D-16C7-4593-9F6B-291ECB86A3EB}.Debug|x86.ActiveCfg = Debug|Any CPU
		{3421E19D-16C7-4593-9F6B-291ECB86A3EB}.Debug|x86.Build.0 = Debug|Any CPU
		{3421E19D-16C7-4593-9F6B-291ECB86A3EB}.Release|Any CPU.ActiveCfg = Release|Any CPU
		{3421E19D-16C7-4593-9F6B-291ECB86A3EB}.Release|Any CPU.Build.0 = Release|Any CPU
		{3421E19D-16C7-4593-9F6B-291ECB86A3EB}.Release|x86.ActiveCfg = Release|Any CPU
		{3421E19D-16C7-4593-9F6B-291ECB86A3EB}.Release|x86.Build.0 = Release|Any CPU
		{FD509DE0-21DA-4C40-A5CE-767311C6F084}.Debug|Any CPU.ActiveCfg = Debug|Any CPU
		{FD509DE0-21DA-4C40-A5CE-767311C6F084}.Debug|Any CPU.Build.0 = Debug|Any CPU
		{FD509DE0-21DA-4C40-A5CE-767311C6F084}.Debug|x86.ActiveCfg = Debug|Any CPU
		{FD509DE0-21DA-4C40-A5CE-767311C6F084}.Debug|x86.Build.0 = Debug|Any CPU
		{FD509DE0-21DA-4C40-A5CE-767311C6F084}.Release|Any CPU.ActiveCfg = Release|Any CPU
		{FD509DE0-21DA-4C40-A5CE-767311C6F084}.Release|Any CPU.Build.0 = Release|Any CPU
		{FD509DE0-21DA-4C40-A5CE-767311C6F084}.Release|x86.ActiveCfg = Release|Any CPU
		{FD509DE0-21DA-4C40-A5CE-767311C6F084}.Release|x86.Build.0 = Release|Any CPU
		{65EE0B97-D3F0-400D-B432-85FF5553C44E}.Debug|Any CPU.ActiveCfg = Debug|Any CPU
		{65EE0B97-D3F0-400D-B432-85FF5553C44E}.Debug|Any CPU.Build.0 = Debug|Any CPU
		{65EE0B97-D3F0-400D-B432-85FF5553C44E}.Debug|x86.ActiveCfg = Debug|Any CPU
		{65EE0B97-D3F0-400D-B432-85FF5553C44E}.Debug|x86.Build.0 = Debug|Any CPU
		{65EE0B97-D3F0-400D-B432-85FF5553C44E}.Release|Any CPU.ActiveCfg = Release|Any CPU
		{65EE0B97-D3F0-400D-B432-85FF5553C44E}.Release|Any CPU.Build.0 = Release|Any CPU
		{65EE0B97-D3F0-400D-B432-85FF5553C44E}.Release|x86.ActiveCfg = Release|Any CPU
		{65EE0B97-D3F0-400D-B432-85FF5553C44E}.Release|x86.Build.0 = Release|Any CPU
		{8574E797-7C48-4F12-B537-4F927BCBA93B}.Debug|Any CPU.ActiveCfg = Debug|Any CPU
		{8574E797-7C48-4F12-B537-4F927BCBA93B}.Debug|Any CPU.Build.0 = Debug|Any CPU
		{8574E797-7C48-4F12-B537-4F927BCBA93B}.Debug|x86.ActiveCfg = Debug|Any CPU
		{8574E797-7C48-4F12-B537-4F927BCBA93B}.Debug|x86.Build.0 = Debug|Any CPU
		{8574E797-7C48-4F12-B537-4F927BCBA93B}.Release|Any CPU.ActiveCfg = Release|Any CPU
		{8574E797-7C48-4F12-B537-4F927BCBA93B}.Release|Any CPU.Build.0 = Release|Any CPU
		{8574E797-7C48-4F12-B537-4F927BCBA93B}.Release|x86.ActiveCfg = Release|Any CPU
		{8574E797-7C48-4F12-B537-4F927BCBA93B}.Release|x86.Build.0 = Release|Any CPU
		{6FD558D2-532B-45EF-AC5D-9163B33C919F}.Debug|Any CPU.ActiveCfg = Debug|Any CPU
		{6FD558D2-532B-45EF-AC5D-9163B33C919F}.Debug|Any CPU.Build.0 = Debug|Any CPU
		{6FD558D2-532B-45EF-AC5D-9163B33C919F}.Debug|x86.ActiveCfg = Debug|Any CPU
		{6FD558D2-532B-45EF-AC5D-9163B33C919F}.Debug|x86.Build.0 = Debug|Any CPU
		{6FD558D2-532B-45EF-AC5D-9163B33C919F}.Release|Any CPU.ActiveCfg = Release|Any CPU
		{6FD558D2-532B-45EF-AC5D-9163B33C919F}.Release|Any CPU.Build.0 = Release|Any CPU
		{6FD558D2-532B-45EF-AC5D-9163B33C919F}.Release|x86.ActiveCfg = Release|Any CPU
		{6FD558D2-532B-45EF-AC5D-9163B33C919F}.Release|x86.Build.0 = Release|Any CPU
		{99E24E61-0743-47FF-AB0A-55A36C5E184C}.Debug|Any CPU.ActiveCfg = Debug|Any CPU
		{99E24E61-0743-47FF-AB0A-55A36C5E184C}.Debug|Any CPU.Build.0 = Debug|Any CPU
		{99E24E61-0743-47FF-AB0A-55A36C5E184C}.Debug|x86.ActiveCfg = Debug|Any CPU
		{99E24E61-0743-47FF-AB0A-55A36C5E184C}.Debug|x86.Build.0 = Debug|Any CPU
		{99E24E61-0743-47FF-AB0A-55A36C5E184C}.Release|Any CPU.ActiveCfg = Release|Any CPU
		{99E24E61-0743-47FF-AB0A-55A36C5E184C}.Release|Any CPU.Build.0 = Release|Any CPU
		{99E24E61-0743-47FF-AB0A-55A36C5E184C}.Release|x86.ActiveCfg = Release|Any CPU
		{99E24E61-0743-47FF-AB0A-55A36C5E184C}.Release|x86.Build.0 = Release|Any CPU
		{970C5E07-5D09-4882-949C-A8E876B22732}.Debug|Any CPU.ActiveCfg = Debug|Any CPU
		{970C5E07-5D09-4882-949C-A8E876B22732}.Debug|Any CPU.Build.0 = Debug|Any CPU
		{970C5E07-5D09-4882-949C-A8E876B22732}.Debug|x86.ActiveCfg = Debug|Any CPU
		{970C5E07-5D09-4882-949C-A8E876B22732}.Debug|x86.Build.0 = Debug|Any CPU
		{970C5E07-5D09-4882-949C-A8E876B22732}.Release|Any CPU.ActiveCfg = Release|Any CPU
		{970C5E07-5D09-4882-949C-A8E876B22732}.Release|Any CPU.Build.0 = Release|Any CPU
		{970C5E07-5D09-4882-949C-A8E876B22732}.Release|x86.ActiveCfg = Release|Any CPU
		{970C5E07-5D09-4882-949C-A8E876B22732}.Release|x86.Build.0 = Release|Any CPU
		{BB6A5306-4C7A-4973-A48E-9FE3E683EAEC}.Debug|Any CPU.ActiveCfg = Debug|Any CPU
		{BB6A5306-4C7A-4973-A48E-9FE3E683EAEC}.Debug|Any CPU.Build.0 = Debug|Any CPU
		{BB6A5306-4C7A-4973-A48E-9FE3E683EAEC}.Debug|x86.ActiveCfg = Debug|Any CPU
		{BB6A5306-4C7A-4973-A48E-9FE3E683EAEC}.Debug|x86.Build.0 = Debug|Any CPU
		{BB6A5306-4C7A-4973-A48E-9FE3E683EAEC}.Release|Any CPU.ActiveCfg = Release|Any CPU
		{BB6A5306-4C7A-4973-A48E-9FE3E683EAEC}.Release|Any CPU.Build.0 = Release|Any CPU
		{BB6A5306-4C7A-4973-A48E-9FE3E683EAEC}.Release|x86.ActiveCfg = Release|Any CPU
		{BB6A5306-4C7A-4973-A48E-9FE3E683EAEC}.Release|x86.Build.0 = Release|Any CPU
	EndGlobalSection
	GlobalSection(SolutionProperties) = preSolution
		HideSolutionNode = FALSE
	EndGlobalSection
	GlobalSection(NestedProjects) = preSolution
		{0CDB3F6E-7971-426B-81F8-38B966A54C2B} = {E9CD521E-C386-466D-B5F7-A5EB19A61625}
		{F74A4B2B-02DA-455A-89FB-803A442B5B2C} = {DAEF99B5-22F0-4885-B45B-9B600B857E1C}
		{4F903492-CCA6-4FD9-A1B6-5E4CC0CE7767} = {C286932C-3F6D-47F0-BEEF-26843D1BB11B}
		{34AEEB7C-FD5D-4B15-A830-B429681844BD} = {C286932C-3F6D-47F0-BEEF-26843D1BB11B}
		{A97A1EF7-AEEC-43F3-8CB0-5C7269DC7E85} = {F7C6CA93-1D02-443C-9C8B-A1988DE0306B}
		{BA661F30-9F3B-4356-B47B-D9C9375A473B} = {F7C6CA93-1D02-443C-9C8B-A1988DE0306B}
		{5049175E-F1EE-4D8F-8354-F547444B8F10} = {F7C6CA93-1D02-443C-9C8B-A1988DE0306B}
		{C9826909-2E5E-4453-93FA-B6BE4503DF02} = {F7C6CA93-1D02-443C-9C8B-A1988DE0306B}
		{ECC4319F-A844-45B8-BF63-2FD04F05E56A} = {F7C6CA93-1D02-443C-9C8B-A1988DE0306B}
		{1425715D-1C93-44C7-8BB5-F124F195A41A} = {D651C346-95CF-4AE9-B309-DB2A1A512811}
		{9F5F046A-1BB1-4208-ADBE-C9417F2A8A48} = {65532163-618F-41F2-B39C-6F6022483158}
		{09099C80-8262-486A-94A5-492F51B08823} = {170A7DE2-E899-4E92-A12B-E68876C9B2A5}
		{9AF5BD03-8A49-49DC-A56E-3AE8DA6B0FF4} = {04B18FFC-8EA0-4E9F-9E1B-478527B19AFA}
		{4AC1AFCE-C8CE-484D-AE22-F9EE27008FAF} = {0259702E-9575-4852-A641-5F9714A9C740}
		{72EB557A-8A2D-4B0F-823E-C70A791831B5} = {E9CD521E-C386-466D-B5F7-A5EB19A61625}
		{1132E689-18B0-4D87-94E8-934D4802C540} = {04B18FFC-8EA0-4E9F-9E1B-478527B19AFA}
		{7E450662-B34C-49B0-A826-F45AD3A18891} = {65532163-618F-41F2-B39C-6F6022483158}
		{9431FF1F-AD75-4A1E-B38A-46E0F109411D} = {0259702E-9575-4852-A641-5F9714A9C740}
		{04B18FFC-8EA0-4E9F-9E1B-478527B19AFA} = {9A923E6F-FF63-4F02-A4EA-C2D44F9323FD}
		{D651C346-95CF-4AE9-B309-DB2A1A512811} = {9A923E6F-FF63-4F02-A4EA-C2D44F9323FD}
		{0259702E-9575-4852-A641-5F9714A9C740} = {9A923E6F-FF63-4F02-A4EA-C2D44F9323FD}
		{170A7DE2-E899-4E92-A12B-E68876C9B2A5} = {9A923E6F-FF63-4F02-A4EA-C2D44F9323FD}
		{65532163-618F-41F2-B39C-6F6022483158} = {9A923E6F-FF63-4F02-A4EA-C2D44F9323FD}
		{A2E6978B-FE78-433C-8A17-624579B393DF} = {CFE37077-B9BD-4430-8DA0-F9F02DFD14C3}
		{295AA95F-BEC6-4F9E-A2E1-8205FD06E951} = {C286932C-3F6D-47F0-BEEF-26843D1BB11B}
		{ECEA7778-E786-4317-90B9-A2D4427CB91C} = {1A46752C-98F3-4DE3-B1FB-EDCE22E8AF73}
		{29EEC029-6A2B-478A-B6E5-D63A91388ABA} = {1A46752C-98F3-4DE3-B1FB-EDCE22E8AF73}
		{0E67EFE8-5944-4F6C-8B47-C5E06D4C79F5} = {1A46752C-98F3-4DE3-B1FB-EDCE22E8AF73}
		{52D81759-C7CC-427F-8C96-89CA10C914B5} = {1A46752C-98F3-4DE3-B1FB-EDCE22E8AF73}
		{39D2CC10-CD6B-4BC3-B42C-CA26004D38EB} = {ECEA7778-E786-4317-90B9-A2D4427CB91C}
		{63C45839-60B2-41BC-973E-C2EF11F33E34} = {0E67EFE8-5944-4F6C-8B47-C5E06D4C79F5}
		{EDDF5700-D198-491B-B94C-D63916F8BA70} = {0E67EFE8-5944-4F6C-8B47-C5E06D4C79F5}
		{3402C6D1-4F86-42C4-881E-DA69FD851CD9} = {0E67EFE8-5944-4F6C-8B47-C5E06D4C79F5}
		{8CB21203-0659-473A-8C7E-D5B178F00041} = {ECEA7778-E786-4317-90B9-A2D4427CB91C}
		{8F2B0616-46D1-4BC2-95EE-AB9533E676D0} = {ECEA7778-E786-4317-90B9-A2D4427CB91C}
		{E78BE459-4E5F-4830-911A-9E23B9981410} = {ECEA7778-E786-4317-90B9-A2D4427CB91C}
		{73BB6747-106D-44EE-BE78-21238A7510C1} = {ECEA7778-E786-4317-90B9-A2D4427CB91C}
		{6575A354-AB4D-4BD1-989C-DAD9E725E5EB} = {29EEC029-6A2B-478A-B6E5-D63A91388ABA}
		{AD34EE2D-9665-402E-A349-554330D1A970} = {ECEA7778-E786-4317-90B9-A2D4427CB91C}
		{D42E1F90-D9D5-4882-9103-758840382574} = {ECEA7778-E786-4317-90B9-A2D4427CB91C}
		{1B72C465-A0F6-4865-836B-2334E3F3376F} = {29EEC029-6A2B-478A-B6E5-D63A91388ABA}
		{361F9108-91F2-4C9F-BE90-12732DF72B8D} = {ECEA7778-E786-4317-90B9-A2D4427CB91C}
		{6D59FC7A-6F27-4140-BA41-F89126490C4C} = {0E67EFE8-5944-4F6C-8B47-C5E06D4C79F5}
		{FB23BD72-AEC3-485E-B86C-8E7DB0B3BB9B} = {ECEA7778-E786-4317-90B9-A2D4427CB91C}
		{408E5ACC-EA9A-41E8-AA95-514C5F47BD34} = {52D81759-C7CC-427F-8C96-89CA10C914B5}
		{B7077A34-D7F0-4422-BE7C-65DF26C65489} = {04B18FFC-8EA0-4E9F-9E1B-478527B19AFA}
		{29B893F7-6C0F-4710-A60E-7FB3498BCA63} = {99192440-2DD7-4E71-B730-D44A73F46533}
		{B4CB7BF5-CADF-4056-9C09-EAAC50BC76C0} = {99192440-2DD7-4E71-B730-D44A73F46533}
		{E4299234-8323-43F6-B684-350A1232746B} = {99192440-2DD7-4E71-B730-D44A73F46533}
		{DE38917F-969B-486C-AF83-C59E5E52400A} = {99192440-2DD7-4E71-B730-D44A73F46533}
		{02FF94AF-6BA3-49ED-A027-A63F591C310D} = {99192440-2DD7-4E71-B730-D44A73F46533}
		{1FC213DE-5033-40E1-9C16-5F1A0CDC9693} = {99192440-2DD7-4E71-B730-D44A73F46533}
		{4D219A6D-4528-4622-AF29-96F830C4D076} = {29B893F7-6C0F-4710-A60E-7FB3498BCA63}
		{6CBABA8D-4207-4E1E-8122-63DB51D25F18} = {B4CB7BF5-CADF-4056-9C09-EAAC50BC76C0}
		{16ECD6DE-6F65-4A5C-8B49-A29782D9D057} = {E4299234-8323-43F6-B684-350A1232746B}
		{F588033A-6B7D-4ABF-96C4-73D8B2271A6B} = {DE38917F-969B-486C-AF83-C59E5E52400A}
		{756ECECD-B213-42F0-BF58-4A91B4C47FAA} = {1FC213DE-5033-40E1-9C16-5F1A0CDC9693}
		{C000BFB2-DFDE-4B1E-BDA6-988B30370C7A} = {929EE8ED-6AD3-4442-A0C1-EC70665F2DCF}
		{0C7C9F9D-6498-45E8-B77B-FF4D381C3297} = {29B893F7-6C0F-4710-A60E-7FB3498BCA63}
		{3DD192AF-2D72-449F-936C-ED8734225B18} = {C286932C-3F6D-47F0-BEEF-26843D1BB11B}
		{929EE8ED-6AD3-4442-A0C1-EC70665F2DCF} = {99192440-2DD7-4E71-B730-D44A73F46533}
		{FF46829E-B612-4D36-80BE-ED04521AD91A} = {E9CD521E-C386-466D-B5F7-A5EB19A61625}
		{D0EABA08-88C9-4F7C-BCA9-361B58B20D67} = {E9CD521E-C386-466D-B5F7-A5EB19A61625}
		{D21A7C6C-A696-4EC3-84EB-70700C1E3B34} = {ECEA7778-E786-4317-90B9-A2D4427CB91C}
		{0DF97CAC-220B-4DAD-B397-42E394255763} = {ECEA7778-E786-4317-90B9-A2D4427CB91C}
		{2992AA07-E126-4EE0-B31C-D0B2ADE3393A} = {0E67EFE8-5944-4F6C-8B47-C5E06D4C79F5}
		{3421E19D-16C7-4593-9F6B-291ECB86A3EB} = {F7C6CA93-1D02-443C-9C8B-A1988DE0306B}
		{FD509DE0-21DA-4C40-A5CE-767311C6F084} = {ECEA7778-E786-4317-90B9-A2D4427CB91C}
		{65EE0B97-D3F0-400D-B432-85FF5553C44E} = {0E67EFE8-5944-4F6C-8B47-C5E06D4C79F5}
		{8574E797-7C48-4F12-B537-4F927BCBA93B} = {0E67EFE8-5944-4F6C-8B47-C5E06D4C79F5}
		{6FD558D2-532B-45EF-AC5D-9163B33C919F} = {52D81759-C7CC-427F-8C96-89CA10C914B5}
		{99E24E61-0743-47FF-AB0A-55A36C5E184C} = {52D81759-C7CC-427F-8C96-89CA10C914B5}
		{970C5E07-5D09-4882-949C-A8E876B22732} = {52D81759-C7CC-427F-8C96-89CA10C914B5}
		{BB6A5306-4C7A-4973-A48E-9FE3E683EAEC} = {29EEC029-6A2B-478A-B6E5-D63A91388ABA}
	EndGlobalSection
	GlobalSection(ExtensibilityGlobals) = postSolution
		SolutionGuid = {4418C803-277E-448F-A0A0-52788FA215AD}
	EndGlobalSection
EndGlobal
