
Microsoft Visual Studio Solution File, Format Version 12.00
# Visual Studio 14
VisualStudioVersion = 14.0.25420.1
MinimumVisualStudioVersion = 10.0.40219.1
Project("{FAE04EC0-301F-11D3-BF4B-00C04F79EFBC}") = "Cosmos.Build.Builder", "Cosmos.Build.Builder\Cosmos.Build.Builder.csproj", "{74A9329A-2B0B-4C0A-976C-E4FB7228D8B2}"
EndProject
Project("{FAE04EC0-301F-11D3-BF4B-00C04F79EFBC}") = "Cosmos.Build.Installer", "Cosmos.Build.Installer\Cosmos.Build.Installer.csproj", "{27D94586-FE88-4203-BE6A-C99013FD5018}"
EndProject
Global
	GlobalSection(SolutionConfigurationPlatforms) = preSolution
		Debug|Any CPU = Debug|Any CPU
		Debug|x64 = Debug|x64
		Debug|x86 = Debug|x86
		Release|Any CPU = Release|Any CPU
		Release|x64 = Release|x64
		Release|x86 = Release|x86
	EndGlobalSection
	GlobalSection(ProjectConfigurationPlatforms) = postSolution
		{74A9329A-2B0B-4C0A-976C-E4FB7228D8B2}.Debug|Any CPU.ActiveCfg = Debug|Any CPU
		{74A9329A-2B0B-4C0A-976C-E4FB7228D8B2}.Debug|Any CPU.Build.0 = Debug|Any CPU
		{74A9329A-2B0B-4C0A-976C-E4FB7228D8B2}.Debug|x64.ActiveCfg = Debug|x64
		{74A9329A-2B0B-4C0A-976C-E4FB7228D8B2}.Debug|x64.Build.0 = Debug|x64
		{74A9329A-2B0B-4C0A-976C-E4FB7228D8B2}.Debug|x86.ActiveCfg = Debug|x86
		{74A9329A-2B0B-4C0A-976C-E4FB7228D8B2}.Debug|x86.Build.0 = Debug|x86
		{74A9329A-2B0B-4C0A-976C-E4FB7228D8B2}.Release|Any CPU.ActiveCfg = Debug|Any CPU
		{74A9329A-2B0B-4C0A-976C-E4FB7228D8B2}.Release|Any CPU.Build.0 = Debug|Any CPU
		{74A9329A-2B0B-4C0A-976C-E4FB7228D8B2}.Release|x64.ActiveCfg = Release|x64
		{74A9329A-2B0B-4C0A-976C-E4FB7228D8B2}.Release|x64.Build.0 = Release|x64
		{74A9329A-2B0B-4C0A-976C-E4FB7228D8B2}.Release|x86.ActiveCfg = Release|x86
		{74A9329A-2B0B-4C0A-976C-E4FB7228D8B2}.Release|x86.Build.0 = Release|x86
		{27D94586-FE88-4203-BE6A-C99013FD5018}.Debug|Any CPU.ActiveCfg = Debug|Any CPU
		{27D94586-FE88-4203-BE6A-C99013FD5018}.Debug|Any CPU.Build.0 = Debug|Any CPU
		{27D94586-FE88-4203-BE6A-C99013FD5018}.Debug|x64.ActiveCfg = Debug|x64
		{27D94586-FE88-4203-BE6A-C99013FD5018}.Debug|x64.Build.0 = Debug|x64
		{27D94586-FE88-4203-BE6A-C99013FD5018}.Debug|x86.ActiveCfg = Debug|x86
		{27D94586-FE88-4203-BE6A-C99013FD5018}.Debug|x86.Build.0 = Debug|x86
		{27D94586-FE88-4203-BE6A-C99013FD5018}.Release|Any CPU.ActiveCfg = Debug|Any CPU
		{27D94586-FE88-4203-BE6A-C99013FD5018}.Release|Any CPU.Build.0 = Debug|Any CPU
		{27D94586-FE88-4203-BE6A-C99013FD5018}.Release|x64.ActiveCfg = Release|x64
		{27D94586-FE88-4203-BE6A-C99013FD5018}.Release|x64.Build.0 = Release|x64
		{27D94586-FE88-4203-BE6A-C99013FD5018}.Release|x86.ActiveCfg = Release|x86
		{27D94586-FE88-4203-BE6A-C99013FD5018}.Release|x86.Build.0 = Release|x86
	EndGlobalSection
	GlobalSection(SolutionProperties) = preSolution
		HideSolutionNode = FALSE
	EndGlobalSection
EndGlobal
