
Microsoft Visual Studio Solution File, Format Version 10.00
# Visual Studio 2008
Project("{FAE04EC0-301F-11D3-BF4B-00C04F79EFBC}") = "Cosmos.Hardware", "Cosmos\Cosmos.Hardware\Cosmos.Hardware.csproj", "{CE50FE98-9AC4-4B4D-ADC7-31F6DCD28755}"
EndProject
Project("{2150E333-8FDC-42A3-9474-1A3956D46DE8}") = "Kernel", "Kernel", "{0D558E33-78B0-47DB-B5EF-B7C2F3114D75}"
	ProjectSection(SolutionItems) = preProject
		ReadMe.html = ReadMe.html
	EndProjectSection
EndProject
Project("{FAE04EC0-301F-11D3-BF4B-00C04F79EFBC}") = "Cosmos.Kernel.Plugs", "Cosmos\Cosmos.Kernel.Plugs\Cosmos.Kernel.Plugs.csproj", "{B168BEDD-C6A6-4E7C-B9A5-0144286E9E42}"
EndProject
Project("{FAE04EC0-301F-11D3-BF4B-00C04F79EFBC}") = "Cosmos.Kernel", "Cosmos\Cosmos.Kernel\Cosmos.Kernel.csproj", "{A1F83D9F-2D44-4264-A08B-416797123018}"
EndProject
Project("{FAE04EC0-301F-11D3-BF4B-00C04F79EFBC}") = "Cosmos.Sys.FileSystem", "Cosmos.Kernel.FileSystems\Cosmos.Sys.FileSystem.csproj", "{5C293BB9-FB42-495E-AAD9-D15888631CA4}"
EndProject
Project("{FAE04EC0-301F-11D3-BF4B-00C04F79EFBC}") = "Cosmos.Sys", "Cosmos\Cosmos.System\Cosmos.Sys.csproj", "{819DB8FC-5DA1-461F-83C9-2F5C88088C94}"
EndProject
Project("{FAE04EC0-301F-11D3-BF4B-00C04F79EFBC}") = "Cosmos.Sys.Plugs", "Cosmos\Cosmos.Sys.Plugs\Cosmos.Sys.Plugs.csproj", "{6110AD07-EB07-4A99-BB73-7A69AF5732F1}"
EndProject
Project("{FAE04EC0-301F-11D3-BF4B-00C04F79EFBC}") = "Cosmos.Hardware.Plugs", "Cosmos.Hardware.Plugs\Cosmos.Hardware.Plugs.csproj", "{BCB66614-20FE-4184-B214-FD42844AD8A6}"
EndProject
Project("{2150E333-8FDC-42A3-9474-1A3956D46DE8}") = "Hardware", "Hardware", "{F18343D8-D22D-485B-A583-83C09A0C92B1}"
EndProject
Project("{2150E333-8FDC-42A3-9474-1A3956D46DE8}") = "Sys", "Sys", "{0CB1AFCD-F3D2-48A6-A6D1-103F6364B666}"
EndProject
Project("{2150E333-8FDC-42A3-9474-1A3956D46DE8}") = "New Sort (source2)", "New Sort (source2)", "{8D61B97D-E68E-47C6-AD72-95EA5768D0B2}"
EndProject
Project("{2150E333-8FDC-42A3-9474-1A3956D46DE8}") = "Build", "Build", "{D95021E1-A2C9-4829-819E-ED433AF13162}"
EndProject
Project("{FAE04EC0-301F-11D3-BF4B-00C04F79EFBC}") = "Cosmos.Build.Common", "..\source2\Build\Cosmos.Build.Common\Cosmos.Build.Common.csproj", "{0462E82B-8C29-41A9-8265-9C89038ADB29}"
EndProject
Project("{FAE04EC0-301F-11D3-BF4B-00C04F79EFBC}") = "Cosmos.Build.Launch", "..\source2\Build\Cosmos.Build.Launch\Cosmos.Build.Launch.csproj", "{3B8CD27E-9E91-4472-A4D9-9B3D581A5316}"
EndProject
Project("{FAE04EC0-301F-11D3-BF4B-00C04F79EFBC}") = "Cosmos.Build.MSBuild", "..\source2\Build\Cosmos.Build.MSBuild\Cosmos.Build.MSBuild.csproj", "{BC6AE974-1F18-4A19-A956-5062E4D3FD53}"
EndProject
Project("{2150E333-8FDC-42A3-9474-1A3956D46DE8}") = "Debug", "Debug", "{FF5BAFDE-AE9D-438D-935A-86B33EE0A758}"
EndProject
Project("{FAE04EC0-301F-11D3-BF4B-00C04F79EFBC}") = "Cosmos.Debug.Common", "..\source2\Debug\Cosmos.Debug.Common\Cosmos.Debug.Common.csproj", "{AB24E403-54F3-4F67-B5E0-119A7227AAC1}"
EndProject
Project("{FAE04EC0-301F-11D3-BF4B-00C04F79EFBC}") = "Cosmos.Debug.VSDebugEngine", "..\source2\Debug\Cosmos.Debug.VSDebugEngine\Cosmos.Debug.VSDebugEngine.csproj", "{6D2688FE-6FD8-44A8-B96A-6037457F72A7}"
EndProject
Project("{2150E333-8FDC-42A3-9474-1A3956D46DE8}") = "Demos", "Demos", "{1698DD83-72A3-44CD-B088-4320A4014A95}"
EndProject
Project("{2150E333-8FDC-42A3-9474-1A3956D46DE8}") = "Tests", "Tests", "{589A0B35-385A-4ADD-A1B2-B549C4F29A7A}"
EndProject
Project("{2150E333-8FDC-42A3-9474-1A3956D46DE8}") = "UserKit", "UserKit", "{84539024-0368-4B87-B435-445D2DF87003}"
EndProject
Project("{2150E333-8FDC-42A3-9474-1A3956D46DE8}") = "Users", "Users", "{A4478219-065D-4928-BB4D-4358CAD39A03}"
EndProject
Project("{2150E333-8FDC-42A3-9474-1A3956D46DE8}") = "Kudzu", "Kudzu", "{9D82B35C-7133-4ADE-AA5C-0FFB2BFA8BA6}"
	ProjectSection(SolutionItems) = preProject
		..\source2\Users\Kudzu\Notes.html = ..\source2\Users\Kudzu\Notes.html
		..\source2\Users\Kudzu\Old-IDANotes.html = ..\source2\Users\Kudzu\Old-IDANotes.html
	EndProjectSection
EndProject
Project("{2150E333-8FDC-42A3-9474-1A3956D46DE8}") = "Utils", "Utils", "{74E81F2A-F4BD-4532-803B-3003378BA2F1}"
EndProject
Project("{2150E333-8FDC-42A3-9474-1A3956D46DE8}") = "VSIP", "VSIP", "{CD3F5E45-8B24-424F-ADF1-0211712F4CB7}"
EndProject
Project("{FAE04EC0-301F-11D3-BF4B-00C04F79EFBC}") = "Cosmos.VS.Package", "..\source2\VSIP\Cosmos.VS.Package\Cosmos.VS.Package.csproj", "{61535AF6-4A1E-4691-B2BC-039851EF4850}"
EndProject
Project("{2150E333-8FDC-42A3-9474-1A3956D46DE8}") = "IL2CPU", "IL2CPU", "{35CABD9D-5C85-419A-B6C9-561EAD97A553}"
EndProject
Project("{FAE04EC0-301F-11D3-BF4B-00C04F79EFBC}") = "Cosmos.IL2CPU", "..\source2\IL2PCU\Cosmos.IL2CPU\Cosmos.IL2CPU.csproj", "{239E33A7-F0C3-4801-85CA-4D8F89A31DC0}"
EndProject
Project("{FAE04EC0-301F-11D3-BF4B-00C04F79EFBC}") = "Cosmos.IL2CPU.Profiler", "..\source2\IL2PCU\Cosmos.IL2CPU.Profiler\Cosmos.IL2CPU.Profiler.csproj", "{F708C866-1C9B-4579-8C28-0728ECCFC1ED}"
EndProject
Project("{FAE04EC0-301F-11D3-BF4B-00C04F79EFBC}") = "Cosmos.IL2CPU.X86", "..\source2\IL2PCU\Cosmos.IL2CPU.X86\Cosmos.IL2CPU.X86.csproj", "{63F7BFB9-419E-4965-B580-304B9C9FA7D8}"
EndProject
Project("{FAE04EC0-301F-11D3-BF4B-00C04F79EFBC}") = "Cosmos.Hardware.SMBIOS", "Cosmos.Hardware.SMBIOS\Cosmos.Hardware.SMBIOS.csproj", "{B2F76E27-EAE1-4ECF-8A33-77B2CFBB9367}"
EndProject
Project("{2150E333-8FDC-42A3-9474-1A3956D46DE8}") = "Gero Landmann", "Gero Landmann", "{2DF5F17F-4890-4856-ADFD-4DE23282C3B7}"
EndProject
Project("{FAE04EC0-301F-11D3-BF4B-00C04F79EFBC}") = "Cosmos.Assembler.X86.Gero", "..\source2\Users\Gero Landmann\Cosmos.Assembler.X86.Gero\Cosmos.Assembler.X86.Gero.csproj", "{6658FCE0-7032-4B7B-BD95-F2765C393442}"
EndProject
Project("{FAE04EC0-301F-11D3-BF4B-00C04F79EFBC}") = "Cosmos.Debug.HostProcess", "..\source2\Debug\Cosmos.Debug.HostProcess\Cosmos.Debug.HostProcess.csproj", "{4266FA56-F6FE-4E9B-BAE3-B6910183884C}"
EndProject
Project("{FAE04EC0-301F-11D3-BF4B-00C04F79EFBC}") = "Cosmos.IL2CPU.X86.Tests", "..\source2\IL2PCU\Cosmos.IL2CPU.X86.Tests\Cosmos.IL2CPU.X86.Tests.csproj", "{52BF0A64-EBEF-420A-9F27-6C5226A4B77B}"
EndProject
Project("{471EC4BB-E47E-4229-A789-D1F5F83B52D4}") = "Breakpoints", "..\source2\Users\Kudzu\Breakpoints\Breakpoints.Cosmos", "{3EEE2ABA-87B3-4DD7-B6C5-BEF23D411136}"
EndProject
Project("{2150E333-8FDC-42A3-9474-1A3956D46DE8}") = "Matthijs ter Woord", "Matthijs ter Woord", "{0CF14D0F-6054-4D3D-9062-E3D2EB064A4E}"
EndProject
Project("{2150E333-8FDC-42A3-9474-1A3956D46DE8}") = "Testing", "Testing", "{3C6DFC2F-DE70-4B1C-A938-A9D3FE890520}"
EndProject
Project("{FAE04EC0-301F-11D3-BF4B-00C04F79EFBC}") = "Cosmos.IL2CPU.Plugs", "..\source2\IL2PCU\Cosmos.IL2CPU.Plugs\Cosmos.IL2CPU.Plugs.csproj", "{C801F19C-A9D3-42D5-9A57-9FFDF9B4D05E}"
EndProject
Project("{FAE04EC0-301F-11D3-BF4B-00C04F79EFBC}") = "Cosmos.Debug.GDB", "..\source2\Debug\Cosmos.Debug.GDB\Cosmos.Debug.GDB.csproj", "{3370FC04-B669-46A4-A4AA-A89540318F8D}"
EndProject
Project("{FAE04EC0-301F-11D3-BF4B-00C04F79EFBC}") = "EcmaCil", "..\source2\Users\Matthijs ter Woord\Testing\IRs\EcmaCil\EcmaCil.csproj", "{AE684C98-F100-47AE-9C8C-E71BF8C9F8AA}"
EndProject
Project("{2150E333-8FDC-42A3-9474-1A3956D46DE8}") = "IRs", "IRs", "{8D72B98D-8FB3-4731-A5EC-194D141AA431}"
EndProject
Project("{FAE04EC0-301F-11D3-BF4B-00C04F79EFBC}") = "UtilityClasses", "..\source2\Users\Matthijs ter Woord\Testing\UtilityClasses\UtilityClasses.csproj", "{54795C40-B3E8-4DBB-A3DE-FACBADD20ADB}"
EndProject
Project("{FAE04EC0-301F-11D3-BF4B-00C04F79EFBC}") = "ReflectionToEcmaCil", "..\source2\Users\Matthijs ter Woord\Testing\ReflectionToEcmaCil\ReflectionToEcmaCil.csproj", "{FD4B2006-B518-4884-B196-C2EF2B83FD6F}"
EndProject
Project("{FAE04EC0-301F-11D3-BF4B-00C04F79EFBC}") = "ReflectionToEcmaCil.Tests", "..\source2\Users\Matthijs ter Woord\Testing\ReflectionToEcmaCil.Tests\ReflectionToEcmaCil.Tests.csproj", "{0D162A82-CBC1-4A39-916D-E1079B212DDE}"
EndProject
Project("{FAE04EC0-301F-11D3-BF4B-00C04F79EFBC}") = "TestApp", "..\source2\Users\Matthijs ter Woord\Testing\TestApp\TestApp.csproj", "{47B9E5D3-A800-4402-AD6A-315FAF4E82F4}"
EndProject
Project("{2150E333-8FDC-42A3-9474-1A3956D46DE8}") = "FileToEcmaCilTests", "FileToEcmaCilTests", "{A9E19073-3AA0-487D-BBD2-D3E9132AF942}"
EndProject
Project("{FAE04EC0-301F-11D3-BF4B-00C04F79EFBC}") = "SimpleMethodsTest", "..\source2\Users\Matthijs ter Woord\Testing\FileToEcmaCilTests\SimpleMethodsTest\SimpleMethodsTest.csproj", "{B47ED632-1ACE-4516-9576-81E38BA092F1}"
EndProject
Project("{FAE04EC0-301F-11D3-BF4B-00C04F79EFBC}") = "SimpleClassTest", "..\source2\Users\Matthijs ter Woord\Testing\FileToEcmaCilTests\SimpleClassTest\SimpleClassTest.csproj", "{7A24BC15-49A3-43AF-AF2B-3681D9A06C62}"
EndProject
Project("{FAE04EC0-301F-11D3-BF4B-00C04F79EFBC}") = "SimpleClass2Test", "..\source2\Users\Matthijs ter Woord\Testing\FileToEcmaCilTests\SimpleClass2Test\SimpleClass2Test.csproj", "{8612AC0F-6C80-4F14-AFFA-7A96AFF18A6D}"
EndProject
Project("{E24C65DC-7377-472B-9ABA-BC803B73C61A}") = "Docs", "..\Docs", "{67E7DEF0-1CEE-4ED6-A22D-97E5EA61157A}"
	ProjectSection(WebsiteProperties) = preProject
		SccProjectName = "SAK"
		SccAuxPath = "SAK"
		SccLocalPath = "SAK"
		SccProvider = "SAK"
		TargetFramework = "3.5"
		Debug.AspNetCompiler.VirtualPath = "/Docs"
		Debug.AspNetCompiler.PhysicalPath = "..\Docs\"
		Debug.AspNetCompiler.TargetPath = "PrecompiledWeb\Docs\"
		Debug.AspNetCompiler.Updateable = "true"
		Debug.AspNetCompiler.ForceOverwrite = "true"
		Debug.AspNetCompiler.FixedNames = "false"
		Debug.AspNetCompiler.Debug = "True"
		Release.AspNetCompiler.VirtualPath = "/Docs"
		Release.AspNetCompiler.PhysicalPath = "..\Docs\"
		Release.AspNetCompiler.TargetPath = "PrecompiledWeb\Docs\"
		Release.AspNetCompiler.Updateable = "true"
		Release.AspNetCompiler.ForceOverwrite = "true"
		Release.AspNetCompiler.FixedNames = "false"
		Release.AspNetCompiler.Debug = "False"
		VWDPort = "4322"
	EndProjectSection
EndProject
Project("{FAE04EC0-301F-11D3-BF4B-00C04F79EFBC}") = "Cosmos.Compiler.Debug", "..\source2\IL2PCU\Cosmos.IL2CPU.Debug\Cosmos.Compiler.Debug.csproj", "{9998B4EA-385E-4DA2-8905-2BBEB5B2C6E2}"
EndProject
Global
	GlobalSection(TeamFoundationVersionControl) = preSolution
		SccNumberOfProjects = 34
		SccEnterpriseProvider = {4CA58AB2-18FA-4F8D-95D4-32DDF27D184C}
		SccTeamFoundationServer = https://tfs.codeplex.com/tfs/TFS04
		SccLocalPath0 = .
		SccProjectUniqueName1 = Cosmos\\Cosmos.Kernel\\Cosmos.Kernel.csproj
		SccProjectTopLevelParentUniqueName1 = Cosmos.sln
		SccProjectName1 = Cosmos/Cosmos.Kernel
		SccLocalPath1 = Cosmos\\Cosmos.Kernel
		SccProjectUniqueName2 = Cosmos\\Cosmos.Hardware\\Cosmos.Hardware.csproj
		SccProjectTopLevelParentUniqueName2 = Cosmos.sln
		SccProjectName2 = Cosmos/Cosmos.Hardware
		SccLocalPath2 = Cosmos\\Cosmos.Hardware
		SccProjectUniqueName3 = Cosmos\\Cosmos.Kernel.Plugs\\Cosmos.Kernel.Plugs.csproj
		SccProjectTopLevelParentUniqueName3 = Cosmos.sln
		SccProjectName3 = Cosmos/Cosmos.Kernel.Plugs
		SccLocalPath3 = Cosmos\\Cosmos.Kernel.Plugs
		SccProjectUniqueName4 = Cosmos\\Cosmos.System\\Cosmos.Sys.csproj
		SccProjectTopLevelParentUniqueName4 = Cosmos.sln
		SccProjectName4 = Cosmos/Cosmos.System
		SccLocalPath4 = Cosmos\\Cosmos.System
		SccProjectUniqueName5 = Cosmos\\Cosmos.Sys.Plugs\\Cosmos.Sys.Plugs.csproj
		SccProjectTopLevelParentUniqueName5 = Cosmos.sln
		SccProjectName5 = Cosmos/Cosmos.Sys.Plugs
		SccLocalPath5 = Cosmos\\Cosmos.Sys.Plugs
		SccProjectUniqueName6 = Cosmos.Kernel.FileSystems\\Cosmos.Sys.FileSystem.csproj
		SccProjectTopLevelParentUniqueName6 = Cosmos.sln
		SccProjectName6 = Cosmos.Kernel.FileSystems
		SccLocalPath6 = Cosmos.Kernel.FileSystems
		SccProjectUniqueName7 = Cosmos.Hardware.Plugs\\Cosmos.Hardware.Plugs.csproj
		SccProjectTopLevelParentUniqueName7 = Cosmos.sln
		SccProjectName7 = Cosmos.Hardware.Plugs
		SccLocalPath7 = Cosmos.Hardware.Plugs
		SccProjectUniqueName8 = ..\\source2\\Build\\Cosmos.Build.Common\\Cosmos.Build.Common.csproj
		SccProjectTopLevelParentUniqueName8 = Cosmos.sln
		SccProjectName8 = ../source2/Build/Cosmos.Build.Common
		SccLocalPath8 = ..\\source2\\Build\\Cosmos.Build.Common
		SccProjectUniqueName9 = ..\\source2\\Build\\Cosmos.Build.Launch\\Cosmos.Build.Launch.csproj
		SccProjectTopLevelParentUniqueName9 = Cosmos.sln
		SccProjectName9 = ../source2/Build/Cosmos.Build.Launch
		SccLocalPath9 = ..\\source2\\Build\\Cosmos.Build.Launch
		SccProjectUniqueName10 = ..\\source2\\Build\\Cosmos.Build.MSBuild\\Cosmos.Build.MSBuild.csproj
		SccProjectTopLevelParentUniqueName10 = Cosmos.sln
		SccProjectName10 = ../source2/Build/Cosmos.Build.MSBuild
		SccLocalPath10 = ..\\source2\\Build\\Cosmos.Build.MSBuild
		SccProjectUniqueName11 = ..\\source2\\Debug\\Cosmos.Debug.Common\\Cosmos.Debug.Common.csproj
		SccProjectTopLevelParentUniqueName11 = Cosmos.sln
		SccProjectName11 = ../source2/Debug/Cosmos.Debug.Common
		SccLocalPath11 = ..\\source2\\Debug\\Cosmos.Debug.Common
		SccProjectUniqueName12 = ..\\source2\\Debug\\Cosmos.Debug.VSDebugEngine\\Cosmos.Debug.VSDebugEngine.csproj
		SccProjectTopLevelParentUniqueName12 = Cosmos.sln
		SccProjectName12 = ../source2/Debug/Cosmos.Debug.VSDebugEngine
		SccLocalPath12 = ..\\source2\\Debug\\Cosmos.Debug.VSDebugEngine
		SccProjectUniqueName13 = ..\\source2\\VSIP\\Cosmos.VS.Package\\Cosmos.VS.Package.csproj
		SccProjectTopLevelParentUniqueName13 = Cosmos.sln
		SccProjectName13 = ../source2/VSIP/Cosmos.VS.Package
		SccLocalPath13 = ..\\source2\\VSIP\\Cosmos.VS.Package
		SccProjectUniqueName14 = ..\\source2\\IL2PCU\\Cosmos.IL2CPU\\Cosmos.IL2CPU.csproj
		SccProjectTopLevelParentUniqueName14 = Cosmos.sln
		SccProjectName14 = ../source2/IL2PCU/Cosmos.IL2CPU
		SccLocalPath14 = ..\\source2\\IL2PCU\\Cosmos.IL2CPU
		SccProjectUniqueName15 = ..\\source2\\IL2PCU\\Cosmos.IL2CPU.Profiler\\Cosmos.IL2CPU.Profiler.csproj
		SccProjectTopLevelParentUniqueName15 = Cosmos.sln
		SccProjectName15 = ../source2/IL2PCU/Cosmos.IL2CPU.Profiler
		SccLocalPath15 = ..\\source2\\IL2PCU\\Cosmos.IL2CPU.Profiler
		SccProjectUniqueName16 = ..\\source2\\IL2PCU\\Cosmos.IL2CPU.X86\\Cosmos.IL2CPU.X86.csproj
		SccProjectTopLevelParentUniqueName16 = Cosmos.sln
		SccProjectName16 = ../source2/IL2PCU/Cosmos.IL2CPU.X86
		SccLocalPath16 = ..\\source2\\IL2PCU\\Cosmos.IL2CPU.X86
		SccProjectUniqueName17 = Cosmos.Hardware.SMBIOS\\Cosmos.Hardware.SMBIOS.csproj
		SccProjectTopLevelParentUniqueName17 = Cosmos.sln
		SccProjectName17 = Cosmos.Hardware.SMBIOS
		SccLocalPath17 = Cosmos.Hardware.SMBIOS
		SccProjectUniqueName18 = ..\\source2\\Users\\Gero\u0020Landmann\\Cosmos.Assembler.X86.Gero\\Cosmos.Assembler.X86.Gero.csproj
		SccProjectTopLevelParentUniqueName18 = Cosmos.sln
		SccProjectName18 = ../source2/Users/Gero\u0020Landmann/Cosmos.Assembler.X86.Gero
		SccLocalPath18 = ..\\source2\\Users\\Gero\u0020Landmann\\Cosmos.Assembler.X86.Gero
		SccProjectUniqueName19 = ..\\source2\\Debug\\Cosmos.Debug.HostProcess\\Cosmos.Debug.HostProcess.csproj
		SccProjectTopLevelParentUniqueName19 = Cosmos.sln
		SccProjectName19 = ../source2/Debug/Cosmos.Debug.HostProcess
		SccLocalPath19 = ..\\source2\\Debug\\Cosmos.Debug.HostProcess
		SccProjectUniqueName20 = ..\\source2\\IL2PCU\\Cosmos.IL2CPU.X86.Tests\\Cosmos.IL2CPU.X86.Tests.csproj
		SccProjectTopLevelParentUniqueName20 = Cosmos.sln
		SccProjectName20 = ../source2/IL2PCU/Cosmos.IL2CPU.X86.Tests
		SccLocalPath20 = ..\\source2\\IL2PCU\\Cosmos.IL2CPU.X86.Tests
		SccProjectUniqueName21 = ..\\source2\\Users\\Kudzu\\Breakpoints\\Breakpoints.Cosmos
		SccProjectTopLevelParentUniqueName21 = Cosmos.sln
		SccProjectName21 = ../source2/Users/Kudzu/Breakpoints
		SccLocalPath21 = ..\\source2\\Users\\Kudzu\\Breakpoints
		SccProjectUniqueName22 = ..\\source2\\IL2PCU\\Cosmos.IL2CPU.Plugs\\Cosmos.IL2CPU.Plugs.csproj
		SccProjectTopLevelParentUniqueName22 = Cosmos.sln
		SccProjectName22 = ../source2/IL2PCU/Cosmos.IL2CPU.Plugs
		SccLocalPath22 = ..\\source2\\IL2PCU\\Cosmos.IL2CPU.Plugs
		SccProjectUniqueName23 = ..\\source2\\Debug\\Cosmos.Debug.GDB\\Cosmos.Debug.GDB.csproj
		SccProjectTopLevelParentUniqueName23 = Cosmos.sln
		SccProjectName23 = ../source2/Debug/Cosmos.Debug.GDB
		SccLocalPath23 = ..\\source2\\Debug\\Cosmos.Debug.GDB
		SccProjectUniqueName24 = ..\\source2\\Users\\Matthijs\u0020ter\u0020Woord\\Testing\\IRs\\EcmaCil\\EcmaCil.csproj
		SccProjectTopLevelParentUniqueName24 = Cosmos.sln
		SccProjectName24 = ../source2/Users/Matthijs\u0020ter\u0020Woord/Testing/IRs/EcmaCil
		SccLocalPath24 = ..\\source2\\Users\\Matthijs\u0020ter\u0020Woord\\Testing\\IRs\\EcmaCil
		SccProjectUniqueName25 = ..\\source2\\Users\\Matthijs\u0020ter\u0020Woord\\Testing\\UtilityClasses\\UtilityClasses.csproj
		SccProjectTopLevelParentUniqueName25 = Cosmos.sln
		SccProjectName25 = ../source2/Users/Matthijs\u0020ter\u0020Woord/Testing/UtilityClasses
		SccLocalPath25 = ..\\source2\\Users\\Matthijs\u0020ter\u0020Woord\\Testing\\UtilityClasses
		SccProjectUniqueName26 = ..\\source2\\Users\\Matthijs\u0020ter\u0020Woord\\Testing\\ReflectionToEcmaCil\\ReflectionToEcmaCil.csproj
		SccProjectTopLevelParentUniqueName26 = Cosmos.sln
		SccProjectName26 = ../source2/Users/Matthijs\u0020ter\u0020Woord/Testing/ReflectionToEcmaCil
		SccLocalPath26 = ..\\source2\\Users\\Matthijs\u0020ter\u0020Woord\\Testing\\ReflectionToEcmaCil
		SccProjectUniqueName27 = ..\\source2\\Users\\Matthijs\u0020ter\u0020Woord\\Testing\\ReflectionToEcmaCil.Tests\\ReflectionToEcmaCil.Tests.csproj
		SccProjectTopLevelParentUniqueName27 = Cosmos.sln
		SccProjectName27 = ../source2/Users/Matthijs\u0020ter\u0020Woord/Testing/ReflectionToEcmaCil.Tests
		SccLocalPath27 = ..\\source2\\Users\\Matthijs\u0020ter\u0020Woord\\Testing\\ReflectionToEcmaCil.Tests
		SccProjectUniqueName28 = ..\\source2\\Users\\Matthijs\u0020ter\u0020Woord\\Testing\\TestApp\\TestApp.csproj
		SccProjectTopLevelParentUniqueName28 = Cosmos.sln
		SccProjectName28 = ../source2/Users/Matthijs\u0020ter\u0020Woord/Testing/TestApp
		SccLocalPath28 = ..\\source2\\Users\\Matthijs\u0020ter\u0020Woord\\Testing\\TestApp
		SccProjectUniqueName29 = ..\\source2\\Users\\Matthijs\u0020ter\u0020Woord\\Testing\\FileToEcmaCilTests\\SimpleMethodsTest\\SimpleMethodsTest.csproj
		SccProjectTopLevelParentUniqueName29 = Cosmos.sln
		SccProjectName29 = ../source2/Users/Matthijs\u0020ter\u0020Woord/Testing/FileToEcmaCilTests/SimpleMethodsTest
		SccLocalPath29 = ..\\source2\\Users\\Matthijs\u0020ter\u0020Woord\\Testing\\FileToEcmaCilTests\\SimpleMethodsTest
		SccProjectUniqueName30 = ..\\source2\\Users\\Matthijs\u0020ter\u0020Woord\\Testing\\FileToEcmaCilTests\\SimpleClassTest\\SimpleClassTest.csproj
		SccProjectTopLevelParentUniqueName30 = Cosmos.sln
		SccProjectName30 = ../source2/Users/Matthijs\u0020ter\u0020Woord/Testing/FileToEcmaCilTests/SimpleClassTest
		SccLocalPath30 = ..\\source2\\Users\\Matthijs\u0020ter\u0020Woord\\Testing\\FileToEcmaCilTests\\SimpleClassTest
		SccProjectUniqueName31 = ..\\source2\\Users\\Matthijs\u0020ter\u0020Woord\\Testing\\FileToEcmaCilTests\\SimpleClass2Test\\SimpleClass2Test.csproj
		SccProjectTopLevelParentUniqueName31 = Cosmos.sln
		SccProjectName31 = ../source2/Users/Matthijs\u0020ter\u0020Woord/Testing/FileToEcmaCilTests/SimpleClass2Test
		SccLocalPath31 = ..\\source2\\Users\\Matthijs\u0020ter\u0020Woord\\Testing\\FileToEcmaCilTests\\SimpleClass2Test
		SccWebProject32 = true
		SccProjectUniqueName32 = ..\\Docs
		SccProjectName32 = ../Docs
		SccLocalPath32 = ..\\Docs
		SccProjectEnlistmentChoice32 = 2
		SccProjectUniqueName33 = ..\\source2\\IL2PCU\\Cosmos.IL2CPU.Debug\\Cosmos.Compiler.Debug.csproj
		SccProjectTopLevelParentUniqueName33 = Cosmos.sln
		SccProjectName33 = ../source2/IL2PCU/Cosmos.IL2CPU.Debug
		SccLocalPath33 = ..\\source2\\IL2PCU\\Cosmos.IL2CPU.Debug
	EndGlobalSection
	GlobalSection(SolutionConfigurationPlatforms) = preSolution
		Bootstrap|Any CPU = Bootstrap|Any CPU
		Bootstrap|x86 = Bootstrap|x86
		Debug|Any CPU = Debug|Any CPU
		Debug|x86 = Debug|x86
		Release|Any CPU = Release|Any CPU
		Release|x86 = Release|x86
	EndGlobalSection
	GlobalSection(ProjectConfigurationPlatforms) = postSolution
		{CE50FE98-9AC4-4B4D-ADC7-31F6DCD28755}.Bootstrap|Any CPU.ActiveCfg = Debug|Any CPU
		{CE50FE98-9AC4-4B4D-ADC7-31F6DCD28755}.Bootstrap|Any CPU.Build.0 = Debug|Any CPU
		{CE50FE98-9AC4-4B4D-ADC7-31F6DCD28755}.Bootstrap|x86.ActiveCfg = Debug|x86
		{CE50FE98-9AC4-4B4D-ADC7-31F6DCD28755}.Bootstrap|x86.Build.0 = Debug|x86
		{CE50FE98-9AC4-4B4D-ADC7-31F6DCD28755}.Debug|Any CPU.ActiveCfg = Debug|Any CPU
		{CE50FE98-9AC4-4B4D-ADC7-31F6DCD28755}.Debug|Any CPU.Build.0 = Debug|Any CPU
		{CE50FE98-9AC4-4B4D-ADC7-31F6DCD28755}.Debug|x86.ActiveCfg = Debug|x86
		{CE50FE98-9AC4-4B4D-ADC7-31F6DCD28755}.Debug|x86.Build.0 = Debug|x86
		{CE50FE98-9AC4-4B4D-ADC7-31F6DCD28755}.Release|Any CPU.ActiveCfg = Release|Any CPU
		{CE50FE98-9AC4-4B4D-ADC7-31F6DCD28755}.Release|Any CPU.Build.0 = Release|Any CPU
		{CE50FE98-9AC4-4B4D-ADC7-31F6DCD28755}.Release|x86.ActiveCfg = Release|x86
		{CE50FE98-9AC4-4B4D-ADC7-31F6DCD28755}.Release|x86.Build.0 = Release|x86
		{B168BEDD-C6A6-4E7C-B9A5-0144286E9E42}.Bootstrap|Any CPU.ActiveCfg = Debug|Any CPU
		{B168BEDD-C6A6-4E7C-B9A5-0144286E9E42}.Bootstrap|Any CPU.Build.0 = Debug|Any CPU
		{B168BEDD-C6A6-4E7C-B9A5-0144286E9E42}.Bootstrap|x86.ActiveCfg = Debug|x86
		{B168BEDD-C6A6-4E7C-B9A5-0144286E9E42}.Bootstrap|x86.Build.0 = Debug|x86
		{B168BEDD-C6A6-4E7C-B9A5-0144286E9E42}.Debug|Any CPU.ActiveCfg = Debug|Any CPU
		{B168BEDD-C6A6-4E7C-B9A5-0144286E9E42}.Debug|Any CPU.Build.0 = Debug|Any CPU
		{B168BEDD-C6A6-4E7C-B9A5-0144286E9E42}.Debug|x86.ActiveCfg = Debug|x86
		{B168BEDD-C6A6-4E7C-B9A5-0144286E9E42}.Debug|x86.Build.0 = Debug|x86
		{B168BEDD-C6A6-4E7C-B9A5-0144286E9E42}.Release|Any CPU.ActiveCfg = Release|Any CPU
		{B168BEDD-C6A6-4E7C-B9A5-0144286E9E42}.Release|Any CPU.Build.0 = Release|Any CPU
		{B168BEDD-C6A6-4E7C-B9A5-0144286E9E42}.Release|x86.ActiveCfg = Release|x86
		{B168BEDD-C6A6-4E7C-B9A5-0144286E9E42}.Release|x86.Build.0 = Release|x86
		{A1F83D9F-2D44-4264-A08B-416797123018}.Bootstrap|Any CPU.ActiveCfg = Debug|Any CPU
		{A1F83D9F-2D44-4264-A08B-416797123018}.Bootstrap|Any CPU.Build.0 = Debug|Any CPU
		{A1F83D9F-2D44-4264-A08B-416797123018}.Bootstrap|x86.ActiveCfg = Debug|x86
		{A1F83D9F-2D44-4264-A08B-416797123018}.Bootstrap|x86.Build.0 = Debug|x86
		{A1F83D9F-2D44-4264-A08B-416797123018}.Debug|Any CPU.ActiveCfg = Debug|Any CPU
		{A1F83D9F-2D44-4264-A08B-416797123018}.Debug|Any CPU.Build.0 = Debug|Any CPU
		{A1F83D9F-2D44-4264-A08B-416797123018}.Debug|x86.ActiveCfg = Debug|x86
		{A1F83D9F-2D44-4264-A08B-416797123018}.Debug|x86.Build.0 = Debug|x86
		{A1F83D9F-2D44-4264-A08B-416797123018}.Release|Any CPU.ActiveCfg = Release|Any CPU
		{A1F83D9F-2D44-4264-A08B-416797123018}.Release|Any CPU.Build.0 = Release|Any CPU
		{A1F83D9F-2D44-4264-A08B-416797123018}.Release|x86.ActiveCfg = Release|x86
		{A1F83D9F-2D44-4264-A08B-416797123018}.Release|x86.Build.0 = Release|x86
		{5C293BB9-FB42-495E-AAD9-D15888631CA4}.Bootstrap|Any CPU.ActiveCfg = Debug|Any CPU
		{5C293BB9-FB42-495E-AAD9-D15888631CA4}.Bootstrap|Any CPU.Build.0 = Debug|Any CPU
		{5C293BB9-FB42-495E-AAD9-D15888631CA4}.Bootstrap|x86.ActiveCfg = Debug|x86
		{5C293BB9-FB42-495E-AAD9-D15888631CA4}.Bootstrap|x86.Build.0 = Debug|x86
		{5C293BB9-FB42-495E-AAD9-D15888631CA4}.Debug|Any CPU.ActiveCfg = Debug|Any CPU
		{5C293BB9-FB42-495E-AAD9-D15888631CA4}.Debug|Any CPU.Build.0 = Debug|Any CPU
		{5C293BB9-FB42-495E-AAD9-D15888631CA4}.Debug|x86.ActiveCfg = Debug|x86
		{5C293BB9-FB42-495E-AAD9-D15888631CA4}.Debug|x86.Build.0 = Debug|x86
		{5C293BB9-FB42-495E-AAD9-D15888631CA4}.Release|Any CPU.ActiveCfg = Release|Any CPU
		{5C293BB9-FB42-495E-AAD9-D15888631CA4}.Release|Any CPU.Build.0 = Release|Any CPU
		{5C293BB9-FB42-495E-AAD9-D15888631CA4}.Release|x86.ActiveCfg = Release|x86
		{5C293BB9-FB42-495E-AAD9-D15888631CA4}.Release|x86.Build.0 = Release|x86
		{819DB8FC-5DA1-461F-83C9-2F5C88088C94}.Bootstrap|Any CPU.ActiveCfg = Debug|Any CPU
		{819DB8FC-5DA1-461F-83C9-2F5C88088C94}.Bootstrap|Any CPU.Build.0 = Debug|Any CPU
		{819DB8FC-5DA1-461F-83C9-2F5C88088C94}.Bootstrap|x86.ActiveCfg = Debug|x86
		{819DB8FC-5DA1-461F-83C9-2F5C88088C94}.Bootstrap|x86.Build.0 = Debug|x86
		{819DB8FC-5DA1-461F-83C9-2F5C88088C94}.Debug|Any CPU.ActiveCfg = Debug|Any CPU
		{819DB8FC-5DA1-461F-83C9-2F5C88088C94}.Debug|Any CPU.Build.0 = Debug|Any CPU
		{819DB8FC-5DA1-461F-83C9-2F5C88088C94}.Debug|x86.ActiveCfg = Debug|x86
		{819DB8FC-5DA1-461F-83C9-2F5C88088C94}.Debug|x86.Build.0 = Debug|x86
		{819DB8FC-5DA1-461F-83C9-2F5C88088C94}.Release|Any CPU.ActiveCfg = Release|Any CPU
		{819DB8FC-5DA1-461F-83C9-2F5C88088C94}.Release|Any CPU.Build.0 = Release|Any CPU
		{819DB8FC-5DA1-461F-83C9-2F5C88088C94}.Release|x86.ActiveCfg = Release|x86
		{819DB8FC-5DA1-461F-83C9-2F5C88088C94}.Release|x86.Build.0 = Release|x86
		{6110AD07-EB07-4A99-BB73-7A69AF5732F1}.Bootstrap|Any CPU.ActiveCfg = Debug|Any CPU
		{6110AD07-EB07-4A99-BB73-7A69AF5732F1}.Bootstrap|Any CPU.Build.0 = Debug|Any CPU
		{6110AD07-EB07-4A99-BB73-7A69AF5732F1}.Bootstrap|x86.ActiveCfg = Debug|x86
		{6110AD07-EB07-4A99-BB73-7A69AF5732F1}.Bootstrap|x86.Build.0 = Debug|x86
		{6110AD07-EB07-4A99-BB73-7A69AF5732F1}.Debug|Any CPU.ActiveCfg = Debug|Any CPU
		{6110AD07-EB07-4A99-BB73-7A69AF5732F1}.Debug|Any CPU.Build.0 = Debug|Any CPU
		{6110AD07-EB07-4A99-BB73-7A69AF5732F1}.Debug|x86.ActiveCfg = Debug|x86
		{6110AD07-EB07-4A99-BB73-7A69AF5732F1}.Debug|x86.Build.0 = Debug|x86
		{6110AD07-EB07-4A99-BB73-7A69AF5732F1}.Release|Any CPU.ActiveCfg = Release|Any CPU
		{6110AD07-EB07-4A99-BB73-7A69AF5732F1}.Release|Any CPU.Build.0 = Release|Any CPU
		{6110AD07-EB07-4A99-BB73-7A69AF5732F1}.Release|x86.ActiveCfg = Release|x86
		{6110AD07-EB07-4A99-BB73-7A69AF5732F1}.Release|x86.Build.0 = Release|x86
		{BCB66614-20FE-4184-B214-FD42844AD8A6}.Bootstrap|Any CPU.ActiveCfg = Debug|Any CPU
		{BCB66614-20FE-4184-B214-FD42844AD8A6}.Bootstrap|Any CPU.Build.0 = Debug|Any CPU
		{BCB66614-20FE-4184-B214-FD42844AD8A6}.Bootstrap|x86.ActiveCfg = Debug|x86
		{BCB66614-20FE-4184-B214-FD42844AD8A6}.Bootstrap|x86.Build.0 = Debug|x86
		{BCB66614-20FE-4184-B214-FD42844AD8A6}.Debug|Any CPU.ActiveCfg = Debug|Any CPU
		{BCB66614-20FE-4184-B214-FD42844AD8A6}.Debug|Any CPU.Build.0 = Debug|Any CPU
		{BCB66614-20FE-4184-B214-FD42844AD8A6}.Debug|x86.ActiveCfg = Debug|x86
		{BCB66614-20FE-4184-B214-FD42844AD8A6}.Debug|x86.Build.0 = Debug|x86
		{BCB66614-20FE-4184-B214-FD42844AD8A6}.Release|Any CPU.ActiveCfg = Release|Any CPU
		{BCB66614-20FE-4184-B214-FD42844AD8A6}.Release|Any CPU.Build.0 = Release|Any CPU
		{BCB66614-20FE-4184-B214-FD42844AD8A6}.Release|x86.ActiveCfg = Release|x86
		{BCB66614-20FE-4184-B214-FD42844AD8A6}.Release|x86.Build.0 = Release|x86
		{0462E82B-8C29-41A9-8265-9C89038ADB29}.Bootstrap|Any CPU.ActiveCfg = Debug|Any CPU
		{0462E82B-8C29-41A9-8265-9C89038ADB29}.Bootstrap|Any CPU.Build.0 = Debug|Any CPU
		{0462E82B-8C29-41A9-8265-9C89038ADB29}.Bootstrap|x86.ActiveCfg = Debug|x86
		{0462E82B-8C29-41A9-8265-9C89038ADB29}.Bootstrap|x86.Build.0 = Debug|x86
		{0462E82B-8C29-41A9-8265-9C89038ADB29}.Debug|Any CPU.ActiveCfg = Debug|Any CPU
		{0462E82B-8C29-41A9-8265-9C89038ADB29}.Debug|Any CPU.Build.0 = Debug|Any CPU
		{0462E82B-8C29-41A9-8265-9C89038ADB29}.Debug|x86.ActiveCfg = Debug|x86
		{0462E82B-8C29-41A9-8265-9C89038ADB29}.Debug|x86.Build.0 = Debug|x86
		{0462E82B-8C29-41A9-8265-9C89038ADB29}.Release|Any CPU.ActiveCfg = Release|Any CPU
		{0462E82B-8C29-41A9-8265-9C89038ADB29}.Release|Any CPU.Build.0 = Release|Any CPU
		{0462E82B-8C29-41A9-8265-9C89038ADB29}.Release|x86.ActiveCfg = Release|x86
		{0462E82B-8C29-41A9-8265-9C89038ADB29}.Release|x86.Build.0 = Release|x86
		{3B8CD27E-9E91-4472-A4D9-9B3D581A5316}.Bootstrap|Any CPU.ActiveCfg = Debug|Any CPU
		{3B8CD27E-9E91-4472-A4D9-9B3D581A5316}.Bootstrap|Any CPU.Build.0 = Debug|Any CPU
		{3B8CD27E-9E91-4472-A4D9-9B3D581A5316}.Bootstrap|x86.ActiveCfg = Debug|x86
		{3B8CD27E-9E91-4472-A4D9-9B3D581A5316}.Bootstrap|x86.Build.0 = Debug|x86
		{3B8CD27E-9E91-4472-A4D9-9B3D581A5316}.Debug|Any CPU.ActiveCfg = Debug|Any CPU
		{3B8CD27E-9E91-4472-A4D9-9B3D581A5316}.Debug|Any CPU.Build.0 = Debug|Any CPU
		{3B8CD27E-9E91-4472-A4D9-9B3D581A5316}.Debug|x86.ActiveCfg = Debug|x86
		{3B8CD27E-9E91-4472-A4D9-9B3D581A5316}.Debug|x86.Build.0 = Debug|x86
		{3B8CD27E-9E91-4472-A4D9-9B3D581A5316}.Release|Any CPU.ActiveCfg = Release|Any CPU
		{3B8CD27E-9E91-4472-A4D9-9B3D581A5316}.Release|Any CPU.Build.0 = Release|Any CPU
		{3B8CD27E-9E91-4472-A4D9-9B3D581A5316}.Release|x86.ActiveCfg = Release|x86
		{3B8CD27E-9E91-4472-A4D9-9B3D581A5316}.Release|x86.Build.0 = Release|x86
		{BC6AE974-1F18-4A19-A956-5062E4D3FD53}.Bootstrap|Any CPU.ActiveCfg = Debug|Any CPU
		{BC6AE974-1F18-4A19-A956-5062E4D3FD53}.Bootstrap|Any CPU.Build.0 = Debug|Any CPU
		{BC6AE974-1F18-4A19-A956-5062E4D3FD53}.Bootstrap|x86.ActiveCfg = Debug|x86
		{BC6AE974-1F18-4A19-A956-5062E4D3FD53}.Bootstrap|x86.Build.0 = Debug|x86
		{BC6AE974-1F18-4A19-A956-5062E4D3FD53}.Debug|Any CPU.ActiveCfg = Debug|Any CPU
		{BC6AE974-1F18-4A19-A956-5062E4D3FD53}.Debug|Any CPU.Build.0 = Debug|Any CPU
		{BC6AE974-1F18-4A19-A956-5062E4D3FD53}.Debug|x86.ActiveCfg = Debug|x86
		{BC6AE974-1F18-4A19-A956-5062E4D3FD53}.Debug|x86.Build.0 = Debug|x86
		{BC6AE974-1F18-4A19-A956-5062E4D3FD53}.Release|Any CPU.ActiveCfg = Release|Any CPU
		{BC6AE974-1F18-4A19-A956-5062E4D3FD53}.Release|Any CPU.Build.0 = Release|Any CPU
		{BC6AE974-1F18-4A19-A956-5062E4D3FD53}.Release|x86.ActiveCfg = Release|x86
		{BC6AE974-1F18-4A19-A956-5062E4D3FD53}.Release|x86.Build.0 = Release|x86
		{AB24E403-54F3-4F67-B5E0-119A7227AAC1}.Bootstrap|Any CPU.ActiveCfg = Debug|Any CPU
		{AB24E403-54F3-4F67-B5E0-119A7227AAC1}.Bootstrap|Any CPU.Build.0 = Debug|Any CPU
		{AB24E403-54F3-4F67-B5E0-119A7227AAC1}.Bootstrap|x86.ActiveCfg = Debug|x86
		{AB24E403-54F3-4F67-B5E0-119A7227AAC1}.Bootstrap|x86.Build.0 = Debug|x86
		{AB24E403-54F3-4F67-B5E0-119A7227AAC1}.Debug|Any CPU.ActiveCfg = Debug|Any CPU
		{AB24E403-54F3-4F67-B5E0-119A7227AAC1}.Debug|Any CPU.Build.0 = Debug|Any CPU
		{AB24E403-54F3-4F67-B5E0-119A7227AAC1}.Debug|x86.ActiveCfg = Debug|x86
		{AB24E403-54F3-4F67-B5E0-119A7227AAC1}.Debug|x86.Build.0 = Debug|x86
		{AB24E403-54F3-4F67-B5E0-119A7227AAC1}.Release|Any CPU.ActiveCfg = Release|Any CPU
		{AB24E403-54F3-4F67-B5E0-119A7227AAC1}.Release|Any CPU.Build.0 = Release|Any CPU
		{AB24E403-54F3-4F67-B5E0-119A7227AAC1}.Release|x86.ActiveCfg = Release|x86
		{AB24E403-54F3-4F67-B5E0-119A7227AAC1}.Release|x86.Build.0 = Release|x86
		{6D2688FE-6FD8-44A8-B96A-6037457F72A7}.Bootstrap|Any CPU.ActiveCfg = Debug|Any CPU
		{6D2688FE-6FD8-44A8-B96A-6037457F72A7}.Bootstrap|Any CPU.Build.0 = Debug|Any CPU
		{6D2688FE-6FD8-44A8-B96A-6037457F72A7}.Bootstrap|x86.ActiveCfg = Debug|x86
		{6D2688FE-6FD8-44A8-B96A-6037457F72A7}.Bootstrap|x86.Build.0 = Debug|x86
		{6D2688FE-6FD8-44A8-B96A-6037457F72A7}.Debug|Any CPU.ActiveCfg = Debug|Any CPU
		{6D2688FE-6FD8-44A8-B96A-6037457F72A7}.Debug|Any CPU.Build.0 = Debug|Any CPU
		{6D2688FE-6FD8-44A8-B96A-6037457F72A7}.Debug|x86.ActiveCfg = Debug|x86
		{6D2688FE-6FD8-44A8-B96A-6037457F72A7}.Debug|x86.Build.0 = Debug|x86
		{6D2688FE-6FD8-44A8-B96A-6037457F72A7}.Release|Any CPU.ActiveCfg = Release|Any CPU
		{6D2688FE-6FD8-44A8-B96A-6037457F72A7}.Release|Any CPU.Build.0 = Release|Any CPU
		{6D2688FE-6FD8-44A8-B96A-6037457F72A7}.Release|x86.ActiveCfg = Release|x86
		{6D2688FE-6FD8-44A8-B96A-6037457F72A7}.Release|x86.Build.0 = Release|x86
		{61535AF6-4A1E-4691-B2BC-039851EF4850}.Bootstrap|Any CPU.ActiveCfg = Debug|Any CPU
		{61535AF6-4A1E-4691-B2BC-039851EF4850}.Bootstrap|Any CPU.Build.0 = Debug|Any CPU
		{61535AF6-4A1E-4691-B2BC-039851EF4850}.Bootstrap|x86.ActiveCfg = Debug|Any CPU
		{61535AF6-4A1E-4691-B2BC-039851EF4850}.Bootstrap|x86.Build.0 = Debug|Any CPU
		{61535AF6-4A1E-4691-B2BC-039851EF4850}.Debug|Any CPU.ActiveCfg = Debug|Any CPU
		{61535AF6-4A1E-4691-B2BC-039851EF4850}.Debug|Any CPU.Build.0 = Debug|Any CPU
		{61535AF6-4A1E-4691-B2BC-039851EF4850}.Debug|x86.ActiveCfg = Debug|x86
		{61535AF6-4A1E-4691-B2BC-039851EF4850}.Debug|x86.Build.0 = Debug|x86
		{61535AF6-4A1E-4691-B2BC-039851EF4850}.Release|Any CPU.ActiveCfg = Release|Any CPU
		{61535AF6-4A1E-4691-B2BC-039851EF4850}.Release|Any CPU.Build.0 = Release|Any CPU
		{61535AF6-4A1E-4691-B2BC-039851EF4850}.Release|x86.ActiveCfg = Release|Any CPU
		{61535AF6-4A1E-4691-B2BC-039851EF4850}.Release|x86.Build.0 = Release|Any CPU
		{239E33A7-F0C3-4801-85CA-4D8F89A31DC0}.Bootstrap|Any CPU.ActiveCfg = Debug|Any CPU
		{239E33A7-F0C3-4801-85CA-4D8F89A31DC0}.Bootstrap|Any CPU.Build.0 = Debug|Any CPU
		{239E33A7-F0C3-4801-85CA-4D8F89A31DC0}.Bootstrap|x86.ActiveCfg = Debug|x86
		{239E33A7-F0C3-4801-85CA-4D8F89A31DC0}.Bootstrap|x86.Build.0 = Debug|x86
		{239E33A7-F0C3-4801-85CA-4D8F89A31DC0}.Debug|Any CPU.ActiveCfg = Debug|Any CPU
		{239E33A7-F0C3-4801-85CA-4D8F89A31DC0}.Debug|Any CPU.Build.0 = Debug|Any CPU
		{239E33A7-F0C3-4801-85CA-4D8F89A31DC0}.Debug|x86.ActiveCfg = Debug|x86
		{239E33A7-F0C3-4801-85CA-4D8F89A31DC0}.Debug|x86.Build.0 = Debug|x86
		{239E33A7-F0C3-4801-85CA-4D8F89A31DC0}.Release|Any CPU.ActiveCfg = Release|Any CPU
		{239E33A7-F0C3-4801-85CA-4D8F89A31DC0}.Release|Any CPU.Build.0 = Release|Any CPU
		{239E33A7-F0C3-4801-85CA-4D8F89A31DC0}.Release|x86.ActiveCfg = Release|x86
		{239E33A7-F0C3-4801-85CA-4D8F89A31DC0}.Release|x86.Build.0 = Release|x86
		{F708C866-1C9B-4579-8C28-0728ECCFC1ED}.Bootstrap|Any CPU.ActiveCfg = Debug|Any CPU
		{F708C866-1C9B-4579-8C28-0728ECCFC1ED}.Bootstrap|Any CPU.Build.0 = Debug|Any CPU
		{F708C866-1C9B-4579-8C28-0728ECCFC1ED}.Bootstrap|x86.ActiveCfg = Debug|x86
		{F708C866-1C9B-4579-8C28-0728ECCFC1ED}.Bootstrap|x86.Build.0 = Debug|x86
		{F708C866-1C9B-4579-8C28-0728ECCFC1ED}.Debug|Any CPU.ActiveCfg = Debug|Any CPU
		{F708C866-1C9B-4579-8C28-0728ECCFC1ED}.Debug|Any CPU.Build.0 = Debug|Any CPU
		{F708C866-1C9B-4579-8C28-0728ECCFC1ED}.Debug|x86.ActiveCfg = Debug|x86
		{F708C866-1C9B-4579-8C28-0728ECCFC1ED}.Debug|x86.Build.0 = Debug|x86
		{F708C866-1C9B-4579-8C28-0728ECCFC1ED}.Release|Any CPU.ActiveCfg = Release|Any CPU
		{F708C866-1C9B-4579-8C28-0728ECCFC1ED}.Release|Any CPU.Build.0 = Release|Any CPU
		{F708C866-1C9B-4579-8C28-0728ECCFC1ED}.Release|x86.ActiveCfg = Release|x86
		{F708C866-1C9B-4579-8C28-0728ECCFC1ED}.Release|x86.Build.0 = Release|x86
		{63F7BFB9-419E-4965-B580-304B9C9FA7D8}.Bootstrap|Any CPU.ActiveCfg = Debug|Any CPU
		{63F7BFB9-419E-4965-B580-304B9C9FA7D8}.Bootstrap|Any CPU.Build.0 = Debug|Any CPU
		{63F7BFB9-419E-4965-B580-304B9C9FA7D8}.Bootstrap|x86.ActiveCfg = Debug|x86
		{63F7BFB9-419E-4965-B580-304B9C9FA7D8}.Bootstrap|x86.Build.0 = Debug|x86
		{63F7BFB9-419E-4965-B580-304B9C9FA7D8}.Debug|Any CPU.ActiveCfg = Debug|Any CPU
		{63F7BFB9-419E-4965-B580-304B9C9FA7D8}.Debug|Any CPU.Build.0 = Debug|Any CPU
		{63F7BFB9-419E-4965-B580-304B9C9FA7D8}.Debug|x86.ActiveCfg = Debug|x86
		{63F7BFB9-419E-4965-B580-304B9C9FA7D8}.Debug|x86.Build.0 = Debug|x86
		{63F7BFB9-419E-4965-B580-304B9C9FA7D8}.Release|Any CPU.ActiveCfg = Release|Any CPU
		{63F7BFB9-419E-4965-B580-304B9C9FA7D8}.Release|Any CPU.Build.0 = Release|Any CPU
		{63F7BFB9-419E-4965-B580-304B9C9FA7D8}.Release|x86.ActiveCfg = Release|x86
		{63F7BFB9-419E-4965-B580-304B9C9FA7D8}.Release|x86.Build.0 = Release|x86
		{B2F76E27-EAE1-4ECF-8A33-77B2CFBB9367}.Bootstrap|Any CPU.ActiveCfg = Debug|Any CPU
		{B2F76E27-EAE1-4ECF-8A33-77B2CFBB9367}.Bootstrap|Any CPU.Build.0 = Debug|Any CPU
		{B2F76E27-EAE1-4ECF-8A33-77B2CFBB9367}.Bootstrap|x86.ActiveCfg = Debug|x86
		{B2F76E27-EAE1-4ECF-8A33-77B2CFBB9367}.Bootstrap|x86.Build.0 = Debug|x86
		{B2F76E27-EAE1-4ECF-8A33-77B2CFBB9367}.Debug|Any CPU.ActiveCfg = Debug|Any CPU
		{B2F76E27-EAE1-4ECF-8A33-77B2CFBB9367}.Debug|Any CPU.Build.0 = Debug|Any CPU
		{B2F76E27-EAE1-4ECF-8A33-77B2CFBB9367}.Debug|x86.ActiveCfg = Debug|x86
		{B2F76E27-EAE1-4ECF-8A33-77B2CFBB9367}.Debug|x86.Build.0 = Debug|x86
		{B2F76E27-EAE1-4ECF-8A33-77B2CFBB9367}.Release|Any CPU.ActiveCfg = Release|Any CPU
		{B2F76E27-EAE1-4ECF-8A33-77B2CFBB9367}.Release|Any CPU.Build.0 = Release|Any CPU
		{B2F76E27-EAE1-4ECF-8A33-77B2CFBB9367}.Release|x86.ActiveCfg = Release|x86
		{B2F76E27-EAE1-4ECF-8A33-77B2CFBB9367}.Release|x86.Build.0 = Release|x86
		{6658FCE0-7032-4B7B-BD95-F2765C393442}.Bootstrap|Any CPU.ActiveCfg = Debug|Any CPU
		{6658FCE0-7032-4B7B-BD95-F2765C393442}.Bootstrap|Any CPU.Build.0 = Debug|Any CPU
		{6658FCE0-7032-4B7B-BD95-F2765C393442}.Bootstrap|x86.ActiveCfg = Debug|x86
		{6658FCE0-7032-4B7B-BD95-F2765C393442}.Debug|Any CPU.ActiveCfg = Debug|Any CPU
		{6658FCE0-7032-4B7B-BD95-F2765C393442}.Debug|Any CPU.Build.0 = Debug|Any CPU
		{6658FCE0-7032-4B7B-BD95-F2765C393442}.Debug|x86.ActiveCfg = Debug|x86
		{6658FCE0-7032-4B7B-BD95-F2765C393442}.Debug|x86.Build.0 = Debug|x86
		{6658FCE0-7032-4B7B-BD95-F2765C393442}.Release|Any CPU.ActiveCfg = Release|Any CPU
		{6658FCE0-7032-4B7B-BD95-F2765C393442}.Release|Any CPU.Build.0 = Release|Any CPU
		{6658FCE0-7032-4B7B-BD95-F2765C393442}.Release|x86.ActiveCfg = Release|x86
		{6658FCE0-7032-4B7B-BD95-F2765C393442}.Release|x86.Build.0 = Release|x86
		{4266FA56-F6FE-4E9B-BAE3-B6910183884C}.Bootstrap|Any CPU.ActiveCfg = Debug|Any CPU
		{4266FA56-F6FE-4E9B-BAE3-B6910183884C}.Bootstrap|Any CPU.Build.0 = Debug|Any CPU
		{4266FA56-F6FE-4E9B-BAE3-B6910183884C}.Bootstrap|x86.ActiveCfg = Debug|Any CPU
		{4266FA56-F6FE-4E9B-BAE3-B6910183884C}.Bootstrap|x86.Build.0 = Debug|Any CPU
		{4266FA56-F6FE-4E9B-BAE3-B6910183884C}.Debug|Any CPU.ActiveCfg = Debug|Any CPU
		{4266FA56-F6FE-4E9B-BAE3-B6910183884C}.Debug|Any CPU.Build.0 = Debug|Any CPU
		{4266FA56-F6FE-4E9B-BAE3-B6910183884C}.Debug|x86.ActiveCfg = Debug|x86
		{4266FA56-F6FE-4E9B-BAE3-B6910183884C}.Debug|x86.Build.0 = Debug|x86
		{4266FA56-F6FE-4E9B-BAE3-B6910183884C}.Release|Any CPU.ActiveCfg = Release|Any CPU
		{4266FA56-F6FE-4E9B-BAE3-B6910183884C}.Release|Any CPU.Build.0 = Release|Any CPU
		{4266FA56-F6FE-4E9B-BAE3-B6910183884C}.Release|x86.ActiveCfg = Release|Any CPU
		{4266FA56-F6FE-4E9B-BAE3-B6910183884C}.Release|x86.Build.0 = Release|Any CPU
		{52BF0A64-EBEF-420A-9F27-6C5226A4B77B}.Bootstrap|Any CPU.ActiveCfg = Debug|Any CPU
		{52BF0A64-EBEF-420A-9F27-6C5226A4B77B}.Bootstrap|Any CPU.Build.0 = Debug|Any CPU
		{52BF0A64-EBEF-420A-9F27-6C5226A4B77B}.Bootstrap|x86.ActiveCfg = Debug|Any CPU
		{52BF0A64-EBEF-420A-9F27-6C5226A4B77B}.Debug|Any CPU.ActiveCfg = Debug|Any CPU
		{52BF0A64-EBEF-420A-9F27-6C5226A4B77B}.Debug|Any CPU.Build.0 = Debug|Any CPU
		{52BF0A64-EBEF-420A-9F27-6C5226A4B77B}.Debug|x86.ActiveCfg = Debug|x86
		{52BF0A64-EBEF-420A-9F27-6C5226A4B77B}.Debug|x86.Build.0 = Debug|x86
		{52BF0A64-EBEF-420A-9F27-6C5226A4B77B}.Release|Any CPU.ActiveCfg = Release|Any CPU
		{52BF0A64-EBEF-420A-9F27-6C5226A4B77B}.Release|Any CPU.Build.0 = Release|Any CPU
		{52BF0A64-EBEF-420A-9F27-6C5226A4B77B}.Release|x86.ActiveCfg = Release|Any CPU
		{52BF0A64-EBEF-420A-9F27-6C5226A4B77B}.Release|x86.Build.0 = Release|Any CPU
		{3EEE2ABA-87B3-4DD7-B6C5-BEF23D411136}.Bootstrap|Any CPU.ActiveCfg = Debug|Any CPU
		{3EEE2ABA-87B3-4DD7-B6C5-BEF23D411136}.Bootstrap|Any CPU.Build.0 = Debug|Any CPU
		{3EEE2ABA-87B3-4DD7-B6C5-BEF23D411136}.Bootstrap|x86.ActiveCfg = Debug|Any CPU
		{3EEE2ABA-87B3-4DD7-B6C5-BEF23D411136}.Debug|Any CPU.ActiveCfg = Debug|Any CPU
		{3EEE2ABA-87B3-4DD7-B6C5-BEF23D411136}.Debug|Any CPU.Build.0 = Debug|Any CPU
		{3EEE2ABA-87B3-4DD7-B6C5-BEF23D411136}.Debug|x86.ActiveCfg = Debug|Any CPU
		{3EEE2ABA-87B3-4DD7-B6C5-BEF23D411136}.Debug|x86.Build.0 = Debug|Any CPU
		{3EEE2ABA-87B3-4DD7-B6C5-BEF23D411136}.Release|Any CPU.ActiveCfg = Release|Any CPU
		{3EEE2ABA-87B3-4DD7-B6C5-BEF23D411136}.Release|Any CPU.Build.0 = Release|Any CPU
		{3EEE2ABA-87B3-4DD7-B6C5-BEF23D411136}.Release|x86.ActiveCfg = Release|Any CPU
		{3EEE2ABA-87B3-4DD7-B6C5-BEF23D411136}.Release|x86.Build.0 = Release|Any CPU
		{C801F19C-A9D3-42D5-9A57-9FFDF9B4D05E}.Bootstrap|Any CPU.ActiveCfg = Debug|Any CPU
		{C801F19C-A9D3-42D5-9A57-9FFDF9B4D05E}.Bootstrap|Any CPU.Build.0 = Debug|Any CPU
		{C801F19C-A9D3-42D5-9A57-9FFDF9B4D05E}.Bootstrap|x86.ActiveCfg = Debug|Any CPU
		{C801F19C-A9D3-42D5-9A57-9FFDF9B4D05E}.Bootstrap|x86.Build.0 = Debug|Any CPU
		{C801F19C-A9D3-42D5-9A57-9FFDF9B4D05E}.Debug|Any CPU.ActiveCfg = Debug|Any CPU
		{C801F19C-A9D3-42D5-9A57-9FFDF9B4D05E}.Debug|Any CPU.Build.0 = Debug|Any CPU
		{C801F19C-A9D3-42D5-9A57-9FFDF9B4D05E}.Debug|x86.ActiveCfg = Debug|x86
		{C801F19C-A9D3-42D5-9A57-9FFDF9B4D05E}.Debug|x86.Build.0 = Debug|x86
		{C801F19C-A9D3-42D5-9A57-9FFDF9B4D05E}.Release|Any CPU.ActiveCfg = Release|Any CPU
		{C801F19C-A9D3-42D5-9A57-9FFDF9B4D05E}.Release|Any CPU.Build.0 = Release|Any CPU
		{C801F19C-A9D3-42D5-9A57-9FFDF9B4D05E}.Release|x86.ActiveCfg = Release|Any CPU
		{C801F19C-A9D3-42D5-9A57-9FFDF9B4D05E}.Release|x86.Build.0 = Release|Any CPU
		{3370FC04-B669-46A4-A4AA-A89540318F8D}.Bootstrap|Any CPU.ActiveCfg = Debug|Any CPU
		{3370FC04-B669-46A4-A4AA-A89540318F8D}.Bootstrap|Any CPU.Build.0 = Debug|Any CPU
		{3370FC04-B669-46A4-A4AA-A89540318F8D}.Bootstrap|x86.ActiveCfg = Debug|Any CPU
		{3370FC04-B669-46A4-A4AA-A89540318F8D}.Debug|Any CPU.ActiveCfg = Debug|Any CPU
		{3370FC04-B669-46A4-A4AA-A89540318F8D}.Debug|Any CPU.Build.0 = Debug|Any CPU
		{3370FC04-B669-46A4-A4AA-A89540318F8D}.Debug|x86.ActiveCfg = Debug|x86
		{3370FC04-B669-46A4-A4AA-A89540318F8D}.Debug|x86.Build.0 = Debug|x86
		{3370FC04-B669-46A4-A4AA-A89540318F8D}.Release|Any CPU.ActiveCfg = Release|Any CPU
		{3370FC04-B669-46A4-A4AA-A89540318F8D}.Release|Any CPU.Build.0 = Release|Any CPU
		{3370FC04-B669-46A4-A4AA-A89540318F8D}.Release|x86.ActiveCfg = Release|Any CPU
		{AE684C98-F100-47AE-9C8C-E71BF8C9F8AA}.Bootstrap|Any CPU.ActiveCfg = Release|Any CPU
		{AE684C98-F100-47AE-9C8C-E71BF8C9F8AA}.Bootstrap|Any CPU.Build.0 = Release|Any CPU
		{AE684C98-F100-47AE-9C8C-E71BF8C9F8AA}.Bootstrap|x86.ActiveCfg = Release|Any CPU
		{AE684C98-F100-47AE-9C8C-E71BF8C9F8AA}.Debug|Any CPU.ActiveCfg = Debug|Any CPU
		{AE684C98-F100-47AE-9C8C-E71BF8C9F8AA}.Debug|Any CPU.Build.0 = Debug|Any CPU
		{AE684C98-F100-47AE-9C8C-E71BF8C9F8AA}.Debug|x86.ActiveCfg = Debug|Any CPU
		{AE684C98-F100-47AE-9C8C-E71BF8C9F8AA}.Release|Any CPU.ActiveCfg = Release|Any CPU
		{AE684C98-F100-47AE-9C8C-E71BF8C9F8AA}.Release|Any CPU.Build.0 = Release|Any CPU
		{AE684C98-F100-47AE-9C8C-E71BF8C9F8AA}.Release|x86.ActiveCfg = Release|Any CPU
		{54795C40-B3E8-4DBB-A3DE-FACBADD20ADB}.Bootstrap|Any CPU.ActiveCfg = Release|Any CPU
		{54795C40-B3E8-4DBB-A3DE-FACBADD20ADB}.Bootstrap|Any CPU.Build.0 = Release|Any CPU
		{54795C40-B3E8-4DBB-A3DE-FACBADD20ADB}.Bootstrap|x86.ActiveCfg = Release|Any CPU
		{54795C40-B3E8-4DBB-A3DE-FACBADD20ADB}.Debug|Any CPU.ActiveCfg = Debug|Any CPU
		{54795C40-B3E8-4DBB-A3DE-FACBADD20ADB}.Debug|Any CPU.Build.0 = Debug|Any CPU
		{54795C40-B3E8-4DBB-A3DE-FACBADD20ADB}.Debug|x86.ActiveCfg = Debug|Any CPU
		{54795C40-B3E8-4DBB-A3DE-FACBADD20ADB}.Release|Any CPU.ActiveCfg = Release|Any CPU
		{54795C40-B3E8-4DBB-A3DE-FACBADD20ADB}.Release|Any CPU.Build.0 = Release|Any CPU
		{54795C40-B3E8-4DBB-A3DE-FACBADD20ADB}.Release|x86.ActiveCfg = Release|Any CPU
		{FD4B2006-B518-4884-B196-C2EF2B83FD6F}.Bootstrap|Any CPU.ActiveCfg = Release|Any CPU
		{FD4B2006-B518-4884-B196-C2EF2B83FD6F}.Bootstrap|Any CPU.Build.0 = Release|Any CPU
		{FD4B2006-B518-4884-B196-C2EF2B83FD6F}.Bootstrap|x86.ActiveCfg = Release|Any CPU
		{FD4B2006-B518-4884-B196-C2EF2B83FD6F}.Debug|Any CPU.ActiveCfg = Debug|Any CPU
		{FD4B2006-B518-4884-B196-C2EF2B83FD6F}.Debug|Any CPU.Build.0 = Debug|Any CPU
		{FD4B2006-B518-4884-B196-C2EF2B83FD6F}.Debug|x86.ActiveCfg = Debug|Any CPU
		{FD4B2006-B518-4884-B196-C2EF2B83FD6F}.Release|Any CPU.ActiveCfg = Release|Any CPU
		{FD4B2006-B518-4884-B196-C2EF2B83FD6F}.Release|Any CPU.Build.0 = Release|Any CPU
		{FD4B2006-B518-4884-B196-C2EF2B83FD6F}.Release|x86.ActiveCfg = Release|Any CPU
		{0D162A82-CBC1-4A39-916D-E1079B212DDE}.Bootstrap|Any CPU.ActiveCfg = Release|Any CPU
		{0D162A82-CBC1-4A39-916D-E1079B212DDE}.Bootstrap|Any CPU.Build.0 = Release|Any CPU
		{0D162A82-CBC1-4A39-916D-E1079B212DDE}.Bootstrap|x86.ActiveCfg = Release|Any CPU
		{0D162A82-CBC1-4A39-916D-E1079B212DDE}.Debug|Any CPU.ActiveCfg = Debug|Any CPU
		{0D162A82-CBC1-4A39-916D-E1079B212DDE}.Debug|Any CPU.Build.0 = Debug|Any CPU
		{0D162A82-CBC1-4A39-916D-E1079B212DDE}.Debug|x86.ActiveCfg = Debug|Any CPU
		{0D162A82-CBC1-4A39-916D-E1079B212DDE}.Release|Any CPU.ActiveCfg = Release|Any CPU
		{0D162A82-CBC1-4A39-916D-E1079B212DDE}.Release|Any CPU.Build.0 = Release|Any CPU
		{0D162A82-CBC1-4A39-916D-E1079B212DDE}.Release|x86.ActiveCfg = Release|Any CPU
		{47B9E5D3-A800-4402-AD6A-315FAF4E82F4}.Bootstrap|Any CPU.ActiveCfg = Release|Any CPU
		{47B9E5D3-A800-4402-AD6A-315FAF4E82F4}.Bootstrap|Any CPU.Build.0 = Release|Any CPU
		{47B9E5D3-A800-4402-AD6A-315FAF4E82F4}.Bootstrap|x86.ActiveCfg = Release|Any CPU
		{47B9E5D3-A800-4402-AD6A-315FAF4E82F4}.Debug|Any CPU.ActiveCfg = Debug|Any CPU
		{47B9E5D3-A800-4402-AD6A-315FAF4E82F4}.Debug|Any CPU.Build.0 = Debug|Any CPU
		{47B9E5D3-A800-4402-AD6A-315FAF4E82F4}.Debug|x86.ActiveCfg = Debug|Any CPU
		{47B9E5D3-A800-4402-AD6A-315FAF4E82F4}.Release|Any CPU.ActiveCfg = Release|Any CPU
		{47B9E5D3-A800-4402-AD6A-315FAF4E82F4}.Release|Any CPU.Build.0 = Release|Any CPU
		{47B9E5D3-A800-4402-AD6A-315FAF4E82F4}.Release|x86.ActiveCfg = Release|Any CPU
		{B47ED632-1ACE-4516-9576-81E38BA092F1}.Bootstrap|Any CPU.ActiveCfg = Release|Any CPU
		{B47ED632-1ACE-4516-9576-81E38BA092F1}.Bootstrap|Any CPU.Build.0 = Release|Any CPU
		{B47ED632-1ACE-4516-9576-81E38BA092F1}.Bootstrap|x86.ActiveCfg = Release|Any CPU
		{B47ED632-1ACE-4516-9576-81E38BA092F1}.Debug|Any CPU.ActiveCfg = Debug|Any CPU
		{B47ED632-1ACE-4516-9576-81E38BA092F1}.Debug|Any CPU.Build.0 = Debug|Any CPU
		{B47ED632-1ACE-4516-9576-81E38BA092F1}.Debug|x86.ActiveCfg = Debug|Any CPU
		{B47ED632-1ACE-4516-9576-81E38BA092F1}.Release|Any CPU.ActiveCfg = Release|Any CPU
		{B47ED632-1ACE-4516-9576-81E38BA092F1}.Release|Any CPU.Build.0 = Release|Any CPU
		{B47ED632-1ACE-4516-9576-81E38BA092F1}.Release|x86.ActiveCfg = Release|Any CPU
		{7A24BC15-49A3-43AF-AF2B-3681D9A06C62}.Bootstrap|Any CPU.ActiveCfg = Release|Any CPU
		{7A24BC15-49A3-43AF-AF2B-3681D9A06C62}.Bootstrap|Any CPU.Build.0 = Release|Any CPU
		{7A24BC15-49A3-43AF-AF2B-3681D9A06C62}.Bootstrap|x86.ActiveCfg = Release|Any CPU
		{7A24BC15-49A3-43AF-AF2B-3681D9A06C62}.Debug|Any CPU.ActiveCfg = Debug|Any CPU
		{7A24BC15-49A3-43AF-AF2B-3681D9A06C62}.Debug|Any CPU.Build.0 = Debug|Any CPU
		{7A24BC15-49A3-43AF-AF2B-3681D9A06C62}.Debug|x86.ActiveCfg = Debug|Any CPU
		{7A24BC15-49A3-43AF-AF2B-3681D9A06C62}.Release|Any CPU.ActiveCfg = Release|Any CPU
		{7A24BC15-49A3-43AF-AF2B-3681D9A06C62}.Release|Any CPU.Build.0 = Release|Any CPU
		{7A24BC15-49A3-43AF-AF2B-3681D9A06C62}.Release|x86.ActiveCfg = Release|Any CPU
		{8612AC0F-6C80-4F14-AFFA-7A96AFF18A6D}.Bootstrap|Any CPU.ActiveCfg = Release|Any CPU
		{8612AC0F-6C80-4F14-AFFA-7A96AFF18A6D}.Bootstrap|Any CPU.Build.0 = Release|Any CPU
		{8612AC0F-6C80-4F14-AFFA-7A96AFF18A6D}.Bootstrap|x86.ActiveCfg = Release|Any CPU
		{8612AC0F-6C80-4F14-AFFA-7A96AFF18A6D}.Debug|Any CPU.ActiveCfg = Debug|Any CPU
		{8612AC0F-6C80-4F14-AFFA-7A96AFF18A6D}.Debug|Any CPU.Build.0 = Debug|Any CPU
		{8612AC0F-6C80-4F14-AFFA-7A96AFF18A6D}.Debug|x86.ActiveCfg = Debug|Any CPU
		{8612AC0F-6C80-4F14-AFFA-7A96AFF18A6D}.Release|Any CPU.ActiveCfg = Release|Any CPU
		{8612AC0F-6C80-4F14-AFFA-7A96AFF18A6D}.Release|Any CPU.Build.0 = Release|Any CPU
		{8612AC0F-6C80-4F14-AFFA-7A96AFF18A6D}.Release|x86.ActiveCfg = Release|Any CPU
		{67E7DEF0-1CEE-4ED6-A22D-97E5EA61157A}.Bootstrap|Any CPU.ActiveCfg = Debug|Any CPU
		{67E7DEF0-1CEE-4ED6-A22D-97E5EA61157A}.Bootstrap|Any CPU.Build.0 = Debug|Any CPU
		{67E7DEF0-1CEE-4ED6-A22D-97E5EA61157A}.Bootstrap|x86.ActiveCfg = Debug|Any CPU
		{67E7DEF0-1CEE-4ED6-A22D-97E5EA61157A}.Debug|Any CPU.ActiveCfg = Debug|Any CPU
		{67E7DEF0-1CEE-4ED6-A22D-97E5EA61157A}.Debug|Any CPU.Build.0 = Debug|Any CPU
		{67E7DEF0-1CEE-4ED6-A22D-97E5EA61157A}.Debug|x86.ActiveCfg = Debug|Any CPU
		{67E7DEF0-1CEE-4ED6-A22D-97E5EA61157A}.Release|Any CPU.ActiveCfg = Debug|Any CPU
		{67E7DEF0-1CEE-4ED6-A22D-97E5EA61157A}.Release|Any CPU.Build.0 = Debug|Any CPU
		{67E7DEF0-1CEE-4ED6-A22D-97E5EA61157A}.Release|x86.ActiveCfg = Debug|Any CPU
		{9998B4EA-385E-4DA2-8905-2BBEB5B2C6E2}.Bootstrap|Any CPU.ActiveCfg = Release|x86
		{9998B4EA-385E-4DA2-8905-2BBEB5B2C6E2}.Bootstrap|x86.ActiveCfg = Release|x86
		{9998B4EA-385E-4DA2-8905-2BBEB5B2C6E2}.Bootstrap|x86.Build.0 = Release|x86
		{9998B4EA-385E-4DA2-8905-2BBEB5B2C6E2}.Debug|Any CPU.ActiveCfg = Debug|Any CPU
		{9998B4EA-385E-4DA2-8905-2BBEB5B2C6E2}.Debug|Any CPU.Build.0 = Debug|Any CPU
		{9998B4EA-385E-4DA2-8905-2BBEB5B2C6E2}.Debug|x86.ActiveCfg = Debug|x86
		{9998B4EA-385E-4DA2-8905-2BBEB5B2C6E2}.Debug|x86.Build.0 = Debug|x86
		{9998B4EA-385E-4DA2-8905-2BBEB5B2C6E2}.Release|Any CPU.ActiveCfg = Release|Any CPU
		{9998B4EA-385E-4DA2-8905-2BBEB5B2C6E2}.Release|Any CPU.Build.0 = Release|Any CPU
		{9998B4EA-385E-4DA2-8905-2BBEB5B2C6E2}.Release|x86.ActiveCfg = Release|x86
		{9998B4EA-385E-4DA2-8905-2BBEB5B2C6E2}.Release|x86.Build.0 = Release|x86
	EndGlobalSection
	GlobalSection(SolutionProperties) = preSolution
		HideSolutionNode = FALSE
	EndGlobalSection
	GlobalSection(NestedProjects) = preSolution
		{F18343D8-D22D-485B-A583-83C09A0C92B1} = {0D558E33-78B0-47DB-B5EF-B7C2F3114D75}
		{B168BEDD-C6A6-4E7C-B9A5-0144286E9E42} = {0D558E33-78B0-47DB-B5EF-B7C2F3114D75}
		{A1F83D9F-2D44-4264-A08B-416797123018} = {0D558E33-78B0-47DB-B5EF-B7C2F3114D75}
		{0CB1AFCD-F3D2-48A6-A6D1-103F6364B666} = {0D558E33-78B0-47DB-B5EF-B7C2F3114D75}
		{BCB66614-20FE-4184-B214-FD42844AD8A6} = {F18343D8-D22D-485B-A583-83C09A0C92B1}
		{CE50FE98-9AC4-4B4D-ADC7-31F6DCD28755} = {F18343D8-D22D-485B-A583-83C09A0C92B1}
		{B2F76E27-EAE1-4ECF-8A33-77B2CFBB9367} = {F18343D8-D22D-485B-A583-83C09A0C92B1}
		{819DB8FC-5DA1-461F-83C9-2F5C88088C94} = {0CB1AFCD-F3D2-48A6-A6D1-103F6364B666}
		{6110AD07-EB07-4A99-BB73-7A69AF5732F1} = {0CB1AFCD-F3D2-48A6-A6D1-103F6364B666}
		{5C293BB9-FB42-495E-AAD9-D15888631CA4} = {0CB1AFCD-F3D2-48A6-A6D1-103F6364B666}
		{D95021E1-A2C9-4829-819E-ED433AF13162} = {8D61B97D-E68E-47C6-AD72-95EA5768D0B2}
		{FF5BAFDE-AE9D-438D-935A-86B33EE0A758} = {8D61B97D-E68E-47C6-AD72-95EA5768D0B2}
		{1698DD83-72A3-44CD-B088-4320A4014A95} = {8D61B97D-E68E-47C6-AD72-95EA5768D0B2}
		{589A0B35-385A-4ADD-A1B2-B549C4F29A7A} = {8D61B97D-E68E-47C6-AD72-95EA5768D0B2}
		{84539024-0368-4B87-B435-445D2DF87003} = {8D61B97D-E68E-47C6-AD72-95EA5768D0B2}
		{A4478219-065D-4928-BB4D-4358CAD39A03} = {8D61B97D-E68E-47C6-AD72-95EA5768D0B2}
		{74E81F2A-F4BD-4532-803B-3003378BA2F1} = {8D61B97D-E68E-47C6-AD72-95EA5768D0B2}
		{CD3F5E45-8B24-424F-ADF1-0211712F4CB7} = {8D61B97D-E68E-47C6-AD72-95EA5768D0B2}
		{35CABD9D-5C85-419A-B6C9-561EAD97A553} = {8D61B97D-E68E-47C6-AD72-95EA5768D0B2}
		{0462E82B-8C29-41A9-8265-9C89038ADB29} = {D95021E1-A2C9-4829-819E-ED433AF13162}
		{3B8CD27E-9E91-4472-A4D9-9B3D581A5316} = {D95021E1-A2C9-4829-819E-ED433AF13162}
		{BC6AE974-1F18-4A19-A956-5062E4D3FD53} = {D95021E1-A2C9-4829-819E-ED433AF13162}
		{AB24E403-54F3-4F67-B5E0-119A7227AAC1} = {FF5BAFDE-AE9D-438D-935A-86B33EE0A758}
		{6D2688FE-6FD8-44A8-B96A-6037457F72A7} = {FF5BAFDE-AE9D-438D-935A-86B33EE0A758}
		{4266FA56-F6FE-4E9B-BAE3-B6910183884C} = {FF5BAFDE-AE9D-438D-935A-86B33EE0A758}
		{3370FC04-B669-46A4-A4AA-A89540318F8D} = {FF5BAFDE-AE9D-438D-935A-86B33EE0A758}
		{9D82B35C-7133-4ADE-AA5C-0FFB2BFA8BA6} = {A4478219-065D-4928-BB4D-4358CAD39A03}
		{2DF5F17F-4890-4856-ADFD-4DE23282C3B7} = {A4478219-065D-4928-BB4D-4358CAD39A03}
		{0CF14D0F-6054-4D3D-9062-E3D2EB064A4E} = {A4478219-065D-4928-BB4D-4358CAD39A03}
		{3EEE2ABA-87B3-4DD7-B6C5-BEF23D411136} = {9D82B35C-7133-4ADE-AA5C-0FFB2BFA8BA6}
		{61535AF6-4A1E-4691-B2BC-039851EF4850} = {CD3F5E45-8B24-424F-ADF1-0211712F4CB7}
		{239E33A7-F0C3-4801-85CA-4D8F89A31DC0} = {35CABD9D-5C85-419A-B6C9-561EAD97A553}
		{F708C866-1C9B-4579-8C28-0728ECCFC1ED} = {35CABD9D-5C85-419A-B6C9-561EAD97A553}
		{63F7BFB9-419E-4965-B580-304B9C9FA7D8} = {35CABD9D-5C85-419A-B6C9-561EAD97A553}
		{52BF0A64-EBEF-420A-9F27-6C5226A4B77B} = {35CABD9D-5C85-419A-B6C9-561EAD97A553}
		{C801F19C-A9D3-42D5-9A57-9FFDF9B4D05E} = {35CABD9D-5C85-419A-B6C9-561EAD97A553}
		{9998B4EA-385E-4DA2-8905-2BBEB5B2C6E2} = {35CABD9D-5C85-419A-B6C9-561EAD97A553}
		{6658FCE0-7032-4B7B-BD95-F2765C393442} = {2DF5F17F-4890-4856-ADFD-4DE23282C3B7}
		{3C6DFC2F-DE70-4B1C-A938-A9D3FE890520} = {0CF14D0F-6054-4D3D-9062-E3D2EB064A4E}
		{8D72B98D-8FB3-4731-A5EC-194D141AA431} = {3C6DFC2F-DE70-4B1C-A938-A9D3FE890520}
		{54795C40-B3E8-4DBB-A3DE-FACBADD20ADB} = {3C6DFC2F-DE70-4B1C-A938-A9D3FE890520}
		{FD4B2006-B518-4884-B196-C2EF2B83FD6F} = {3C6DFC2F-DE70-4B1C-A938-A9D3FE890520}
		{0D162A82-CBC1-4A39-916D-E1079B212DDE} = {3C6DFC2F-DE70-4B1C-A938-A9D3FE890520}
		{47B9E5D3-A800-4402-AD6A-315FAF4E82F4} = {3C6DFC2F-DE70-4B1C-A938-A9D3FE890520}
		{AE684C98-F100-47AE-9C8C-E71BF8C9F8AA} = {8D72B98D-8FB3-4731-A5EC-194D141AA431}
		{A9E19073-3AA0-487D-BBD2-D3E9132AF942} = {8D72B98D-8FB3-4731-A5EC-194D141AA431}
		{B47ED632-1ACE-4516-9576-81E38BA092F1} = {A9E19073-3AA0-487D-BBD2-D3E9132AF942}
		{7A24BC15-49A3-43AF-AF2B-3681D9A06C62} = {A9E19073-3AA0-487D-BBD2-D3E9132AF942}
		{8612AC0F-6C80-4F14-AFFA-7A96AFF18A6D} = {A9E19073-3AA0-487D-BBD2-D3E9132AF942}
	EndGlobalSection
EndGlobal
