
Microsoft Visual Studio Solution File, Format Version 10.00
# Visual Studio 2008
Project("{FAE04EC0-301F-11D3-BF4B-00C04F79EFBC}") = "Indy.IL2CPU", "Indy.IL2CPU\Indy.IL2CPU.csproj", "{21243B63-9CD0-4573-9C58-AF4B4AEF9D57}"
EndProject
Project("{FAE04EC0-301F-11D3-BF4B-00C04F79EFBC}") = "IL2CPU.Tests", "IL2CPU.Tests\IL2CPU.Tests.csproj", "{3A0BAC46-1D4E-4E21-89CA-72903B9FCEB1}"
EndProject
Project("{FAE04EC0-301F-11D3-BF4B-00C04F79EFBC}") = "Cosmos.Demo.Shell", "Cosmos\Cosmos.Shell.Console\Cosmos.Demo.Shell.csproj", "{E4A9F8F0-D0DC-465A-A64A-FE56504D397E}"
EndProject
Project("{FAE04EC0-301F-11D3-BF4B-00C04F79EFBC}") = "Cosmos.Hardware", "Cosmos\Cosmos.Hardware\Cosmos.Hardware.csproj", "{CE50FE98-9AC4-4B4D-ADC7-31F6DCD28755}"
EndProject
Project("{2150E333-8FDC-42A3-9474-1A3956D46DE8}") = "Kernel", "Kernel", "{0D558E33-78B0-47DB-B5EF-B7C2F3114D75}"
	ProjectSection(SolutionItems) = preProject
		ReadMe.html = ReadMe.html
	EndProjectSection
EndProject
Project("{FAE04EC0-301F-11D3-BF4B-00C04F79EFBC}") = "Cosmos.Kernel.Plugs", "Cosmos\Cosmos.Kernel.Plugs\Cosmos.Kernel.Plugs.csproj", "{B168BEDD-C6A6-4E7C-B9A5-0144286E9E42}"
EndProject
Project("{FAE04EC0-301F-11D3-BF4B-00C04F79EFBC}") = "Cosmos.Kernel", "Cosmos\Cosmos.Kernel\Cosmos.Kernel.csproj", "{A1F83D9F-2D44-4264-A08B-416797123018}"
EndProject
Project("{FAE04EC0-301F-11D3-BF4B-00C04F79EFBC}") = "Cosmos.Kernel.LogTail", "Cosmos\Cosmos.Kernel.LogTail\Cosmos.Kernel.LogTail.csproj", "{7BAB58BF-E8A1-4623-B6BF-4B90A0505226}"
EndProject
Project("{2150E333-8FDC-42A3-9474-1A3956D46DE8}") = "Compiler", "Compiler", "{4070490F-A3FD-4E97-A89D-A1C96EF7BD37}"
	ProjectSection(SolutionItems) = preProject
		Plugs.html = Plugs.html
		ReadMe.html = ReadMe.html
	EndProjectSection
EndProject
Project("{2150E333-8FDC-42A3-9474-1A3956D46DE8}") = "Misc", "Misc", "{E16DB75B-0F1D-4813-9103-F8FB6E7BAE2A}"
EndProject
Project("{2150E333-8FDC-42A3-9474-1A3956D46DE8}") = "Boot", "Boot", "{21E68B7D-F1DC-46E2-9CFA-0A7C6D77D42E}"
EndProject
Project("{FAE04EC0-301F-11D3-BF4B-00C04F79EFBC}") = "Cosmos.Compiler.Builder", "Cosmos.Build.Windows\Cosmos.Compiler.Builder.csproj", "{1F0EDE86-F6D4-4355-9A97-10E90457770C}"
EndProject
Project("{FAE04EC0-301F-11D3-BF4B-00C04F79EFBC}") = "CosmosBoot", "CosmosBoot\CosmosBoot.csproj", "{E2C54C80-75F3-4249-93B4-0003A4AF705F}"
EndProject
Project("{FAE04EC0-301F-11D3-BF4B-00C04F79EFBC}") = "Cosmos.Demo.Guess", "Cosmos.Shell.Guess\Cosmos.Demo.Guess.csproj", "{C97DE890-58D2-41A1-86D0-A2E919E6DD80}"
EndProject
Project("{FAE04EC0-301F-11D3-BF4B-00C04F79EFBC}") = "TestSuite", "Boot\TestSuite\TestSuite.csproj", "{FF431742-6490-46B8-A9F6-734477D0725D}"
EndProject
Project("{FAE04EC0-301F-11D3-BF4B-00C04F79EFBC}") = "Cosmos.GdbClient", "Cosmos.GdbClient\Cosmos.GdbClient.csproj", "{5784365C-ED22-42EB-BB8A-F3E09428D5B8}"
EndProject
Project("{FAE04EC0-301F-11D3-BF4B-00C04F79EFBC}") = "GdpClientTester", "GdpClientTester\GdpClientTester.csproj", "{26E45503-4490-4E38-A8C5-14159B25D6D1}"
EndProject
Project("{2150E333-8FDC-42A3-9474-1A3956D46DE8}") = "Playgrounds", "Playgrounds", "{EBF602FE-8AFC-408D-A9F1-560C35651090}"
EndProject
Project("{2150E333-8FDC-42A3-9474-1A3956D46DE8}") = "Demos", "Demos", "{6F91B8C3-1A78-49D7-B915-F13EDFDAFDB3}"
EndProject
Project("{FAE04EC0-301F-11D3-BF4B-00C04F79EFBC}") = "MatthijsTest", "MatthijsTest\MatthijsTest.csproj", "{605F8D53-66FA-4BEC-844E-F63209B855C9}"
EndProject
Project("{FAE04EC0-301F-11D3-BF4B-00C04F79EFBC}") = "TestKernel", "TestKernel\TestKernel.csproj", "{8F2D5231-CDE5-48FA-9D26-D4305B01FD3C}"
EndProject
Project("{FAE04EC0-301F-11D3-BF4B-00C04F79EFBC}") = "SteveKernel", "SteveKernel\SteveKernel.csproj", "{8C566493-DBA5-45DD-93D4-89D4486CAAB6}"
EndProject
Project("{FAE04EC0-301F-11D3-BF4B-00C04F79EFBC}") = "FrodeTest", "FrodeTest\FrodeTest.csproj", "{DA1DFD9E-B80C-4304-BCBA-B313255F6B01}"
EndProject
Project("{FAE04EC0-301F-11D3-BF4B-00C04F79EFBC}") = "Cosmos.Sys.FileSystem", "Cosmos.Kernel.FileSystems\Cosmos.Sys.FileSystem.csproj", "{5C293BB9-FB42-495E-AAD9-D15888631CA4}"
EndProject
Project("{2150E333-8FDC-42A3-9474-1A3956D46DE8}") = "Tests", "Tests", "{4DE8EC69-B412-41C4-BCD9-1E032984E888}"
EndProject
Project("{FAE04EC0-301F-11D3-BF4B-00C04F79EFBC}") = "MohammedTest", "MohammedTest\MohammedTest.csproj", "{1240EAB3-D6B1-463A-BA83-436607A1F18E}"
EndProject
Project("{FAE04EC0-301F-11D3-BF4B-00C04F79EFBC}") = "RsenkTest", "RsenkTest\RsenkTest.csproj", "{F598F906-8F3B-4EC1-AB8F-A9CBD8EBBE21}"
EndProject
Project("{2150E333-8FDC-42A3-9474-1A3956D46DE8}") = "Kudzu", "Kudzu", "{9AB7CE5D-C1E5-49AD-9CCB-53863FBCDFAF}"
EndProject
Project("{FAE04EC0-301F-11D3-BF4B-00C04F79EFBC}") = "Cosmos.Sys", "Cosmos\Cosmos.System\Cosmos.Sys.csproj", "{819DB8FC-5DA1-461F-83C9-2F5C88088C94}"
EndProject
Project("{FAE04EC0-301F-11D3-BF4B-00C04F79EFBC}") = "CosmosFlatFileUpdater", "CosmosFlatFileUpdater\CosmosFlatFileUpdater.csproj", "{BD36BB36-1F48-4C6F-91AC-D20FBC2BFA14}"
EndProject
Project("{FAE04EC0-301F-11D3-BF4B-00C04F79EFBC}") = "Cosmos.FileSystems.Test", "Boot\Cosmos.FileSystems.Test\Cosmos.FileSystems.Test.csproj", "{C1025F9D-3D8D-4C4B-98A5-877EE50F37FE}"
EndProject
Project("{FAE04EC0-301F-11D3-BF4B-00C04F79EFBC}") = "Kudzu-SourceView", "Boot\Playgrounds\Kudzu\Kudzu-SourceView\Kudzu-SourceView.csproj", "{1E31A694-81BB-4628-B704-DA190E7E94CA}"
EndProject
Project("{FAE04EC0-301F-11D3-BF4B-00C04F79EFBC}") = "Cosmos.Playground.Kudzu", "Boot\Playgrounds\Kudzu\KudzuTest\Cosmos.Playground.Kudzu.csproj", "{30057B5B-8BEE-4712-8243-9A42DF8A0C76}"
EndProject
Project("{2150E333-8FDC-42A3-9474-1A3956D46DE8}") = "Ralf", "Ralf", "{079D6377-44C2-4155-B73A-E634E8F1BF6E}"
EndProject
Project("{FAE04EC0-301F-11D3-BF4B-00C04F79EFBC}") = "EsxTest", "Playgrounds\Ralf\EsxTest\EsxTest.csproj", "{86689365-73B3-4AF5-9E63-4BC2D2C4DC85}"
EndProject
Project("{FAE04EC0-301F-11D3-BF4B-00C04F79EFBC}") = "Cosmos.Sys.Plugs", "Cosmos\Cosmos.Sys.Plugs\Cosmos.Sys.Plugs.csproj", "{6110AD07-EB07-4A99-BB73-7A69AF5732F1}"
EndProject
Project("{2150E333-8FDC-42A3-9474-1A3956D46DE8}") = "Cipher", "Cipher", "{97AC0D14-645F-4BC2-B5A6-A4CA1C6198D4}"
EndProject
Project("{FAE04EC0-301F-11D3-BF4B-00C04F79EFBC}") = "CipherTest", "CipherTest\CipherTest.csproj", "{1325C57A-B64D-4DE9-9FA0-5C0C5464D85D}"
EndProject
Project("{FAE04EC0-301F-11D3-BF4B-00C04F79EFBC}") = "PCIHelper", "Playgrounds\Ralf\PCIHelper\PCIHelper.csproj", "{D5FAEE65-F23D-40A4-9F03-1928A3C3F81B}"
EndProject
Project("{2150E333-8FDC-42A3-9474-1A3956D46DE8}") = "Frode", "Frode", "{55682BBB-A596-4C97-BED5-8BCCBAD81439}"
EndProject
Project("{FAE04EC0-301F-11D3-BF4B-00C04F79EFBC}") = "DokuTest", "DokuTest\DokuTest.csproj", "{77DE5600-A012-49E5-8877-67CDB0304B0A}"
EndProject
Project("{2150E333-8FDC-42A3-9474-1A3956D46DE8}") = "Matthijs", "Matthijs", "{B2F8734A-DA5C-4F65-BD67-B9E717DC510E}"
EndProject
Project("{2150E333-8FDC-42A3-9474-1A3956D46DE8}") = "3P Plugs", "3P Plugs", "{232C5793-FC68-4617-9BB0-2059B6C48784}"
EndProject
Project("{FAE04EC0-301F-11D3-BF4B-00C04F79EFBC}") = "mono-curses.Plugs", "3PLibraryPlugs\mono-curses.Plugs\mono-curses.Plugs.csproj", "{F215BFCA-3280-497B-B186-2E097DFB4551}"
EndProject
Project("{FAE04EC0-301F-11D3-BF4B-00C04F79EFBC}") = "Cosmos.Demo.Nibbles", "Cosmos.Demos.NibblesCS\Cosmos.Demo.Nibbles.csproj", "{301BAFD2-D15B-4B95-8C59-65D7D0390A76}"
EndProject
Project("{FAE04EC0-301F-11D3-BF4B-00C04F79EFBC}") = "VGAFontMaker", "VGAFontMaker\VGAFontMaker.csproj", "{5DC4FE9C-A91A-42C1-A18B-B28E8388A8C4}"
EndProject
Project("{FAE04EC0-301F-11D3-BF4B-00C04F79EFBC}") = "Cosmos.Hardware.Plugs", "Cosmos.Hardware.Plugs\Cosmos.Hardware.Plugs.csproj", "{BCB66614-20FE-4184-B214-FD42844AD8A6}"
EndProject
Project("{FAE04EC0-301F-11D3-BF4B-00C04F79EFBC}") = "Cosmos.Demos.Snake", "Cosmos.Demos.Snake\Cosmos.Demos.Snake.csproj", "{A38CF66E-A15A-417E-B958-48EF357D7AB3}"
EndProject
Project("{FAE04EC0-301F-11D3-BF4B-00C04F79EFBC}") = "Cosmos.Demo.Pacman", "Cosmos.Demo.Pacman\Cosmos.Demo.Pacman.csproj", "{A9B31697-9530-4D85-8123-0508A4E1EA70}"
EndProject
Project("{FAE04EC0-301F-11D3-BF4B-00C04F79EFBC}") = "Cosmos.Compiler.Debug", "IL2CPU\Cosmos.IL2CPU.Debug\Cosmos.Compiler.Debug.csproj", "{9998B4EA-385E-4DA2-8905-2BBEB5B2C6E2}"
EndProject
Project("{2150E333-8FDC-42A3-9474-1A3956D46DE8}") = "Hardware", "Hardware", "{F18343D8-D22D-485B-A583-83C09A0C92B1}"
EndProject
Project("{2150E333-8FDC-42A3-9474-1A3956D46DE8}") = "Sys", "Sys", "{0CB1AFCD-F3D2-48A6-A6D1-103F6364B666}"
EndProject
Project("{FAE04EC0-301F-11D3-BF4B-00C04F79EFBC}") = "Cosmos.Demo.RemoteRocketLauncher", "Cosmos.Demo.RemoteRocketLauncher\Cosmos.Demo.RemoteRocketLauncher.csproj", "{1DDD56E7-84AB-47D3-82C9-77CACEA0F187}"
EndProject
Project("{FAE04EC0-301F-11D3-BF4B-00C04F79EFBC}") = "IL2CPU", "IL2CPU\IL2CPU\IL2CPU.csproj", "{8142656B-0A4B-4E05-BBE4-AA31CE7B18FA}"
EndProject
Project("{FAE04EC0-301F-11D3-BF4B-00C04F79EFBC}") = "TestApp", "Playgrounds\Matthijs\TestApp\TestApp.csproj", "{8C747807-B159-41F0-A720-34EB159F55F5}"
EndProject
Project("{2150E333-8FDC-42A3-9474-1A3956D46DE8}") = "Tests", "Tests", "{BE896274-5F06-430F-AAC4-D74CAEEB28F5}"
EndProject
Project("{FAE04EC0-301F-11D3-BF4B-00C04F79EFBC}") = "Indy.IL2CPU.Tests", "Indy.IL2CPU.Tests\Indy.IL2CPU.Tests.csproj", "{014A572A-70CA-4BDE-80AF-A4F6F92DB1E3}"
EndProject
Project("{2150E333-8FDC-42A3-9474-1A3956D46DE8}") = "Test Kernels", "Test Kernels", "{94175DA3-84AF-4DBD-9B2A-791DD0F0BC13}"
EndProject
Project("{FAE04EC0-301F-11D3-BF4B-00C04F79EFBC}") = "Cosmos.TestRunner", "TestKernels\Cosmos.TestRunner\Cosmos.TestRunner.csproj", "{94DA13DA-8F35-47EE-A2CA-72F36AEC2836}"
EndProject
Project("{2150E333-8FDC-42A3-9474-1A3956D46DE8}") = "_Core", "_Core", "{D508601F-A6A6-4F6C-9C45-0B660F6D0189}"
EndProject
Project("{FAE04EC0-301F-11D3-BF4B-00C04F79EFBC}") = "Cosmos.TestKernelHelpers", "Cosmos.TestKernelHelpers\Cosmos.TestKernelHelpers.csproj", "{C93F0CB0-9E3B-40CB-A6E5-9BE5FDA83338}"
EndProject
Project("{FAE04EC0-301F-11D3-BF4B-00C04F79EFBC}") = "SimpleTest", "TestKernels\SimpleTest\SimpleTest.csproj", "{4C9574DA-3DA5-4751-BE47-DABF9BCDBA5C}"
EndProject
Global
	GlobalSection(TeamFoundationVersionControl) = preSolution
		SccNumberOfProjects = 45
		SccEnterpriseProvider = {4CA58AB2-18FA-4F8D-95D4-32DDF27D184C}
		SccTeamFoundationServer = https://tfs04.codeplex.com/
		SccLocalPath0 = .
		SccProjectUniqueName1 = Indy.IL2CPU\\Indy.IL2CPU.csproj
		SccProjectTopLevelParentUniqueName1 = Cosmos.sln
		SccProjectName1 = Indy.IL2CPU
		SccLocalPath1 = Indy.IL2CPU
		SccProjectUniqueName2 = IL2CPU.Tests\\IL2CPU.Tests.csproj
		SccProjectTopLevelParentUniqueName2 = Cosmos.sln
		SccProjectName2 = IL2CPU.Tests
		SccLocalPath2 = IL2CPU.Tests
		SccProjectUniqueName3 = Cosmos\\Cosmos.Kernel\\Cosmos.Kernel.csproj
		SccProjectTopLevelParentUniqueName3 = Cosmos.sln
		SccProjectName3 = Cosmos/Cosmos.Kernel
		SccLocalPath3 = Cosmos\\Cosmos.Kernel
		SccProjectUniqueName4 = Cosmos\\Cosmos.Hardware\\Cosmos.Hardware.csproj
		SccProjectTopLevelParentUniqueName4 = Cosmos.sln
		SccProjectName4 = Cosmos/Cosmos.Hardware
		SccLocalPath4 = Cosmos\\Cosmos.Hardware
		SccProjectUniqueName5 = Cosmos\\Cosmos.Kernel.Plugs\\Cosmos.Kernel.Plugs.csproj
		SccProjectTopLevelParentUniqueName5 = Cosmos.sln
		SccProjectName5 = Cosmos/Cosmos.Kernel.Plugs
		SccLocalPath5 = Cosmos\\Cosmos.Kernel.Plugs
		SccProjectUniqueName6 = Cosmos\\Cosmos.Kernel.LogTail\\Cosmos.Kernel.LogTail.csproj
		SccProjectTopLevelParentUniqueName6 = Cosmos.sln
		SccProjectName6 = Cosmos/Cosmos.Kernel.LogTail
		SccLocalPath6 = Cosmos\\Cosmos.Kernel.LogTail
		SccProjectUniqueName7 = CosmosBoot\\CosmosBoot.csproj
		SccProjectTopLevelParentUniqueName7 = Cosmos.sln
		SccProjectName7 = CosmosBoot
		SccLocalPath7 = CosmosBoot
		SccProjectUniqueName8 = Boot\\TestSuite\\TestSuite.csproj
		SccProjectTopLevelParentUniqueName8 = Cosmos.sln
		SccProjectName8 = Boot/TestSuite
		SccLocalPath8 = Boot\\TestSuite
		SccProjectUniqueName9 = Cosmos.GdbClient\\Cosmos.GdbClient.csproj
		SccProjectTopLevelParentUniqueName9 = Cosmos.sln
		SccProjectName9 = Cosmos.GdbClient
		SccLocalPath9 = Cosmos.GdbClient
		SccProjectUniqueName10 = GdpClientTester\\GdpClientTester.csproj
		SccProjectTopLevelParentUniqueName10 = Cosmos.sln
		SccProjectName10 = GdpClientTester
		SccLocalPath10 = GdpClientTester
		SccProjectUniqueName11 = MatthijsTest\\MatthijsTest.csproj
		SccProjectTopLevelParentUniqueName11 = Cosmos.sln
		SccProjectName11 = MatthijsTest
		SccLocalPath11 = MatthijsTest
		SccProjectUniqueName12 = TestKernel\\TestKernel.csproj
		SccProjectTopLevelParentUniqueName12 = Cosmos.sln
		SccProjectName12 = TestKernel
		SccLocalPath12 = TestKernel
		SccProjectUniqueName13 = SteveKernel\\SteveKernel.csproj
		SccProjectTopLevelParentUniqueName13 = Cosmos.sln
		SccProjectName13 = SteveKernel
		SccLocalPath13 = SteveKernel
		SccProjectUniqueName14 = FrodeTest\\FrodeTest.csproj
		SccProjectTopLevelParentUniqueName14 = Cosmos.sln
		SccProjectName14 = FrodeTest
		SccLocalPath14 = FrodeTest
		SccProjectUniqueName15 = MohammedTest\\MohammedTest.csproj
		SccProjectTopLevelParentUniqueName15 = Cosmos.sln
		SccProjectName15 = MohammedTest
		SccLocalPath15 = MohammedTest
		SccProjectUniqueName16 = RsenkTest\\RsenkTest.csproj
		SccProjectTopLevelParentUniqueName16 = Cosmos.sln
		SccProjectName16 = RsenkTest
		SccLocalPath16 = RsenkTest
		SccProjectUniqueName17 = Cosmos\\Cosmos.System\\Cosmos.Sys.csproj
		SccProjectTopLevelParentUniqueName17 = Cosmos.sln
		SccProjectName17 = Cosmos/Cosmos.System
		SccLocalPath17 = Cosmos\\Cosmos.System
		SccProjectUniqueName18 = CosmosFlatFileUpdater\\CosmosFlatFileUpdater.csproj
		SccProjectTopLevelParentUniqueName18 = Cosmos.sln
		SccProjectName18 = CosmosFlatFileUpdater
		SccLocalPath18 = CosmosFlatFileUpdater
		SccProjectUniqueName19 = Boot\\Cosmos.FileSystems.Test\\Cosmos.FileSystems.Test.csproj
		SccProjectTopLevelParentUniqueName19 = Cosmos.sln
		SccProjectName19 = Boot/Cosmos.FileSystems.Test
		SccLocalPath19 = Boot\\Cosmos.FileSystems.Test
		SccProjectUniqueName20 = Boot\\Playgrounds\\Kudzu\\Kudzu-SourceView\\Kudzu-SourceView.csproj
		SccProjectTopLevelParentUniqueName20 = Cosmos.sln
		SccProjectName20 = Boot/Playgrounds/Kudzu/Kudzu-SourceView
		SccLocalPath20 = Boot\\Playgrounds\\Kudzu\\Kudzu-SourceView
		SccProjectUniqueName21 = Playgrounds\\Ralf\\EsxTest\\EsxTest.csproj
		SccProjectTopLevelParentUniqueName21 = Cosmos.sln
		SccProjectName21 = Playgrounds/Ralf/EsxTest
		SccLocalPath21 = Playgrounds\\Ralf\\EsxTest
		SccProjectUniqueName22 = Cosmos\\Cosmos.Sys.Plugs\\Cosmos.Sys.Plugs.csproj
		SccProjectTopLevelParentUniqueName22 = Cosmos.sln
		SccProjectName22 = Cosmos/Cosmos.Sys.Plugs
		SccLocalPath22 = Cosmos\\Cosmos.Sys.Plugs
		SccProjectUniqueName23 = CipherTest\\CipherTest.csproj
		SccProjectTopLevelParentUniqueName23 = Cosmos.sln
		SccProjectName23 = CipherTest
		SccLocalPath23 = CipherTest
		SccProjectUniqueName24 = Playgrounds\\Ralf\\PCIHelper\\PCIHelper.csproj
		SccProjectTopLevelParentUniqueName24 = Cosmos.sln
		SccProjectName24 = Playgrounds/Ralf/PCIHelper
		SccLocalPath24 = Playgrounds\\Ralf\\PCIHelper
		SccProjectUniqueName25 = DokuTest\\DokuTest.csproj
		SccProjectTopLevelParentUniqueName25 = Cosmos.sln
		SccProjectName25 = DokuTest
		SccLocalPath25 = DokuTest
		SccProjectUniqueName26 = 3PLibraryPlugs\\mono-curses.Plugs\\mono-curses.Plugs.csproj
		SccProjectTopLevelParentUniqueName26 = Cosmos.sln
		SccProjectName26 = 3PLibraryPlugs/mono-curses.Plugs
		SccLocalPath26 = 3PLibraryPlugs\\mono-curses.Plugs
		SccProjectUniqueName27 = VGAFontMaker\\VGAFontMaker.csproj
		SccProjectTopLevelParentUniqueName27 = Cosmos.sln
		SccProjectName27 = VGAFontMaker
		SccLocalPath27 = VGAFontMaker
		SccProjectUniqueName28 = Cosmos.Shell.Guess\\Cosmos.Demo.Guess.csproj
		SccProjectTopLevelParentUniqueName28 = Cosmos.sln
		SccProjectName28 = Cosmos.Shell.Guess
		SccLocalPath28 = Cosmos.Shell.Guess
		SccProjectUniqueName29 = Cosmos.Demos.NibblesCS\\Cosmos.Demo.Nibbles.csproj
		SccProjectTopLevelParentUniqueName29 = Cosmos.sln
		SccProjectName29 = Cosmos.Demos.NibblesCS
		SccLocalPath29 = Cosmos.Demos.NibblesCS
		SccProjectUniqueName30 = Cosmos\\Cosmos.Shell.Console\\Cosmos.Demo.Shell.csproj
		SccProjectTopLevelParentUniqueName30 = Cosmos.sln
		SccProjectName30 = Cosmos/Cosmos.Shell.Console
		SccLocalPath30 = Cosmos\\Cosmos.Shell.Console
		SccProjectUniqueName31 = Boot\\Playgrounds\\Kudzu\\KudzuTest\\Cosmos.Playground.Kudzu.csproj
		SccProjectTopLevelParentUniqueName31 = Cosmos.sln
		SccProjectName31 = Boot/Playgrounds/Kudzu/KudzuTest
		SccLocalPath31 = Boot\\Playgrounds\\Kudzu\\KudzuTest
		SccProjectUniqueName32 = Cosmos.Kernel.FileSystems\\Cosmos.Sys.FileSystem.csproj
		SccProjectTopLevelParentUniqueName32 = Cosmos.sln
		SccProjectName32 = Cosmos.Kernel.FileSystems
		SccLocalPath32 = Cosmos.Kernel.FileSystems
		SccProjectUniqueName33 = Cosmos.Hardware.Plugs\\Cosmos.Hardware.Plugs.csproj
		SccProjectTopLevelParentUniqueName33 = Cosmos.sln
		SccProjectName33 = Cosmos.Hardware.Plugs
		SccLocalPath33 = Cosmos.Hardware.Plugs
		SccProjectUniqueName34 = Cosmos.Demos.Snake\\Cosmos.Demos.Snake.csproj
		SccProjectTopLevelParentUniqueName34 = Cosmos.sln
		SccProjectName34 = Cosmos.Demos.Snake
		SccLocalPath34 = Cosmos.Demos.Snake
		SccProjectUniqueName35 = Cosmos.Demo.Pacman\\Cosmos.Demo.Pacman.csproj
		SccProjectTopLevelParentUniqueName35 = Cosmos.sln
		SccProjectName35 = Cosmos.Demo.Pacman
		SccLocalPath35 = Cosmos.Demo.Pacman
		SccProjectUniqueName36 = IL2CPU\\Cosmos.IL2CPU.Debug\\Cosmos.Compiler.Debug.csproj
		SccProjectTopLevelParentUniqueName36 = Cosmos.sln
		SccProjectName36 = IL2CPU/Cosmos.IL2CPU.Debug
		SccLocalPath36 = IL2CPU\\Cosmos.IL2CPU.Debug
		SccProjectUniqueName37 = Cosmos.Build.Windows\\Cosmos.Compiler.Builder.csproj
		SccProjectTopLevelParentUniqueName37 = Cosmos.sln
		SccProjectName37 = Cosmos.Build.Windows
		SccLocalPath37 = Cosmos.Build.Windows
		SccProjectUniqueName38 = Cosmos.Demo.RemoteRocketLauncher\\Cosmos.Demo.RemoteRocketLauncher.csproj
		SccProjectTopLevelParentUniqueName38 = Cosmos.sln
		SccProjectName38 = Cosmos.Demo.RemoteRocketLauncher
		SccLocalPath38 = Cosmos.Demo.RemoteRocketLauncher
		SccProjectUniqueName39 = IL2CPU\\IL2CPU\\IL2CPU.csproj
		SccProjectTopLevelParentUniqueName39 = Cosmos.sln
		SccProjectName39 = IL2CPU/IL2CPU
		SccLocalPath39 = IL2CPU\\IL2CPU
		SccProjectUniqueName40 = Playgrounds\\Matthijs\\TestApp\\TestApp.csproj
		SccProjectTopLevelParentUniqueName40 = Cosmos.sln
		SccProjectName40 = Playgrounds/Matthijs/TestApp
		SccLocalPath40 = Playgrounds\\Matthijs\\TestApp
		SccProjectUniqueName41 = Indy.IL2CPU.Tests\\Indy.IL2CPU.Tests.csproj
		SccProjectTopLevelParentUniqueName41 = Cosmos.sln
		SccProjectName41 = Indy.IL2CPU.Tests
		SccLocalPath41 = Indy.IL2CPU.Tests
		SccProjectUniqueName42 = TestKernels\\Cosmos.TestRunner\\Cosmos.TestRunner.csproj
		SccProjectTopLevelParentUniqueName42 = Cosmos.sln
		SccProjectName42 = TestKernels/Cosmos.TestRunner
		SccLocalPath42 = TestKernels\\Cosmos.TestRunner
		SccProjectUniqueName43 = Cosmos.TestKernelHelpers\\Cosmos.TestKernelHelpers.csproj
		SccProjectTopLevelParentUniqueName43 = Cosmos.sln
		SccProjectName43 = Cosmos.TestKernelHelpers
		SccLocalPath43 = Cosmos.TestKernelHelpers
		SccProjectUniqueName44 = TestKernels\\SimpleTest\\SimpleTest.csproj
		SccProjectTopLevelParentUniqueName44 = Cosmos.sln
		SccProjectName44 = TestKernels/SimpleTest
		SccLocalPath44 = TestKernels\\SimpleTest
	EndGlobalSection
	GlobalSection(SolutionConfigurationPlatforms) = preSolution
		Debug|Any CPU = Debug|Any CPU
		Release|Any CPU = Release|Any CPU
	EndGlobalSection
	GlobalSection(ProjectConfigurationPlatforms) = postSolution
		{21243B63-9CD0-4573-9C58-AF4B4AEF9D57}.Debug|Any CPU.ActiveCfg = Debug|Any CPU
		{21243B63-9CD0-4573-9C58-AF4B4AEF9D57}.Debug|Any CPU.Build.0 = Debug|Any CPU
		{21243B63-9CD0-4573-9C58-AF4B4AEF9D57}.Release|Any CPU.ActiveCfg = Release|Any CPU
		{21243B63-9CD0-4573-9C58-AF4B4AEF9D57}.Release|Any CPU.Build.0 = Release|Any CPU
		{3A0BAC46-1D4E-4E21-89CA-72903B9FCEB1}.Debug|Any CPU.ActiveCfg = Debug|Any CPU
		{3A0BAC46-1D4E-4E21-89CA-72903B9FCEB1}.Debug|Any CPU.Build.0 = Debug|Any CPU
		{3A0BAC46-1D4E-4E21-89CA-72903B9FCEB1}.Release|Any CPU.ActiveCfg = Release|Any CPU
		{3A0BAC46-1D4E-4E21-89CA-72903B9FCEB1}.Release|Any CPU.Build.0 = Release|Any CPU
		{E4A9F8F0-D0DC-465A-A64A-FE56504D397E}.Debug|Any CPU.ActiveCfg = Debug|Any CPU
		{E4A9F8F0-D0DC-465A-A64A-FE56504D397E}.Debug|Any CPU.Build.0 = Debug|Any CPU
		{E4A9F8F0-D0DC-465A-A64A-FE56504D397E}.Release|Any CPU.ActiveCfg = Release|Any CPU
		{E4A9F8F0-D0DC-465A-A64A-FE56504D397E}.Release|Any CPU.Build.0 = Release|Any CPU
		{CE50FE98-9AC4-4B4D-ADC7-31F6DCD28755}.Debug|Any CPU.ActiveCfg = Debug|Any CPU
		{CE50FE98-9AC4-4B4D-ADC7-31F6DCD28755}.Debug|Any CPU.Build.0 = Debug|Any CPU
		{CE50FE98-9AC4-4B4D-ADC7-31F6DCD28755}.Release|Any CPU.ActiveCfg = Release|Any CPU
		{CE50FE98-9AC4-4B4D-ADC7-31F6DCD28755}.Release|Any CPU.Build.0 = Release|Any CPU
		{B168BEDD-C6A6-4E7C-B9A5-0144286E9E42}.Debug|Any CPU.ActiveCfg = Debug|Any CPU
		{B168BEDD-C6A6-4E7C-B9A5-0144286E9E42}.Debug|Any CPU.Build.0 = Debug|Any CPU
		{B168BEDD-C6A6-4E7C-B9A5-0144286E9E42}.Release|Any CPU.ActiveCfg = Release|Any CPU
		{B168BEDD-C6A6-4E7C-B9A5-0144286E9E42}.Release|Any CPU.Build.0 = Release|Any CPU
		{A1F83D9F-2D44-4264-A08B-416797123018}.Debug|Any CPU.ActiveCfg = Debug|Any CPU
		{A1F83D9F-2D44-4264-A08B-416797123018}.Debug|Any CPU.Build.0 = Debug|Any CPU
		{A1F83D9F-2D44-4264-A08B-416797123018}.Release|Any CPU.ActiveCfg = Release|Any CPU
		{A1F83D9F-2D44-4264-A08B-416797123018}.Release|Any CPU.Build.0 = Release|Any CPU
		{7BAB58BF-E8A1-4623-B6BF-4B90A0505226}.Debug|Any CPU.ActiveCfg = Debug|Any CPU
		{7BAB58BF-E8A1-4623-B6BF-4B90A0505226}.Debug|Any CPU.Build.0 = Debug|Any CPU
		{7BAB58BF-E8A1-4623-B6BF-4B90A0505226}.Release|Any CPU.ActiveCfg = Release|Any CPU
		{7BAB58BF-E8A1-4623-B6BF-4B90A0505226}.Release|Any CPU.Build.0 = Release|Any CPU
		{1F0EDE86-F6D4-4355-9A97-10E90457770C}.Debug|Any CPU.ActiveCfg = Debug|Any CPU
		{1F0EDE86-F6D4-4355-9A97-10E90457770C}.Debug|Any CPU.Build.0 = Debug|Any CPU
		{1F0EDE86-F6D4-4355-9A97-10E90457770C}.Release|Any CPU.ActiveCfg = Release|Any CPU
		{1F0EDE86-F6D4-4355-9A97-10E90457770C}.Release|Any CPU.Build.0 = Release|Any CPU
		{E2C54C80-75F3-4249-93B4-0003A4AF705F}.Debug|Any CPU.ActiveCfg = Debug|Any CPU
		{E2C54C80-75F3-4249-93B4-0003A4AF705F}.Debug|Any CPU.Build.0 = Debug|Any CPU
		{E2C54C80-75F3-4249-93B4-0003A4AF705F}.Release|Any CPU.ActiveCfg = Release|Any CPU
		{E2C54C80-75F3-4249-93B4-0003A4AF705F}.Release|Any CPU.Build.0 = Release|Any CPU
		{C97DE890-58D2-41A1-86D0-A2E919E6DD80}.Debug|Any CPU.ActiveCfg = Debug|Any CPU
		{C97DE890-58D2-41A1-86D0-A2E919E6DD80}.Debug|Any CPU.Build.0 = Debug|Any CPU
		{C97DE890-58D2-41A1-86D0-A2E919E6DD80}.Release|Any CPU.ActiveCfg = Release|Any CPU
		{C97DE890-58D2-41A1-86D0-A2E919E6DD80}.Release|Any CPU.Build.0 = Release|Any CPU
		{FF431742-6490-46B8-A9F6-734477D0725D}.Debug|Any CPU.ActiveCfg = Debug|Any CPU
		{FF431742-6490-46B8-A9F6-734477D0725D}.Release|Any CPU.ActiveCfg = Release|Any CPU
		{5784365C-ED22-42EB-BB8A-F3E09428D5B8}.Debug|Any CPU.ActiveCfg = Debug|Any CPU
		{5784365C-ED22-42EB-BB8A-F3E09428D5B8}.Debug|Any CPU.Build.0 = Debug|Any CPU
		{5784365C-ED22-42EB-BB8A-F3E09428D5B8}.Release|Any CPU.ActiveCfg = Release|Any CPU
		{5784365C-ED22-42EB-BB8A-F3E09428D5B8}.Release|Any CPU.Build.0 = Release|Any CPU
		{26E45503-4490-4E38-A8C5-14159B25D6D1}.Debug|Any CPU.ActiveCfg = Debug|Any CPU
		{26E45503-4490-4E38-A8C5-14159B25D6D1}.Debug|Any CPU.Build.0 = Debug|Any CPU
		{26E45503-4490-4E38-A8C5-14159B25D6D1}.Release|Any CPU.ActiveCfg = Release|Any CPU
		{26E45503-4490-4E38-A8C5-14159B25D6D1}.Release|Any CPU.Build.0 = Release|Any CPU
		{605F8D53-66FA-4BEC-844E-F63209B855C9}.Debug|Any CPU.ActiveCfg = Debug|Any CPU
		{605F8D53-66FA-4BEC-844E-F63209B855C9}.Debug|Any CPU.Build.0 = Debug|Any CPU
		{605F8D53-66FA-4BEC-844E-F63209B855C9}.Release|Any CPU.ActiveCfg = Release|Any CPU
		{605F8D53-66FA-4BEC-844E-F63209B855C9}.Release|Any CPU.Build.0 = Release|Any CPU
		{8F2D5231-CDE5-48FA-9D26-D4305B01FD3C}.Debug|Any CPU.ActiveCfg = Debug|Any CPU
		{8F2D5231-CDE5-48FA-9D26-D4305B01FD3C}.Release|Any CPU.ActiveCfg = Release|Any CPU
		{8C566493-DBA5-45DD-93D4-89D4486CAAB6}.Debug|Any CPU.ActiveCfg = Debug|Any CPU
		{8C566493-DBA5-45DD-93D4-89D4486CAAB6}.Debug|Any CPU.Build.0 = Debug|Any CPU
		{8C566493-DBA5-45DD-93D4-89D4486CAAB6}.Release|Any CPU.ActiveCfg = Release|Any CPU
		{8C566493-DBA5-45DD-93D4-89D4486CAAB6}.Release|Any CPU.Build.0 = Release|Any CPU
		{DA1DFD9E-B80C-4304-BCBA-B313255F6B01}.Debug|Any CPU.ActiveCfg = Debug|Any CPU
		{DA1DFD9E-B80C-4304-BCBA-B313255F6B01}.Debug|Any CPU.Build.0 = Debug|Any CPU
		{DA1DFD9E-B80C-4304-BCBA-B313255F6B01}.Release|Any CPU.ActiveCfg = Release|Any CPU
		{DA1DFD9E-B80C-4304-BCBA-B313255F6B01}.Release|Any CPU.Build.0 = Release|Any CPU
		{5C293BB9-FB42-495E-AAD9-D15888631CA4}.Debug|Any CPU.ActiveCfg = Debug|Any CPU
		{5C293BB9-FB42-495E-AAD9-D15888631CA4}.Debug|Any CPU.Build.0 = Debug|Any CPU
		{5C293BB9-FB42-495E-AAD9-D15888631CA4}.Release|Any CPU.ActiveCfg = Release|Any CPU
		{5C293BB9-FB42-495E-AAD9-D15888631CA4}.Release|Any CPU.Build.0 = Release|Any CPU
		{1240EAB3-D6B1-463A-BA83-436607A1F18E}.Debug|Any CPU.ActiveCfg = Debug|Any CPU
		{1240EAB3-D6B1-463A-BA83-436607A1F18E}.Debug|Any CPU.Build.0 = Debug|Any CPU
		{1240EAB3-D6B1-463A-BA83-436607A1F18E}.Release|Any CPU.ActiveCfg = Release|Any CPU
		{1240EAB3-D6B1-463A-BA83-436607A1F18E}.Release|Any CPU.Build.0 = Release|Any CPU
		{F598F906-8F3B-4EC1-AB8F-A9CBD8EBBE21}.Debug|Any CPU.ActiveCfg = Debug|Any CPU
		{F598F906-8F3B-4EC1-AB8F-A9CBD8EBBE21}.Debug|Any CPU.Build.0 = Debug|Any CPU
		{F598F906-8F3B-4EC1-AB8F-A9CBD8EBBE21}.Release|Any CPU.ActiveCfg = Release|Any CPU
		{F598F906-8F3B-4EC1-AB8F-A9CBD8EBBE21}.Release|Any CPU.Build.0 = Release|Any CPU
		{819DB8FC-5DA1-461F-83C9-2F5C88088C94}.Debug|Any CPU.ActiveCfg = Debug|Any CPU
		{819DB8FC-5DA1-461F-83C9-2F5C88088C94}.Debug|Any CPU.Build.0 = Debug|Any CPU
		{819DB8FC-5DA1-461F-83C9-2F5C88088C94}.Release|Any CPU.ActiveCfg = Release|Any CPU
		{819DB8FC-5DA1-461F-83C9-2F5C88088C94}.Release|Any CPU.Build.0 = Release|Any CPU
		{BD36BB36-1F48-4C6F-91AC-D20FBC2BFA14}.Debug|Any CPU.ActiveCfg = Debug|Any CPU
		{BD36BB36-1F48-4C6F-91AC-D20FBC2BFA14}.Debug|Any CPU.Build.0 = Debug|Any CPU
		{BD36BB36-1F48-4C6F-91AC-D20FBC2BFA14}.Release|Any CPU.ActiveCfg = Release|Any CPU
		{BD36BB36-1F48-4C6F-91AC-D20FBC2BFA14}.Release|Any CPU.Build.0 = Release|Any CPU
		{C1025F9D-3D8D-4C4B-98A5-877EE50F37FE}.Debug|Any CPU.ActiveCfg = Debug|Any CPU
		{C1025F9D-3D8D-4C4B-98A5-877EE50F37FE}.Debug|Any CPU.Build.0 = Debug|Any CPU
		{C1025F9D-3D8D-4C4B-98A5-877EE50F37FE}.Release|Any CPU.ActiveCfg = Release|Any CPU
		{C1025F9D-3D8D-4C4B-98A5-877EE50F37FE}.Release|Any CPU.Build.0 = Release|Any CPU
		{1E31A694-81BB-4628-B704-DA190E7E94CA}.Debug|Any CPU.ActiveCfg = Debug|Any CPU
		{1E31A694-81BB-4628-B704-DA190E7E94CA}.Debug|Any CPU.Build.0 = Debug|Any CPU
		{1E31A694-81BB-4628-B704-DA190E7E94CA}.Release|Any CPU.ActiveCfg = Release|Any CPU
		{1E31A694-81BB-4628-B704-DA190E7E94CA}.Release|Any CPU.Build.0 = Release|Any CPU
		{30057B5B-8BEE-4712-8243-9A42DF8A0C76}.Debug|Any CPU.ActiveCfg = Debug|Any CPU
		{30057B5B-8BEE-4712-8243-9A42DF8A0C76}.Debug|Any CPU.Build.0 = Debug|Any CPU
		{30057B5B-8BEE-4712-8243-9A42DF8A0C76}.Release|Any CPU.ActiveCfg = Release|Any CPU
		{30057B5B-8BEE-4712-8243-9A42DF8A0C76}.Release|Any CPU.Build.0 = Release|Any CPU
		{86689365-73B3-4AF5-9E63-4BC2D2C4DC85}.Debug|Any CPU.ActiveCfg = Debug|Any CPU
		{86689365-73B3-4AF5-9E63-4BC2D2C4DC85}.Debug|Any CPU.Build.0 = Debug|Any CPU
		{86689365-73B3-4AF5-9E63-4BC2D2C4DC85}.Release|Any CPU.ActiveCfg = Release|Any CPU
		{86689365-73B3-4AF5-9E63-4BC2D2C4DC85}.Release|Any CPU.Build.0 = Release|Any CPU
		{6110AD07-EB07-4A99-BB73-7A69AF5732F1}.Debug|Any CPU.ActiveCfg = Debug|Any CPU
		{6110AD07-EB07-4A99-BB73-7A69AF5732F1}.Debug|Any CPU.Build.0 = Debug|Any CPU
		{6110AD07-EB07-4A99-BB73-7A69AF5732F1}.Release|Any CPU.ActiveCfg = Release|Any CPU
		{6110AD07-EB07-4A99-BB73-7A69AF5732F1}.Release|Any CPU.Build.0 = Release|Any CPU
		{1325C57A-B64D-4DE9-9FA0-5C0C5464D85D}.Debug|Any CPU.ActiveCfg = Debug|Any CPU
		{1325C57A-B64D-4DE9-9FA0-5C0C5464D85D}.Debug|Any CPU.Build.0 = Debug|Any CPU
		{1325C57A-B64D-4DE9-9FA0-5C0C5464D85D}.Release|Any CPU.ActiveCfg = Release|Any CPU
		{1325C57A-B64D-4DE9-9FA0-5C0C5464D85D}.Release|Any CPU.Build.0 = Release|Any CPU
		{D5FAEE65-F23D-40A4-9F03-1928A3C3F81B}.Debug|Any CPU.ActiveCfg = Debug|Any CPU
		{D5FAEE65-F23D-40A4-9F03-1928A3C3F81B}.Debug|Any CPU.Build.0 = Debug|Any CPU
		{D5FAEE65-F23D-40A4-9F03-1928A3C3F81B}.Release|Any CPU.ActiveCfg = Release|Any CPU
		{D5FAEE65-F23D-40A4-9F03-1928A3C3F81B}.Release|Any CPU.Build.0 = Release|Any CPU
		{77DE5600-A012-49E5-8877-67CDB0304B0A}.Debug|Any CPU.ActiveCfg = Debug|Any CPU
		{77DE5600-A012-49E5-8877-67CDB0304B0A}.Debug|Any CPU.Build.0 = Debug|Any CPU
		{77DE5600-A012-49E5-8877-67CDB0304B0A}.Release|Any CPU.ActiveCfg = Release|Any CPU
		{77DE5600-A012-49E5-8877-67CDB0304B0A}.Release|Any CPU.Build.0 = Release|Any CPU
		{F215BFCA-3280-497B-B186-2E097DFB4551}.Debug|Any CPU.ActiveCfg = Debug|Any CPU
		{F215BFCA-3280-497B-B186-2E097DFB4551}.Debug|Any CPU.Build.0 = Debug|Any CPU
		{F215BFCA-3280-497B-B186-2E097DFB4551}.Release|Any CPU.ActiveCfg = Release|Any CPU
		{F215BFCA-3280-497B-B186-2E097DFB4551}.Release|Any CPU.Build.0 = Release|Any CPU
		{301BAFD2-D15B-4B95-8C59-65D7D0390A76}.Debug|Any CPU.ActiveCfg = Debug|Any CPU
		{301BAFD2-D15B-4B95-8C59-65D7D0390A76}.Debug|Any CPU.Build.0 = Debug|Any CPU
		{301BAFD2-D15B-4B95-8C59-65D7D0390A76}.Release|Any CPU.ActiveCfg = Release|Any CPU
		{301BAFD2-D15B-4B95-8C59-65D7D0390A76}.Release|Any CPU.Build.0 = Release|Any CPU
		{5DC4FE9C-A91A-42C1-A18B-B28E8388A8C4}.Debug|Any CPU.ActiveCfg = Debug|Any CPU
		{5DC4FE9C-A91A-42C1-A18B-B28E8388A8C4}.Debug|Any CPU.Build.0 = Debug|Any CPU
		{5DC4FE9C-A91A-42C1-A18B-B28E8388A8C4}.Release|Any CPU.ActiveCfg = Release|Any CPU
		{5DC4FE9C-A91A-42C1-A18B-B28E8388A8C4}.Release|Any CPU.Build.0 = Release|Any CPU
		{BCB66614-20FE-4184-B214-FD42844AD8A6}.Debug|Any CPU.ActiveCfg = Debug|Any CPU
		{BCB66614-20FE-4184-B214-FD42844AD8A6}.Debug|Any CPU.Build.0 = Debug|Any CPU
		{BCB66614-20FE-4184-B214-FD42844AD8A6}.Release|Any CPU.ActiveCfg = Release|Any CPU
		{BCB66614-20FE-4184-B214-FD42844AD8A6}.Release|Any CPU.Build.0 = Release|Any CPU
		{A38CF66E-A15A-417E-B958-48EF357D7AB3}.Debug|Any CPU.ActiveCfg = Debug|Any CPU
		{A38CF66E-A15A-417E-B958-48EF357D7AB3}.Debug|Any CPU.Build.0 = Debug|Any CPU
		{A38CF66E-A15A-417E-B958-48EF357D7AB3}.Release|Any CPU.ActiveCfg = Release|Any CPU
		{A38CF66E-A15A-417E-B958-48EF357D7AB3}.Release|Any CPU.Build.0 = Release|Any CPU
		{A9B31697-9530-4D85-8123-0508A4E1EA70}.Debug|Any CPU.ActiveCfg = Debug|Any CPU
		{A9B31697-9530-4D85-8123-0508A4E1EA70}.Debug|Any CPU.Build.0 = Debug|Any CPU
		{A9B31697-9530-4D85-8123-0508A4E1EA70}.Release|Any CPU.ActiveCfg = Release|Any CPU
		{A9B31697-9530-4D85-8123-0508A4E1EA70}.Release|Any CPU.Build.0 = Release|Any CPU
		{9998B4EA-385E-4DA2-8905-2BBEB5B2C6E2}.Debug|Any CPU.ActiveCfg = Debug|Any CPU
		{9998B4EA-385E-4DA2-8905-2BBEB5B2C6E2}.Debug|Any CPU.Build.0 = Debug|Any CPU
		{9998B4EA-385E-4DA2-8905-2BBEB5B2C6E2}.Release|Any CPU.ActiveCfg = Release|Any CPU
		{9998B4EA-385E-4DA2-8905-2BBEB5B2C6E2}.Release|Any CPU.Build.0 = Release|Any CPU
		{1DDD56E7-84AB-47D3-82C9-77CACEA0F187}.Debug|Any CPU.ActiveCfg = Debug|Any CPU
		{1DDD56E7-84AB-47D3-82C9-77CACEA0F187}.Debug|Any CPU.Build.0 = Debug|Any CPU
		{1DDD56E7-84AB-47D3-82C9-77CACEA0F187}.Release|Any CPU.ActiveCfg = Release|Any CPU
		{1DDD56E7-84AB-47D3-82C9-77CACEA0F187}.Release|Any CPU.Build.0 = Release|Any CPU
		{8142656B-0A4B-4E05-BBE4-AA31CE7B18FA}.Debug|Any CPU.ActiveCfg = Debug|Any CPU
		{8142656B-0A4B-4E05-BBE4-AA31CE7B18FA}.Debug|Any CPU.Build.0 = Debug|Any CPU
		{8142656B-0A4B-4E05-BBE4-AA31CE7B18FA}.Release|Any CPU.ActiveCfg = Release|Any CPU
		{8142656B-0A4B-4E05-BBE4-AA31CE7B18FA}.Release|Any CPU.Build.0 = Release|Any CPU
		{8C747807-B159-41F0-A720-34EB159F55F5}.Debug|Any CPU.ActiveCfg = Debug|Any CPU
		{8C747807-B159-41F0-A720-34EB159F55F5}.Debug|Any CPU.Build.0 = Debug|Any CPU
		{8C747807-B159-41F0-A720-34EB159F55F5}.Release|Any CPU.ActiveCfg = Release|Any CPU
		{8C747807-B159-41F0-A720-34EB159F55F5}.Release|Any CPU.Build.0 = Release|Any CPU
		{014A572A-70CA-4BDE-80AF-A4F6F92DB1E3}.Debug|Any CPU.ActiveCfg = Debug|Any CPU
		{014A572A-70CA-4BDE-80AF-A4F6F92DB1E3}.Debug|Any CPU.Build.0 = Debug|Any CPU
		{014A572A-70CA-4BDE-80AF-A4F6F92DB1E3}.Release|Any CPU.ActiveCfg = Release|Any CPU
		{014A572A-70CA-4BDE-80AF-A4F6F92DB1E3}.Release|Any CPU.Build.0 = Release|Any CPU
		{94DA13DA-8F35-47EE-A2CA-72F36AEC2836}.Debug|Any CPU.ActiveCfg = Debug|Any CPU
		{94DA13DA-8F35-47EE-A2CA-72F36AEC2836}.Debug|Any CPU.Build.0 = Debug|Any CPU
		{94DA13DA-8F35-47EE-A2CA-72F36AEC2836}.Release|Any CPU.ActiveCfg = Release|Any CPU
		{94DA13DA-8F35-47EE-A2CA-72F36AEC2836}.Release|Any CPU.Build.0 = Release|Any CPU
		{C93F0CB0-9E3B-40CB-A6E5-9BE5FDA83338}.Debug|Any CPU.ActiveCfg = Debug|Any CPU
		{C93F0CB0-9E3B-40CB-A6E5-9BE5FDA83338}.Debug|Any CPU.Build.0 = Debug|Any CPU
		{C93F0CB0-9E3B-40CB-A6E5-9BE5FDA83338}.Release|Any CPU.ActiveCfg = Release|Any CPU
		{C93F0CB0-9E3B-40CB-A6E5-9BE5FDA83338}.Release|Any CPU.Build.0 = Release|Any CPU
		{4C9574DA-3DA5-4751-BE47-DABF9BCDBA5C}.Debug|Any CPU.ActiveCfg = Debug|Any CPU
		{4C9574DA-3DA5-4751-BE47-DABF9BCDBA5C}.Debug|Any CPU.Build.0 = Debug|Any CPU
		{4C9574DA-3DA5-4751-BE47-DABF9BCDBA5C}.Release|Any CPU.ActiveCfg = Release|Any CPU
		{4C9574DA-3DA5-4751-BE47-DABF9BCDBA5C}.Release|Any CPU.Build.0 = Release|Any CPU
	EndGlobalSection
	GlobalSection(SolutionProperties) = preSolution
		HideSolutionNode = FALSE
	EndGlobalSection
	GlobalSection(NestedProjects) = preSolution
		{3A0BAC46-1D4E-4E21-89CA-72903B9FCEB1} = {4070490F-A3FD-4E97-A89D-A1C96EF7BD37}
		{21243B63-9CD0-4573-9C58-AF4B4AEF9D57} = {4070490F-A3FD-4E97-A89D-A1C96EF7BD37}
		{1F0EDE86-F6D4-4355-9A97-10E90457770C} = {4070490F-A3FD-4E97-A89D-A1C96EF7BD37}
		{9998B4EA-385E-4DA2-8905-2BBEB5B2C6E2} = {4070490F-A3FD-4E97-A89D-A1C96EF7BD37}
		{8142656B-0A4B-4E05-BBE4-AA31CE7B18FA} = {4070490F-A3FD-4E97-A89D-A1C96EF7BD37}
		{BE896274-5F06-430F-AAC4-D74CAEEB28F5} = {4070490F-A3FD-4E97-A89D-A1C96EF7BD37}
		{6F91B8C3-1A78-49D7-B915-F13EDFDAFDB3} = {21E68B7D-F1DC-46E2-9CFA-0A7C6D77D42E}
		{4DE8EC69-B412-41C4-BCD9-1E032984E888} = {21E68B7D-F1DC-46E2-9CFA-0A7C6D77D42E}
		{EBF602FE-8AFC-408D-A9F1-560C35651090} = {21E68B7D-F1DC-46E2-9CFA-0A7C6D77D42E}
		{F18343D8-D22D-485B-A583-83C09A0C92B1} = {0D558E33-78B0-47DB-B5EF-B7C2F3114D75}
		{B168BEDD-C6A6-4E7C-B9A5-0144286E9E42} = {0D558E33-78B0-47DB-B5EF-B7C2F3114D75}
		{A1F83D9F-2D44-4264-A08B-416797123018} = {0D558E33-78B0-47DB-B5EF-B7C2F3114D75}
		{0CB1AFCD-F3D2-48A6-A6D1-103F6364B666} = {0D558E33-78B0-47DB-B5EF-B7C2F3114D75}
		{BCB66614-20FE-4184-B214-FD42844AD8A6} = {F18343D8-D22D-485B-A583-83C09A0C92B1}
		{CE50FE98-9AC4-4B4D-ADC7-31F6DCD28755} = {F18343D8-D22D-485B-A583-83C09A0C92B1}
		{7BAB58BF-E8A1-4623-B6BF-4B90A0505226} = {E16DB75B-0F1D-4813-9103-F8FB6E7BAE2A}
		{5784365C-ED22-42EB-BB8A-F3E09428D5B8} = {E16DB75B-0F1D-4813-9103-F8FB6E7BAE2A}
		{26E45503-4490-4E38-A8C5-14159B25D6D1} = {E16DB75B-0F1D-4813-9103-F8FB6E7BAE2A}
		{BD36BB36-1F48-4C6F-91AC-D20FBC2BFA14} = {E16DB75B-0F1D-4813-9103-F8FB6E7BAE2A}
		{E2C54C80-75F3-4249-93B4-0003A4AF705F} = {6F91B8C3-1A78-49D7-B915-F13EDFDAFDB3}
		{C97DE890-58D2-41A1-86D0-A2E919E6DD80} = {6F91B8C3-1A78-49D7-B915-F13EDFDAFDB3}
		{E4A9F8F0-D0DC-465A-A64A-FE56504D397E} = {6F91B8C3-1A78-49D7-B915-F13EDFDAFDB3}
		{301BAFD2-D15B-4B95-8C59-65D7D0390A76} = {6F91B8C3-1A78-49D7-B915-F13EDFDAFDB3}
		{A38CF66E-A15A-417E-B958-48EF357D7AB3} = {6F91B8C3-1A78-49D7-B915-F13EDFDAFDB3}
		{A9B31697-9530-4D85-8123-0508A4E1EA70} = {6F91B8C3-1A78-49D7-B915-F13EDFDAFDB3}
		{1DDD56E7-84AB-47D3-82C9-77CACEA0F187} = {6F91B8C3-1A78-49D7-B915-F13EDFDAFDB3}
		{8F2D5231-CDE5-48FA-9D26-D4305B01FD3C} = {4DE8EC69-B412-41C4-BCD9-1E032984E888}
		{FF431742-6490-46B8-A9F6-734477D0725D} = {4DE8EC69-B412-41C4-BCD9-1E032984E888}
		{C1025F9D-3D8D-4C4B-98A5-877EE50F37FE} = {4DE8EC69-B412-41C4-BCD9-1E032984E888}
		{B2F8734A-DA5C-4F65-BD67-B9E717DC510E} = {EBF602FE-8AFC-408D-A9F1-560C35651090}
		{8C566493-DBA5-45DD-93D4-89D4486CAAB6} = {EBF602FE-8AFC-408D-A9F1-560C35651090}
		{55682BBB-A596-4C97-BED5-8BCCBAD81439} = {EBF602FE-8AFC-408D-A9F1-560C35651090}
		{1240EAB3-D6B1-463A-BA83-436607A1F18E} = {EBF602FE-8AFC-408D-A9F1-560C35651090}
		{F598F906-8F3B-4EC1-AB8F-A9CBD8EBBE21} = {EBF602FE-8AFC-408D-A9F1-560C35651090}
		{9AB7CE5D-C1E5-49AD-9CCB-53863FBCDFAF} = {EBF602FE-8AFC-408D-A9F1-560C35651090}
		{079D6377-44C2-4155-B73A-E634E8F1BF6E} = {EBF602FE-8AFC-408D-A9F1-560C35651090}
		{97AC0D14-645F-4BC2-B5A6-A4CA1C6198D4} = {EBF602FE-8AFC-408D-A9F1-560C35651090}
		{77DE5600-A012-49E5-8877-67CDB0304B0A} = {EBF602FE-8AFC-408D-A9F1-560C35651090}
		{5DC4FE9C-A91A-42C1-A18B-B28E8388A8C4} = {EBF602FE-8AFC-408D-A9F1-560C35651090}
		{605F8D53-66FA-4BEC-844E-F63209B855C9} = {B2F8734A-DA5C-4F65-BD67-B9E717DC510E}
		{8C747807-B159-41F0-A720-34EB159F55F5} = {B2F8734A-DA5C-4F65-BD67-B9E717DC510E}
		{DA1DFD9E-B80C-4304-BCBA-B313255F6B01} = {55682BBB-A596-4C97-BED5-8BCCBAD81439}
		{819DB8FC-5DA1-461F-83C9-2F5C88088C94} = {0CB1AFCD-F3D2-48A6-A6D1-103F6364B666}
		{6110AD07-EB07-4A99-BB73-7A69AF5732F1} = {0CB1AFCD-F3D2-48A6-A6D1-103F6364B666}
		{5C293BB9-FB42-495E-AAD9-D15888631CA4} = {0CB1AFCD-F3D2-48A6-A6D1-103F6364B666}
		{1E31A694-81BB-4628-B704-DA190E7E94CA} = {9AB7CE5D-C1E5-49AD-9CCB-53863FBCDFAF}
		{30057B5B-8BEE-4712-8243-9A42DF8A0C76} = {9AB7CE5D-C1E5-49AD-9CCB-53863FBCDFAF}
		{86689365-73B3-4AF5-9E63-4BC2D2C4DC85} = {079D6377-44C2-4155-B73A-E634E8F1BF6E}
		{D5FAEE65-F23D-40A4-9F03-1928A3C3F81B} = {079D6377-44C2-4155-B73A-E634E8F1BF6E}
		{1325C57A-B64D-4DE9-9FA0-5C0C5464D85D} = {97AC0D14-645F-4BC2-B5A6-A4CA1C6198D4}
		{F215BFCA-3280-497B-B186-2E097DFB4551} = {232C5793-FC68-4617-9BB0-2059B6C48784}
		{014A572A-70CA-4BDE-80AF-A4F6F92DB1E3} = {BE896274-5F06-430F-AAC4-D74CAEEB28F5}
		{D508601F-A6A6-4F6C-9C45-0B660F6D0189} = {94175DA3-84AF-4DBD-9B2A-791DD0F0BC13}
		{4C9574DA-3DA5-4751-BE47-DABF9BCDBA5C} = {94175DA3-84AF-4DBD-9B2A-791DD0F0BC13}
		{94DA13DA-8F35-47EE-A2CA-72F36AEC2836} = {D508601F-A6A6-4F6C-9C45-0B660F6D0189}
		{C93F0CB0-9E3B-40CB-A6E5-9BE5FDA83338} = {D508601F-A6A6-4F6C-9C45-0B660F6D0189}
	EndGlobalSection
EndGlobal
